
Microsoft Visual Studio Solution File, Format Version 12.00
# Visual Studio 2012
VisualStudioVersion = 12.0.31101.0
MinimumVisualStudioVersion = 10.0.40219.1
Project("{FAE04EC0-301F-11D3-BF4B-00C04F79EFBC}") = "Images", "Images\Images.csproj", "{45A86D4D-8D22-4C55-A6A6-DD537C52AF33}"
EndProject
Project("{FAE04EC0-301F-11D3-BF4B-00C04F79EFBC}") = "Images.iOS", "Images.iOS\Images.iOS.csproj", "{B3C3842C-8919-4308-B01D-7288B59C0100}"
EndProject
Project("{FAE04EC0-301F-11D3-BF4B-00C04F79EFBC}") = "Images.Android", "Images.Android\Images.Android.csproj", "{1625FA2F-9194-4247-A802-E2905AE40EB3}"
EndProject
Project("{FAE04EC0-301F-11D3-BF4B-00C04F79EFBC}") = "Images.WinPhone", "Images.WinPhone\Images.WinPhone.csproj", "{DDC33789-544E-4716-B72A-969A9F5FEFB5}"
EndProject
Project("{2150E333-8FDC-42A3-9474-1A3956D46DE8}") = ".nuget", ".nuget", "{88BAAE2B-DD44-404A-ABAE-338E749D640A}"
	ProjectSection(SolutionItems) = preProject
		.nuget\NuGet.Config = .nuget\NuGet.Config
		.nuget\NuGet.exe = .nuget\NuGet.exe
		.nuget\NuGet.targets = .nuget\NuGet.targets
	EndProjectSection
EndProject
Project("{2150E333-8FDC-42A3-9474-1A3956D46DE8}") = "HolisticWare.Mobile.UI.XamarinForms", "HolisticWare.Mobile.UI.XamarinForms", "{1DDA8394-40A7-4B3E-A5C6-2E678C6A0735}"
EndProject
Project("{FAE04EC0-301F-11D3-BF4B-00C04F79EFBC}") = "HolisticWare.Mobile.UI.XamarinForms.Images", "..\..\..\..\..\HolisticWare.Mobile-Repositories-Collection\HolisticWare.Mobile.UI.XamarinForms.Images\HolisticWare.Mobile.UI.XamarinForms.Images\HolisticWare.Mobile.UI.XamarinForms.Images.csproj", "{67F9D3A8-F71E-4428-913F-C37AE82CDB24}"
EndProject
Project("{FAE04EC0-301F-11D3-BF4B-00C04F79EFBC}") = "HolisticWare.Mobile.UI.XamarinForms", "..\..\..\..\..\HolisticWare.Mobile-Repositories-Collection\HolisticWare.Mobile.UI.XamarinForms.Images\HolisticWare.Mobile.UI.XamarinForms\HolisticWare.Mobile.UI.XamarinForms.csproj", "{7666A81C-2ED4-4D4F-92FC-3B3C06D56194}"
EndProject
Global
	GlobalSection(SolutionConfigurationPlatforms) = preSolution
		Ad-Hoc|Any CPU = Ad-Hoc|Any CPU
		Ad-Hoc|ARM = Ad-Hoc|ARM
		Ad-Hoc|iPhone = Ad-Hoc|iPhone
		Ad-Hoc|iPhoneSimulator = Ad-Hoc|iPhoneSimulator
		Ad-Hoc|Mixed Platforms = Ad-Hoc|Mixed Platforms
		Ad-Hoc|x86 = Ad-Hoc|x86
		AppStore|Any CPU = AppStore|Any CPU
		AppStore|ARM = AppStore|ARM
		AppStore|iPhone = AppStore|iPhone
		AppStore|iPhoneSimulator = AppStore|iPhoneSimulator
		AppStore|Mixed Platforms = AppStore|Mixed Platforms
		AppStore|x86 = AppStore|x86
		Debug|Any CPU = Debug|Any CPU
		Debug|ARM = Debug|ARM
		Debug|iPhone = Debug|iPhone
		Debug|iPhoneSimulator = Debug|iPhoneSimulator
		Debug|Mixed Platforms = Debug|Mixed Platforms
		Debug|x86 = Debug|x86
		Release|Any CPU = Release|Any CPU
		Release|ARM = Release|ARM
		Release|iPhone = Release|iPhone
		Release|iPhoneSimulator = Release|iPhoneSimulator
		Release|Mixed Platforms = Release|Mixed Platforms
		Release|x86 = Release|x86
	EndGlobalSection
	GlobalSection(ProjectConfigurationPlatforms) = postSolution
		{1625FA2F-9194-4247-A802-E2905AE40EB3}.Ad-Hoc|Any CPU.ActiveCfg = Release|Any CPU
		{1625FA2F-9194-4247-A802-E2905AE40EB3}.Ad-Hoc|Any CPU.Deploy.0 = Release|Any CPU
		{1625FA2F-9194-4247-A802-E2905AE40EB3}.Ad-Hoc|ARM.ActiveCfg = Release|Any CPU
		{1625FA2F-9194-4247-A802-E2905AE40EB3}.Ad-Hoc|iPhone.ActiveCfg = Release|Any CPU
		{1625FA2F-9194-4247-A802-E2905AE40EB3}.Ad-Hoc|iPhoneSimulator.ActiveCfg = Release|Any CPU
		{1625FA2F-9194-4247-A802-E2905AE40EB3}.Ad-Hoc|Mixed Platforms.ActiveCfg = Release|Any CPU
		{1625FA2F-9194-4247-A802-E2905AE40EB3}.Ad-Hoc|Mixed Platforms.Build.0 = Release|Any CPU
		{1625FA2F-9194-4247-A802-E2905AE40EB3}.Ad-Hoc|Mixed Platforms.Deploy.0 = Release|Any CPU
		{1625FA2F-9194-4247-A802-E2905AE40EB3}.Ad-Hoc|x86.ActiveCfg = Release|Any CPU
		{1625FA2F-9194-4247-A802-E2905AE40EB3}.AppStore|Any CPU.ActiveCfg = Release|Any CPU
		{1625FA2F-9194-4247-A802-E2905AE40EB3}.AppStore|Any CPU.Build.0 = Release|Any CPU
		{1625FA2F-9194-4247-A802-E2905AE40EB3}.AppStore|Any CPU.Deploy.0 = Release|Any CPU
		{1625FA2F-9194-4247-A802-E2905AE40EB3}.AppStore|ARM.ActiveCfg = Release|Any CPU
		{1625FA2F-9194-4247-A802-E2905AE40EB3}.AppStore|iPhone.ActiveCfg = Release|Any CPU
		{1625FA2F-9194-4247-A802-E2905AE40EB3}.AppStore|iPhoneSimulator.ActiveCfg = Release|Any CPU
		{1625FA2F-9194-4247-A802-E2905AE40EB3}.AppStore|Mixed Platforms.ActiveCfg = Release|Any CPU
		{1625FA2F-9194-4247-A802-E2905AE40EB3}.AppStore|Mixed Platforms.Build.0 = Release|Any CPU
		{1625FA2F-9194-4247-A802-E2905AE40EB3}.AppStore|Mixed Platforms.Deploy.0 = Release|Any CPU
		{1625FA2F-9194-4247-A802-E2905AE40EB3}.AppStore|x86.ActiveCfg = Release|Any CPU
		{1625FA2F-9194-4247-A802-E2905AE40EB3}.Debug|Any CPU.ActiveCfg = Debug|Any CPU
		{1625FA2F-9194-4247-A802-E2905AE40EB3}.Debug|Any CPU.Build.0 = Debug|Any CPU
		{1625FA2F-9194-4247-A802-E2905AE40EB3}.Debug|Any CPU.Deploy.0 = Debug|Any CPU
		{1625FA2F-9194-4247-A802-E2905AE40EB3}.Debug|ARM.ActiveCfg = Debug|Any CPU
		{1625FA2F-9194-4247-A802-E2905AE40EB3}.Debug|iPhone.ActiveCfg = Debug|Any CPU
		{1625FA2F-9194-4247-A802-E2905AE40EB3}.Debug|iPhoneSimulator.ActiveCfg = Debug|Any CPU
		{1625FA2F-9194-4247-A802-E2905AE40EB3}.Debug|Mixed Platforms.ActiveCfg = Debug|Any CPU
		{1625FA2F-9194-4247-A802-E2905AE40EB3}.Debug|Mixed Platforms.Build.0 = Debug|Any CPU
		{1625FA2F-9194-4247-A802-E2905AE40EB3}.Debug|Mixed Platforms.Deploy.0 = Debug|Any CPU
		{1625FA2F-9194-4247-A802-E2905AE40EB3}.Debug|x86.ActiveCfg = Debug|Any CPU
		{1625FA2F-9194-4247-A802-E2905AE40EB3}.Release|Any CPU.ActiveCfg = Release|Any CPU
		{1625FA2F-9194-4247-A802-E2905AE40EB3}.Release|Any CPU.Build.0 = Release|Any CPU
		{1625FA2F-9194-4247-A802-E2905AE40EB3}.Release|Any CPU.Deploy.0 = Release|Any CPU
		{1625FA2F-9194-4247-A802-E2905AE40EB3}.Release|ARM.ActiveCfg = Release|Any CPU
		{1625FA2F-9194-4247-A802-E2905AE40EB3}.Release|iPhone.ActiveCfg = Release|Any CPU
		{1625FA2F-9194-4247-A802-E2905AE40EB3}.Release|iPhoneSimulator.ActiveCfg = Release|Any CPU
		{1625FA2F-9194-4247-A802-E2905AE40EB3}.Release|Mixed Platforms.ActiveCfg = Release|Any CPU
		{1625FA2F-9194-4247-A802-E2905AE40EB3}.Release|Mixed Platforms.Build.0 = Release|Any CPU
		{1625FA2F-9194-4247-A802-E2905AE40EB3}.Release|Mixed Platforms.Deploy.0 = Release|Any CPU
		{1625FA2F-9194-4247-A802-E2905AE40EB3}.Release|x86.ActiveCfg = Release|Any CPU
		{45A86D4D-8D22-4C55-A6A6-DD537C52AF33}.Ad-Hoc|Any CPU.ActiveCfg = Release|Any CPU
		{45A86D4D-8D22-4C55-A6A6-DD537C52AF33}.Ad-Hoc|Any CPU.Build.0 = Release|Any CPU
		{45A86D4D-8D22-4C55-A6A6-DD537C52AF33}.Ad-Hoc|ARM.ActiveCfg = Release|Any CPU
		{45A86D4D-8D22-4C55-A6A6-DD537C52AF33}.Ad-Hoc|iPhone.ActiveCfg = Release|Any CPU
		{45A86D4D-8D22-4C55-A6A6-DD537C52AF33}.Ad-Hoc|iPhone.Build.0 = Release|Any CPU
		{45A86D4D-8D22-4C55-A6A6-DD537C52AF33}.Ad-Hoc|iPhoneSimulator.ActiveCfg = Release|Any CPU
		{45A86D4D-8D22-4C55-A6A6-DD537C52AF33}.Ad-Hoc|iPhoneSimulator.Build.0 = Release|Any CPU
		{45A86D4D-8D22-4C55-A6A6-DD537C52AF33}.Ad-Hoc|Mixed Platforms.ActiveCfg = Release|Any CPU
		{45A86D4D-8D22-4C55-A6A6-DD537C52AF33}.Ad-Hoc|Mixed Platforms.Build.0 = Release|Any CPU
		{45A86D4D-8D22-4C55-A6A6-DD537C52AF33}.Ad-Hoc|x86.ActiveCfg = Release|Any CPU
		{45A86D4D-8D22-4C55-A6A6-DD537C52AF33}.Ad-Hoc|x86.Build.0 = Release|Any CPU
		{45A86D4D-8D22-4C55-A6A6-DD537C52AF33}.AppStore|Any CPU.ActiveCfg = Release|Any CPU
		{45A86D4D-8D22-4C55-A6A6-DD537C52AF33}.AppStore|Any CPU.Build.0 = Release|Any CPU
		{45A86D4D-8D22-4C55-A6A6-DD537C52AF33}.AppStore|ARM.ActiveCfg = Release|Any CPU
		{45A86D4D-8D22-4C55-A6A6-DD537C52AF33}.AppStore|iPhone.ActiveCfg = Release|Any CPU
		{45A86D4D-8D22-4C55-A6A6-DD537C52AF33}.AppStore|iPhone.Build.0 = Release|Any CPU
		{45A86D4D-8D22-4C55-A6A6-DD537C52AF33}.AppStore|iPhoneSimulator.ActiveCfg = Release|Any CPU
		{45A86D4D-8D22-4C55-A6A6-DD537C52AF33}.AppStore|iPhoneSimulator.Build.0 = Release|Any CPU
		{45A86D4D-8D22-4C55-A6A6-DD537C52AF33}.AppStore|Mixed Platforms.ActiveCfg = Release|Any CPU
		{45A86D4D-8D22-4C55-A6A6-DD537C52AF33}.AppStore|Mixed Platforms.Build.0 = Release|Any CPU
		{45A86D4D-8D22-4C55-A6A6-DD537C52AF33}.AppStore|x86.ActiveCfg = Release|Any CPU
		{45A86D4D-8D22-4C55-A6A6-DD537C52AF33}.AppStore|x86.Build.0 = Release|Any CPU
		{45A86D4D-8D22-4C55-A6A6-DD537C52AF33}.Debug|Any CPU.ActiveCfg = Debug|Any CPU
		{45A86D4D-8D22-4C55-A6A6-DD537C52AF33}.Debug|Any CPU.Build.0 = Debug|Any CPU
		{45A86D4D-8D22-4C55-A6A6-DD537C52AF33}.Debug|ARM.ActiveCfg = Debug|Any CPU
		{45A86D4D-8D22-4C55-A6A6-DD537C52AF33}.Debug|iPhone.ActiveCfg = Debug|Any CPU
		{45A86D4D-8D22-4C55-A6A6-DD537C52AF33}.Debug|iPhone.Build.0 = Debug|Any CPU
		{45A86D4D-8D22-4C55-A6A6-DD537C52AF33}.Debug|iPhoneSimulator.ActiveCfg = Debug|Any CPU
		{45A86D4D-8D22-4C55-A6A6-DD537C52AF33}.Debug|iPhoneSimulator.Build.0 = Debug|Any CPU
		{45A86D4D-8D22-4C55-A6A6-DD537C52AF33}.Debug|Mixed Platforms.ActiveCfg = Debug|Any CPU
		{45A86D4D-8D22-4C55-A6A6-DD537C52AF33}.Debug|Mixed Platforms.Build.0 = Debug|Any CPU
		{45A86D4D-8D22-4C55-A6A6-DD537C52AF33}.Debug|x86.ActiveCfg = Debug|Any CPU
		{45A86D4D-8D22-4C55-A6A6-DD537C52AF33}.Release|Any CPU.ActiveCfg = Release|Any CPU
		{45A86D4D-8D22-4C55-A6A6-DD537C52AF33}.Release|Any CPU.Build.0 = Release|Any CPU
		{45A86D4D-8D22-4C55-A6A6-DD537C52AF33}.Release|ARM.ActiveCfg = Release|Any CPU
		{45A86D4D-8D22-4C55-A6A6-DD537C52AF33}.Release|iPhone.ActiveCfg = Release|Any CPU
		{45A86D4D-8D22-4C55-A6A6-DD537C52AF33}.Release|iPhone.Build.0 = Release|Any CPU
		{45A86D4D-8D22-4C55-A6A6-DD537C52AF33}.Release|iPhoneSimulator.ActiveCfg = Release|Any CPU
		{45A86D4D-8D22-4C55-A6A6-DD537C52AF33}.Release|iPhoneSimulator.Build.0 = Release|Any CPU
		{45A86D4D-8D22-4C55-A6A6-DD537C52AF33}.Release|Mixed Platforms.ActiveCfg = Release|Any CPU
		{45A86D4D-8D22-4C55-A6A6-DD537C52AF33}.Release|Mixed Platforms.Build.0 = Release|Any CPU
		{45A86D4D-8D22-4C55-A6A6-DD537C52AF33}.Release|x86.ActiveCfg = Release|Any CPU
		{67F9D3A8-F71E-4428-913F-C37AE82CDB24}.Ad-Hoc|Any CPU.ActiveCfg = Release|Any CPU
		{67F9D3A8-F71E-4428-913F-C37AE82CDB24}.Ad-Hoc|Any CPU.Build.0 = Release|Any CPU
		{67F9D3A8-F71E-4428-913F-C37AE82CDB24}.Ad-Hoc|ARM.ActiveCfg = Release|Any CPU
		{67F9D3A8-F71E-4428-913F-C37AE82CDB24}.Ad-Hoc|iPhone.ActiveCfg = Release|Any CPU
		{67F9D3A8-F71E-4428-913F-C37AE82CDB24}.Ad-Hoc|iPhoneSimulator.ActiveCfg = Release|Any CPU
		{67F9D3A8-F71E-4428-913F-C37AE82CDB24}.Ad-Hoc|Mixed Platforms.ActiveCfg = Release|Any CPU
		{67F9D3A8-F71E-4428-913F-C37AE82CDB24}.Ad-Hoc|Mixed Platforms.Build.0 = Release|Any CPU
		{67F9D3A8-F71E-4428-913F-C37AE82CDB24}.Ad-Hoc|x86.ActiveCfg = Release|Any CPU
		{67F9D3A8-F71E-4428-913F-C37AE82CDB24}.AppStore|Any CPU.ActiveCfg = Release|Any CPU
		{67F9D3A8-F71E-4428-913F-C37AE82CDB24}.AppStore|Any CPU.Build.0 = Release|Any CPU
		{67F9D3A8-F71E-4428-913F-C37AE82CDB24}.AppStore|ARM.ActiveCfg = Release|Any CPU
		{67F9D3A8-F71E-4428-913F-C37AE82CDB24}.AppStore|iPhone.ActiveCfg = Release|Any CPU
		{67F9D3A8-F71E-4428-913F-C37AE82CDB24}.AppStore|iPhoneSimulator.ActiveCfg = Release|Any CPU
		{67F9D3A8-F71E-4428-913F-C37AE82CDB24}.AppStore|Mixed Platforms.ActiveCfg = Release|Any CPU
		{67F9D3A8-F71E-4428-913F-C37AE82CDB24}.AppStore|Mixed Platforms.Build.0 = Release|Any CPU
		{67F9D3A8-F71E-4428-913F-C37AE82CDB24}.AppStore|x86.ActiveCfg = Release|Any CPU
		{67F9D3A8-F71E-4428-913F-C37AE82CDB24}.Debug|Any CPU.ActiveCfg = Debug|Any CPU
		{67F9D3A8-F71E-4428-913F-C37AE82CDB24}.Debug|Any CPU.Build.0 = Debug|Any CPU
		{67F9D3A8-F71E-4428-913F-C37AE82CDB24}.Debug|ARM.ActiveCfg = Debug|Any CPU
		{67F9D3A8-F71E-4428-913F-C37AE82CDB24}.Debug|iPhone.ActiveCfg = Debug|Any CPU
		{67F9D3A8-F71E-4428-913F-C37AE82CDB24}.Debug|iPhoneSimulator.ActiveCfg = Debug|Any CPU
		{67F9D3A8-F71E-4428-913F-C37AE82CDB24}.Debug|Mixed Platforms.ActiveCfg = Debug|Any CPU
		{67F9D3A8-F71E-4428-913F-C37AE82CDB24}.Debug|Mixed Platforms.Build.0 = Debug|Any CPU
		{67F9D3A8-F71E-4428-913F-C37AE82CDB24}.Debug|x86.ActiveCfg = Debug|Any CPU
		{67F9D3A8-F71E-4428-913F-C37AE82CDB24}.Release|Any CPU.ActiveCfg = Release|Any CPU
		{67F9D3A8-F71E-4428-913F-C37AE82CDB24}.Release|Any CPU.Build.0 = Release|Any CPU
		{67F9D3A8-F71E-4428-913F-C37AE82CDB24}.Release|ARM.ActiveCfg = Release|Any CPU
		{67F9D3A8-F71E-4428-913F-C37AE82CDB24}.Release|iPhone.ActiveCfg = Release|Any CPU
		{67F9D3A8-F71E-4428-913F-C37AE82CDB24}.Release|iPhoneSimulator.ActiveCfg = Release|Any CPU
		{67F9D3A8-F71E-4428-913F-C37AE82CDB24}.Release|Mixed Platforms.ActiveCfg = Release|Any CPU
		{67F9D3A8-F71E-4428-913F-C37AE82CDB24}.Release|Mixed Platforms.Build.0 = Release|Any CPU
		{67F9D3A8-F71E-4428-913F-C37AE82CDB24}.Release|x86.ActiveCfg = Release|Any CPU
		{7666A81C-2ED4-4D4F-92FC-3B3C06D56194}.Ad-Hoc|Any CPU.ActiveCfg = Release|Any CPU
		{7666A81C-2ED4-4D4F-92FC-3B3C06D56194}.Ad-Hoc|Any CPU.Build.0 = Release|Any CPU
		{7666A81C-2ED4-4D4F-92FC-3B3C06D56194}.Ad-Hoc|ARM.ActiveCfg = Release|Any CPU
		{7666A81C-2ED4-4D4F-92FC-3B3C06D56194}.Ad-Hoc|iPhone.ActiveCfg = Release|Any CPU
		{7666A81C-2ED4-4D4F-92FC-3B3C06D56194}.Ad-Hoc|iPhoneSimulator.ActiveCfg = Release|Any CPU
		{7666A81C-2ED4-4D4F-92FC-3B3C06D56194}.Ad-Hoc|Mixed Platforms.ActiveCfg = Release|Any CPU
		{7666A81C-2ED4-4D4F-92FC-3B3C06D56194}.Ad-Hoc|Mixed Platforms.Build.0 = Release|Any CPU
		{7666A81C-2ED4-4D4F-92FC-3B3C06D56194}.Ad-Hoc|x86.ActiveCfg = Release|Any CPU
		{7666A81C-2ED4-4D4F-92FC-3B3C06D56194}.AppStore|Any CPU.ActiveCfg = Release|Any CPU
		{7666A81C-2ED4-4D4F-92FC-3B3C06D56194}.AppStore|Any CPU.Build.0 = Release|Any CPU
		{7666A81C-2ED4-4D4F-92FC-3B3C06D56194}.AppStore|ARM.ActiveCfg = Release|Any CPU
		{7666A81C-2ED4-4D4F-92FC-3B3C06D56194}.AppStore|iPhone.ActiveCfg = Release|Any CPU
		{7666A81C-2ED4-4D4F-92FC-3B3C06D56194}.AppStore|iPhoneSimulator.ActiveCfg = Release|Any CPU
		{7666A81C-2ED4-4D4F-92FC-3B3C06D56194}.AppStore|Mixed Platforms.ActiveCfg = Release|Any CPU
		{7666A81C-2ED4-4D4F-92FC-3B3C06D56194}.AppStore|Mixed Platforms.Build.0 = Release|Any CPU
		{7666A81C-2ED4-4D4F-92FC-3B3C06D56194}.AppStore|x86.ActiveCfg = Release|Any CPU
		{7666A81C-2ED4-4D4F-92FC-3B3C06D56194}.Debug|Any CPU.ActiveCfg = Debug|Any CPU
		{7666A81C-2ED4-4D4F-92FC-3B3C06D56194}.Debug|Any CPU.Build.0 = Debug|Any CPU
		{7666A81C-2ED4-4D4F-92FC-3B3C06D56194}.Debug|ARM.ActiveCfg = Debug|Any CPU
		{7666A81C-2ED4-4D4F-92FC-3B3C06D56194}.Debug|iPhone.ActiveCfg = Debug|Any CPU
		{7666A81C-2ED4-4D4F-92FC-3B3C06D56194}.Debug|iPhoneSimulator.ActiveCfg = Debug|Any CPU
		{7666A81C-2ED4-4D4F-92FC-3B3C06D56194}.Debug|Mixed Platforms.ActiveCfg = Debug|Any CPU
		{7666A81C-2ED4-4D4F-92FC-3B3C06D56194}.Debug|x86.ActiveCfg = Debug|Any CPU
		{7666A81C-2ED4-4D4F-92FC-3B3C06D56194}.Release|Any CPU.ActiveCfg = Release|Any CPU
		{7666A81C-2ED4-4D4F-92FC-3B3C06D56194}.Release|Any CPU.Build.0 = Release|Any CPU
		{7666A81C-2ED4-4D4F-92FC-3B3C06D56194}.Release|ARM.ActiveCfg = Release|Any CPU
		{7666A81C-2ED4-4D4F-92FC-3B3C06D56194}.Release|iPhone.ActiveCfg = Release|Any CPU
		{7666A81C-2ED4-4D4F-92FC-3B3C06D56194}.Release|iPhoneSimulator.ActiveCfg = Release|Any CPU
		{7666A81C-2ED4-4D4F-92FC-3B3C06D56194}.Release|Mixed Platforms.ActiveCfg = Release|Any CPU
		{7666A81C-2ED4-4D4F-92FC-3B3C06D56194}.Release|Mixed Platforms.Build.0 = Release|Any CPU
		{7666A81C-2ED4-4D4F-92FC-3B3C06D56194}.Release|x86.ActiveCfg = Release|Any CPU
		{B3C3842C-8919-4308-B01D-7288B59C0100}.Ad-Hoc|Any CPU.ActiveCfg = Ad-Hoc|iPhone
		{B3C3842C-8919-4308-B01D-7288B59C0100}.Ad-Hoc|Any CPU.Build.0 = Ad-Hoc|iPhone
		{B3C3842C-8919-4308-B01D-7288B59C0100}.Ad-Hoc|ARM.ActiveCfg = Ad-Hoc|iPhone
		{B3C3842C-8919-4308-B01D-7288B59C0100}.Ad-Hoc|iPhone.ActiveCfg = Ad-Hoc|iPhone
		{B3C3842C-8919-4308-B01D-7288B59C0100}.Ad-Hoc|iPhone.Build.0 = Ad-Hoc|iPhone
		{B3C3842C-8919-4308-B01D-7288B59C0100}.Ad-Hoc|iPhoneSimulator.ActiveCfg = Ad-Hoc|iPhoneSimulator
		{B3C3842C-8919-4308-B01D-7288B59C0100}.Ad-Hoc|iPhoneSimulator.Build.0 = Ad-Hoc|iPhoneSimulator
		{B3C3842C-8919-4308-B01D-7288B59C0100}.Ad-Hoc|Mixed Platforms.ActiveCfg = Ad-Hoc|iPhone
		{B3C3842C-8919-4308-B01D-7288B59C0100}.Ad-Hoc|Mixed Platforms.Build.0 = Ad-Hoc|iPhone
		{B3C3842C-8919-4308-B01D-7288B59C0100}.Ad-Hoc|x86.ActiveCfg = Ad-Hoc|iPhone
		{B3C3842C-8919-4308-B01D-7288B59C0100}.Ad-Hoc|x86.Build.0 = Ad-Hoc|iPhone
		{B3C3842C-8919-4308-B01D-7288B59C0100}.AppStore|Any CPU.ActiveCfg = AppStore|iPhone
		{B3C3842C-8919-4308-B01D-7288B59C0100}.AppStore|ARM.ActiveCfg = AppStore|iPhone
		{B3C3842C-8919-4308-B01D-7288B59C0100}.AppStore|iPhone.ActiveCfg = AppStore|iPhone
		{B3C3842C-8919-4308-B01D-7288B59C0100}.AppStore|iPhone.Build.0 = AppStore|iPhone
		{B3C3842C-8919-4308-B01D-7288B59C0100}.AppStore|iPhoneSimulator.ActiveCfg = AppStore|iPhoneSimulator
		{B3C3842C-8919-4308-B01D-7288B59C0100}.AppStore|iPhoneSimulator.Build.0 = AppStore|iPhoneSimulator
		{B3C3842C-8919-4308-B01D-7288B59C0100}.AppStore|Mixed Platforms.ActiveCfg = AppStore|iPhone
		{B3C3842C-8919-4308-B01D-7288B59C0100}.AppStore|Mixed Platforms.Build.0 = AppStore|iPhone
		{B3C3842C-8919-4308-B01D-7288B59C0100}.AppStore|x86.ActiveCfg = AppStore|iPhone
		{B3C3842C-8919-4308-B01D-7288B59C0100}.AppStore|x86.Build.0 = AppStore|iPhone
		{B3C3842C-8919-4308-B01D-7288B59C0100}.Debug|Any CPU.ActiveCfg = Debug|iPhone
		{B3C3842C-8919-4308-B01D-7288B59C0100}.Debug|ARM.ActiveCfg = Debug|iPhone
		{B3C3842C-8919-4308-B01D-7288B59C0100}.Debug|iPhone.ActiveCfg = Debug|iPhone
		{B3C3842C-8919-4308-B01D-7288B59C0100}.Debug|iPhone.Build.0 = Debug|iPhone
		{B3C3842C-8919-4308-B01D-7288B59C0100}.Debug|iPhoneSimulator.ActiveCfg = Debug|iPhoneSimulator
		{B3C3842C-8919-4308-B01D-7288B59C0100}.Debug|iPhoneSimulator.Build.0 = Debug|iPhoneSimulator
		{B3C3842C-8919-4308-B01D-7288B59C0100}.Debug|Mixed Platforms.ActiveCfg = Debug|iPhone
		{B3C3842C-8919-4308-B01D-7288B59C0100}.Debug|Mixed Platforms.Build.0 = Debug|iPhone
		{B3C3842C-8919-4308-B01D-7288B59C0100}.Debug|x86.ActiveCfg = Debug|iPhone
		{B3C3842C-8919-4308-B01D-7288B59C0100}.Release|Any CPU.ActiveCfg = Release|iPhone
		{B3C3842C-8919-4308-B01D-7288B59C0100}.Release|Any CPU.Build.0 = Release|iPhone
		{B3C3842C-8919-4308-B01D-7288B59C0100}.Release|ARM.ActiveCfg = Release|iPhone
		{B3C3842C-8919-4308-B01D-7288B59C0100}.Release|iPhone.ActiveCfg = Release|iPhone
		{B3C3842C-8919-4308-B01D-7288B59C0100}.Release|iPhone.Build.0 = Release|iPhone
		{B3C3842C-8919-4308-B01D-7288B59C0100}.Release|iPhoneSimulator.ActiveCfg = Release|iPhoneSimulator
		{B3C3842C-8919-4308-B01D-7288B59C0100}.Release|iPhoneSimulator.Build.0 = Release|iPhoneSimulator
		{B3C3842C-8919-4308-B01D-7288B59C0100}.Release|Mixed Platforms.ActiveCfg = Release|iPhone
		{B3C3842C-8919-4308-B01D-7288B59C0100}.Release|Mixed Platforms.Build.0 = Release|iPhone
		{B3C3842C-8919-4308-B01D-7288B59C0100}.Release|x86.ActiveCfg = Release|iPhone
		{DDC33789-544E-4716-B72A-969A9F5FEFB5}.Ad-Hoc|Any CPU.ActiveCfg = Release|Any CPU
		{DDC33789-544E-4716-B72A-969A9F5FEFB5}.Ad-Hoc|Any CPU.Build.0 = Release|Any CPU
		{DDC33789-544E-4716-B72A-969A9F5FEFB5}.Ad-Hoc|Any CPU.Deploy.0 = Release|Any CPU
		{DDC33789-544E-4716-B72A-969A9F5FEFB5}.Ad-Hoc|ARM.ActiveCfg = Release|ARM
		{DDC33789-544E-4716-B72A-969A9F5FEFB5}.Ad-Hoc|ARM.Build.0 = Release|ARM
		{DDC33789-544E-4716-B72A-969A9F5FEFB5}.Ad-Hoc|ARM.Deploy.0 = Release|ARM
		{DDC33789-544E-4716-B72A-969A9F5FEFB5}.Ad-Hoc|iPhone.ActiveCfg = Release|Any CPU
		{DDC33789-544E-4716-B72A-969A9F5FEFB5}.Ad-Hoc|iPhoneSimulator.ActiveCfg = Release|Any CPU
		{DDC33789-544E-4716-B72A-969A9F5FEFB5}.Ad-Hoc|Mixed Platforms.ActiveCfg = Release|x86
		{DDC33789-544E-4716-B72A-969A9F5FEFB5}.Ad-Hoc|Mixed Platforms.Build.0 = Release|x86
		{DDC33789-544E-4716-B72A-969A9F5FEFB5}.Ad-Hoc|Mixed Platforms.Deploy.0 = Release|x86
		{DDC33789-544E-4716-B72A-969A9F5FEFB5}.Ad-Hoc|x86.ActiveCfg = Release|x86
		{DDC33789-544E-4716-B72A-969A9F5FEFB5}.Ad-Hoc|x86.Build.0 = Release|x86
		{DDC33789-544E-4716-B72A-969A9F5FEFB5}.Ad-Hoc|x86.Deploy.0 = Release|x86
		{DDC33789-544E-4716-B72A-969A9F5FEFB5}.AppStore|Any CPU.ActiveCfg = Release|Any CPU
		{DDC33789-544E-4716-B72A-969A9F5FEFB5}.AppStore|Any CPU.Build.0 = Release|Any CPU
		{DDC33789-544E-4716-B72A-969A9F5FEFB5}.AppStore|Any CPU.Deploy.0 = Release|Any CPU
		{DDC33789-544E-4716-B72A-969A9F5FEFB5}.AppStore|ARM.ActiveCfg = Release|ARM
		{DDC33789-544E-4716-B72A-969A9F5FEFB5}.AppStore|ARM.Build.0 = Release|ARM
		{DDC33789-544E-4716-B72A-969A9F5FEFB5}.AppStore|ARM.Deploy.0 = Release|ARM
		{DDC33789-544E-4716-B72A-969A9F5FEFB5}.AppStore|iPhone.ActiveCfg = Release|Any CPU
		{DDC33789-544E-4716-B72A-969A9F5FEFB5}.AppStore|iPhoneSimulator.ActiveCfg = Release|Any CPU
		{DDC33789-544E-4716-B72A-969A9F5FEFB5}.AppStore|Mixed Platforms.ActiveCfg = Release|x86
		{DDC33789-544E-4716-B72A-969A9F5FEFB5}.AppStore|Mixed Platforms.Build.0 = Release|x86
		{DDC33789-544E-4716-B72A-969A9F5FEFB5}.AppStore|Mixed Platforms.Deploy.0 = Release|x86
		{DDC33789-544E-4716-B72A-969A9F5FEFB5}.AppStore|x86.ActiveCfg = Release|x86
		{DDC33789-544E-4716-B72A-969A9F5FEFB5}.AppStore|x86.Build.0 = Release|x86
		{DDC33789-544E-4716-B72A-969A9F5FEFB5}.AppStore|x86.Deploy.0 = Release|x86
		{DDC33789-544E-4716-B72A-969A9F5FEFB5}.Debug|Any CPU.ActiveCfg = Debug|Any CPU
		{DDC33789-544E-4716-B72A-969A9F5FEFB5}.Debug|Any CPU.Build.0 = Debug|Any CPU
		{DDC33789-544E-4716-B72A-969A9F5FEFB5}.Debug|Any CPU.Deploy.0 = Debug|Any CPU
		{DDC33789-544E-4716-B72A-969A9F5FEFB5}.Debug|ARM.ActiveCfg = Debug|ARM
		{DDC33789-544E-4716-B72A-969A9F5FEFB5}.Debug|ARM.Build.0 = Debug|ARM
		{DDC33789-544E-4716-B72A-969A9F5FEFB5}.Debug|ARM.Deploy.0 = Debug|ARM
		{DDC33789-544E-4716-B72A-969A9F5FEFB5}.Debug|iPhone.ActiveCfg = Debug|Any CPU
		{DDC33789-544E-4716-B72A-969A9F5FEFB5}.Debug|iPhoneSimulator.ActiveCfg = Debug|Any CPU
		{DDC33789-544E-4716-B72A-969A9F5FEFB5}.Debug|Mixed Platforms.ActiveCfg = Debug|x86
		{DDC33789-544E-4716-B72A-969A9F5FEFB5}.Debug|Mixed Platforms.Build.0 = Debug|x86
		{DDC33789-544E-4716-B72A-969A9F5FEFB5}.Debug|Mixed Platforms.Deploy.0 = Debug|x86
		{DDC33789-544E-4716-B72A-969A9F5FEFB5}.Debug|x86.ActiveCfg = Debug|x86
		{DDC33789-544E-4716-B72A-969A9F5FEFB5}.Debug|x86.Build.0 = Debug|x86
		{DDC33789-544E-4716-B72A-969A9F5FEFB5}.Debug|x86.Deploy.0 = Debug|x86
		{DDC33789-544E-4716-B72A-969A9F5FEFB5}.Release|Any CPU.ActiveCfg = Release|Any CPU
		{DDC33789-544E-4716-B72A-969A9F5FEFB5}.Release|Any CPU.Build.0 = Release|Any CPU
		{DDC33789-544E-4716-B72A-969A9F5FEFB5}.Release|Any CPU.Deploy.0 = Release|Any CPU
		{DDC33789-544E-4716-B72A-969A9F5FEFB5}.Release|ARM.ActiveCfg = Release|ARM
		{DDC33789-544E-4716-B72A-969A9F5FEFB5}.Release|ARM.Build.0 = Release|ARM
		{DDC33789-544E-4716-B72A-969A9F5FEFB5}.Release|ARM.Deploy.0 = Release|ARM
		{DDC33789-544E-4716-B72A-969A9F5FEFB5}.Release|iPhone.ActiveCfg = Release|Any CPU
		{DDC33789-544E-4716-B72A-969A9F5FEFB5}.Release|iPhoneSimulator.ActiveCfg = Release|Any CPU
		{DDC33789-544E-4716-B72A-969A9F5FEFB5}.Release|Mixed Platforms.ActiveCfg = Release|x86
		{DDC33789-544E-4716-B72A-969A9F5FEFB5}.Release|Mixed Platforms.Build.0 = Release|x86
		{DDC33789-544E-4716-B72A-969A9F5FEFB5}.Release|Mixed Platforms.Deploy.0 = Release|x86
		{DDC33789-544E-4716-B72A-969A9F5FEFB5}.Release|x86.ActiveCfg = Release|x86
		{DDC33789-544E-4716-B72A-969A9F5FEFB5}.Release|x86.Build.0 = Release|x86
		{DDC33789-544E-4716-B72A-969A9F5FEFB5}.Release|x86.Deploy.0 = Release|x86
	EndGlobalSection
	GlobalSection(NestedProjects) = preSolution
		{67F9D3A8-F71E-4428-913F-C37AE82CDB24} = {1DDA8394-40A7-4B3E-A5C6-2E678C6A0735}
		{7666A81C-2ED4-4D4F-92FC-3B3C06D56194} = {1DDA8394-40A7-4B3E-A5C6-2E678C6A0735}
	EndGlobalSection
	GlobalSection(SolutionProperties) = preSolution
		HideSolutionNode = FALSE
	EndGlobalSection
EndGlobal
