
Microsoft Visual Studio Solution File, Format Version 12.00
# Visual Studio 2010
Project("{FAE04EC0-301F-11D3-BF4B-00C04F79EFBC}") = "Xamarin.QuickUI.ControlGallery.Android", "Xamarin.QuickUI.ControlGallery.Android\Xamarin.QuickUI.ControlGallery.Android.csproj", "{1346A7F1-4457-4BB4-A371-2C8E28BBD53E}"
EndProject
Project("{FAE04EC0-301F-11D3-BF4B-00C04F79EFBC}") = "Xamarin.QuickUI.ControlGallery.iOS", "Xamarin.QuickUI.ControlGallery.iOS\Xamarin.QuickUI.ControlGallery.iOS.csproj", "{DEEC5844-D609-4F35-BCF0-5B71C91C8133}"
EndProject
Project("{FAE04EC0-301F-11D3-BF4B-00C04F79EFBC}") = "Xamarin.QuickUI.ControlGallery.WP7", "Xamarin.QuickUI.ControlGallery.WP7\Xamarin.QuickUI.ControlGallery.WP7.csproj", "{F7CE550C-7B0F-4DA9-A6BB-3ED1F8A7B551}"
EndProject
Global
	GlobalSection(SolutionConfigurationPlatforms) = preSolution
		Ad-Hoc|Any CPU = Ad-Hoc|Any CPU
		Ad-Hoc|iPhone = Ad-Hoc|iPhone
		Ad-Hoc|iPhoneSimulator = Ad-Hoc|iPhoneSimulator
		Ad-Hoc|Mixed Platforms = Ad-Hoc|Mixed Platforms
		AppStore|Any CPU = AppStore|Any CPU
		AppStore|iPhone = AppStore|iPhone
		AppStore|iPhoneSimulator = AppStore|iPhoneSimulator
		AppStore|Mixed Platforms = AppStore|Mixed Platforms
		Debug|Any CPU = Debug|Any CPU
		Debug|iPhone = Debug|iPhone
		Debug|iPhoneSimulator = Debug|iPhoneSimulator
		Debug|Mixed Platforms = Debug|Mixed Platforms
		Release|Any CPU = Release|Any CPU
		Release|iPhone = Release|iPhone
		Release|iPhoneSimulator = Release|iPhoneSimulator
		Release|Mixed Platforms = Release|Mixed Platforms
	EndGlobalSection
	GlobalSection(ProjectConfigurationPlatforms) = postSolution
		{1346A7F1-4457-4BB4-A371-2C8E28BBD53E}.Ad-Hoc|Any CPU.ActiveCfg = Release|Any CPU
		{1346A7F1-4457-4BB4-A371-2C8E28BBD53E}.Ad-Hoc|Any CPU.Build.0 = Release|Any CPU
		{1346A7F1-4457-4BB4-A371-2C8E28BBD53E}.Ad-Hoc|Any CPU.Deploy.0 = Release|Any CPU
		{1346A7F1-4457-4BB4-A371-2C8E28BBD53E}.Ad-Hoc|iPhone.ActiveCfg = Release|Any CPU
		{1346A7F1-4457-4BB4-A371-2C8E28BBD53E}.Ad-Hoc|iPhoneSimulator.ActiveCfg = Release|Any CPU
		{1346A7F1-4457-4BB4-A371-2C8E28BBD53E}.Ad-Hoc|Mixed Platforms.ActiveCfg = Release|Any CPU
		{1346A7F1-4457-4BB4-A371-2C8E28BBD53E}.Ad-Hoc|Mixed Platforms.Build.0 = Release|Any CPU
		{1346A7F1-4457-4BB4-A371-2C8E28BBD53E}.Ad-Hoc|Mixed Platforms.Deploy.0 = Release|Any CPU
		{1346A7F1-4457-4BB4-A371-2C8E28BBD53E}.AppStore|Any CPU.ActiveCfg = Release|Any CPU
		{1346A7F1-4457-4BB4-A371-2C8E28BBD53E}.AppStore|Any CPU.Build.0 = Release|Any CPU
		{1346A7F1-4457-4BB4-A371-2C8E28BBD53E}.AppStore|Any CPU.Deploy.0 = Release|Any CPU
		{1346A7F1-4457-4BB4-A371-2C8E28BBD53E}.AppStore|iPhone.ActiveCfg = Release|Any CPU
		{1346A7F1-4457-4BB4-A371-2C8E28BBD53E}.AppStore|iPhoneSimulator.ActiveCfg = Release|Any CPU
		{1346A7F1-4457-4BB4-A371-2C8E28BBD53E}.AppStore|Mixed Platforms.ActiveCfg = Release|Any CPU
		{1346A7F1-4457-4BB4-A371-2C8E28BBD53E}.AppStore|Mixed Platforms.Build.0 = Release|Any CPU
		{1346A7F1-4457-4BB4-A371-2C8E28BBD53E}.AppStore|Mixed Platforms.Deploy.0 = Release|Any CPU
		{1346A7F1-4457-4BB4-A371-2C8E28BBD53E}.Debug|Any CPU.ActiveCfg = Debug|Any CPU
		{1346A7F1-4457-4BB4-A371-2C8E28BBD53E}.Debug|Any CPU.Build.0 = Debug|Any CPU
		{1346A7F1-4457-4BB4-A371-2C8E28BBD53E}.Debug|Any CPU.Deploy.0 = Debug|Any CPU
		{1346A7F1-4457-4BB4-A371-2C8E28BBD53E}.Debug|iPhone.ActiveCfg = Debug|Any CPU
		{1346A7F1-4457-4BB4-A371-2C8E28BBD53E}.Debug|iPhoneSimulator.ActiveCfg = Debug|Any CPU
		{1346A7F1-4457-4BB4-A371-2C8E28BBD53E}.Debug|Mixed Platforms.ActiveCfg = Debug|Any CPU
		{1346A7F1-4457-4BB4-A371-2C8E28BBD53E}.Debug|Mixed Platforms.Build.0 = Debug|Any CPU
		{1346A7F1-4457-4BB4-A371-2C8E28BBD53E}.Debug|Mixed Platforms.Deploy.0 = Debug|Any CPU
		{1346A7F1-4457-4BB4-A371-2C8E28BBD53E}.Release|Any CPU.ActiveCfg = Release|Any CPU
		{1346A7F1-4457-4BB4-A371-2C8E28BBD53E}.Release|Any CPU.Build.0 = Release|Any CPU
		{1346A7F1-4457-4BB4-A371-2C8E28BBD53E}.Release|Any CPU.Deploy.0 = Release|Any CPU
		{1346A7F1-4457-4BB4-A371-2C8E28BBD53E}.Release|iPhone.ActiveCfg = Release|Any CPU
		{1346A7F1-4457-4BB4-A371-2C8E28BBD53E}.Release|iPhoneSimulator.ActiveCfg = Release|Any CPU
		{1346A7F1-4457-4BB4-A371-2C8E28BBD53E}.Release|Mixed Platforms.ActiveCfg = Release|Any CPU
		{1346A7F1-4457-4BB4-A371-2C8E28BBD53E}.Release|Mixed Platforms.Build.0 = Release|Any CPU
		{1346A7F1-4457-4BB4-A371-2C8E28BBD53E}.Release|Mixed Platforms.Deploy.0 = Release|Any CPU
		{DEEC5844-D609-4F35-BCF0-5B71C91C8133}.Ad-Hoc|Any CPU.ActiveCfg = Ad-Hoc|iPhone
		{DEEC5844-D609-4F35-BCF0-5B71C91C8133}.Ad-Hoc|iPhone.ActiveCfg = Ad-Hoc|iPhone
		{DEEC5844-D609-4F35-BCF0-5B71C91C8133}.Ad-Hoc|iPhone.Build.0 = Ad-Hoc|iPhone
		{DEEC5844-D609-4F35-BCF0-5B71C91C8133}.Ad-Hoc|iPhoneSimulator.ActiveCfg = Ad-Hoc|iPhoneSimulator
		{DEEC5844-D609-4F35-BCF0-5B71C91C8133}.Ad-Hoc|iPhoneSimulator.Build.0 = Ad-Hoc|iPhoneSimulator
		{DEEC5844-D609-4F35-BCF0-5B71C91C8133}.Ad-Hoc|Mixed Platforms.ActiveCfg = Ad-Hoc|iPhone
		{DEEC5844-D609-4F35-BCF0-5B71C91C8133}.Ad-Hoc|Mixed Platforms.Build.0 = Ad-Hoc|iPhone
		{DEEC5844-D609-4F35-BCF0-5B71C91C8133}.AppStore|Any CPU.ActiveCfg = AppStore|iPhone
		{DEEC5844-D609-4F35-BCF0-5B71C91C8133}.AppStore|iPhone.ActiveCfg = AppStore|iPhone
		{DEEC5844-D609-4F35-BCF0-5B71C91C8133}.AppStore|iPhone.Build.0 = AppStore|iPhone
		{DEEC5844-D609-4F35-BCF0-5B71C91C8133}.AppStore|iPhoneSimulator.ActiveCfg = AppStore|iPhoneSimulator
		{DEEC5844-D609-4F35-BCF0-5B71C91C8133}.AppStore|iPhoneSimulator.Build.0 = AppStore|iPhoneSimulator
		{DEEC5844-D609-4F35-BCF0-5B71C91C8133}.AppStore|Mixed Platforms.ActiveCfg = AppStore|iPhone
		{DEEC5844-D609-4F35-BCF0-5B71C91C8133}.AppStore|Mixed Platforms.Build.0 = AppStore|iPhone
		{DEEC5844-D609-4F35-BCF0-5B71C91C8133}.Debug|Any CPU.ActiveCfg = Debug|iPhone
		{DEEC5844-D609-4F35-BCF0-5B71C91C8133}.Debug|iPhone.ActiveCfg = Debug|iPhone
		{DEEC5844-D609-4F35-BCF0-5B71C91C8133}.Debug|iPhone.Build.0 = Debug|iPhone
		{DEEC5844-D609-4F35-BCF0-5B71C91C8133}.Debug|iPhoneSimulator.ActiveCfg = Debug|iPhoneSimulator
		{DEEC5844-D609-4F35-BCF0-5B71C91C8133}.Debug|iPhoneSimulator.Build.0 = Debug|iPhoneSimulator
		{DEEC5844-D609-4F35-BCF0-5B71C91C8133}.Debug|Mixed Platforms.ActiveCfg = Debug|iPhone
		{DEEC5844-D609-4F35-BCF0-5B71C91C8133}.Debug|Mixed Platforms.Build.0 = Debug|iPhone
		{DEEC5844-D609-4F35-BCF0-5B71C91C8133}.Release|Any CPU.ActiveCfg = Release|iPhone
		{DEEC5844-D609-4F35-BCF0-5B71C91C8133}.Release|iPhone.ActiveCfg = Release|iPhone
		{DEEC5844-D609-4F35-BCF0-5B71C91C8133}.Release|iPhone.Build.0 = Release|iPhone
		{DEEC5844-D609-4F35-BCF0-5B71C91C8133}.Release|iPhoneSimulator.ActiveCfg = Release|iPhoneSimulator
		{DEEC5844-D609-4F35-BCF0-5B71C91C8133}.Release|iPhoneSimulator.Build.0 = Release|iPhoneSimulator
		{DEEC5844-D609-4F35-BCF0-5B71C91C8133}.Release|Mixed Platforms.ActiveCfg = Release|iPhone
		{DEEC5844-D609-4F35-BCF0-5B71C91C8133}.Release|Mixed Platforms.Build.0 = Release|iPhone
		{F7CE550C-7B0F-4DA9-A6BB-3ED1F8A7B551}.Ad-Hoc|Any CPU.ActiveCfg = Release|Any CPU
		{F7CE550C-7B0F-4DA9-A6BB-3ED1F8A7B551}.Ad-Hoc|Any CPU.Build.0 = Release|Any CPU
		{F7CE550C-7B0F-4DA9-A6BB-3ED1F8A7B551}.Ad-Hoc|Any CPU.Deploy.0 = Release|Any CPU
		{F7CE550C-7B0F-4DA9-A6BB-3ED1F8A7B551}.Ad-Hoc|iPhone.ActiveCfg = Release|Any CPU
		{F7CE550C-7B0F-4DA9-A6BB-3ED1F8A7B551}.Ad-Hoc|iPhoneSimulator.ActiveCfg = Release|Any CPU
		{F7CE550C-7B0F-4DA9-A6BB-3ED1F8A7B551}.Ad-Hoc|Mixed Platforms.ActiveCfg = Release|Any CPU
		{F7CE550C-7B0F-4DA9-A6BB-3ED1F8A7B551}.Ad-Hoc|Mixed Platforms.Build.0 = Release|Any CPU
		{F7CE550C-7B0F-4DA9-A6BB-3ED1F8A7B551}.Ad-Hoc|Mixed Platforms.Deploy.0 = Release|Any CPU
		{F7CE550C-7B0F-4DA9-A6BB-3ED1F8A7B551}.AppStore|Any CPU.ActiveCfg = Release|Any CPU
		{F7CE550C-7B0F-4DA9-A6BB-3ED1F8A7B551}.AppStore|Any CPU.Build.0 = Release|Any CPU
		{F7CE550C-7B0F-4DA9-A6BB-3ED1F8A7B551}.AppStore|Any CPU.Deploy.0 = Release|Any CPU
		{F7CE550C-7B0F-4DA9-A6BB-3ED1F8A7B551}.AppStore|iPhone.ActiveCfg = Release|Any CPU
		{F7CE550C-7B0F-4DA9-A6BB-3ED1F8A7B551}.AppStore|iPhoneSimulator.ActiveCfg = Release|Any CPU
		{F7CE550C-7B0F-4DA9-A6BB-3ED1F8A7B551}.AppStore|Mixed Platforms.ActiveCfg = Release|Any CPU
		{F7CE550C-7B0F-4DA9-A6BB-3ED1F8A7B551}.AppStore|Mixed Platforms.Build.0 = Release|Any CPU
		{F7CE550C-7B0F-4DA9-A6BB-3ED1F8A7B551}.AppStore|Mixed Platforms.Deploy.0 = Release|Any CPU
		{F7CE550C-7B0F-4DA9-A6BB-3ED1F8A7B551}.Debug|Any CPU.ActiveCfg = Debug|Any CPU
		{F7CE550C-7B0F-4DA9-A6BB-3ED1F8A7B551}.Debug|Any CPU.Build.0 = Debug|Any CPU
		{F7CE550C-7B0F-4DA9-A6BB-3ED1F8A7B551}.Debug|Any CPU.Deploy.0 = Debug|Any CPU
		{F7CE550C-7B0F-4DA9-A6BB-3ED1F8A7B551}.Debug|iPhone.ActiveCfg = Debug|Any CPU
		{F7CE550C-7B0F-4DA9-A6BB-3ED1F8A7B551}.Debug|iPhoneSimulator.ActiveCfg = Debug|Any CPU
		{F7CE550C-7B0F-4DA9-A6BB-3ED1F8A7B551}.Debug|Mixed Platforms.ActiveCfg = Debug|Any CPU
		{F7CE550C-7B0F-4DA9-A6BB-3ED1F8A7B551}.Debug|Mixed Platforms.Build.0 = Debug|Any CPU
		{F7CE550C-7B0F-4DA9-A6BB-3ED1F8A7B551}.Debug|Mixed Platforms.Deploy.0 = Debug|Any CPU
		{F7CE550C-7B0F-4DA9-A6BB-3ED1F8A7B551}.Release|Any CPU.ActiveCfg = Release|Any CPU
		{F7CE550C-7B0F-4DA9-A6BB-3ED1F8A7B551}.Release|Any CPU.Build.0 = Release|Any CPU
		{F7CE550C-7B0F-4DA9-A6BB-3ED1F8A7B551}.Release|Any CPU.Deploy.0 = Release|Any CPU
		{F7CE550C-7B0F-4DA9-A6BB-3ED1F8A7B551}.Release|iPhone.ActiveCfg = Release|Any CPU
		{F7CE550C-7B0F-4DA9-A6BB-3ED1F8A7B551}.Release|iPhoneSimulator.ActiveCfg = Release|Any CPU
		{F7CE550C-7B0F-4DA9-A6BB-3ED1F8A7B551}.Release|Mixed Platforms.ActiveCfg = Release|Any CPU
		{F7CE550C-7B0F-4DA9-A6BB-3ED1F8A7B551}.Release|Mixed Platforms.Build.0 = Release|Any CPU
		{F7CE550C-7B0F-4DA9-A6BB-3ED1F8A7B551}.Release|Mixed Platforms.Deploy.0 = Release|Any CPU
	EndGlobalSection
	GlobalSection(SolutionProperties) = preSolution
		HideSolutionNode = FALSE
	EndGlobalSection
EndGlobal
