
Microsoft Visual Studio Solution File, Format Version 12.00
# Visual Studio 2012
VisualStudioVersion = 12.0.30723.0
MinimumVisualStudioVersion = 10.0.40219.1
Project("{FAE04EC0-301F-11D3-BF4B-00C04F79EFBC}") = "ControlsView.MapView", "ControlsView.MapView\ControlsView.MapView.csproj", "{E944F17B-954E-4AD7-951A-383897BFC0A0}"
EndProject
Project("{FAE04EC0-301F-11D3-BF4B-00C04F79EFBC}") = "ControlsView.MapView.iOS", "ControlsView.MapView.iOS\ControlsView.MapView.iOS.csproj", "{9DE3EBFC-24B4-48E8-A739-A9A2F2AD5656}"
EndProject
Project("{FAE04EC0-301F-11D3-BF4B-00C04F79EFBC}") = "ControlsView.MapView.Droid", "ControlsView.MapView.Droid\ControlsView.MapView.Droid.csproj", "{5E09810D-21A4-40E9-B22E-0AF3589DD652}"
EndProject
Project("{FAE04EC0-301F-11D3-BF4B-00C04F79EFBC}") = "ControlsView.MapView.WinPhone", "ControlsView.MapView.WinPhone\ControlsView.MapView.WinPhone.csproj", "{B0F5A6A2-881C-4B37-A28F-A8A653D9447A}"
EndProject
Global
	GlobalSection(SolutionConfigurationPlatforms) = preSolution
		Ad-Hoc|Any CPU = Ad-Hoc|Any CPU
		Ad-Hoc|ARM = Ad-Hoc|ARM
		Ad-Hoc|iPhone = Ad-Hoc|iPhone
		Ad-Hoc|iPhoneSimulator = Ad-Hoc|iPhoneSimulator
		Ad-Hoc|Mixed Platforms = Ad-Hoc|Mixed Platforms
		Ad-Hoc|x86 = Ad-Hoc|x86
		AppStore|Any CPU = AppStore|Any CPU
		AppStore|ARM = AppStore|ARM
		AppStore|iPhone = AppStore|iPhone
		AppStore|iPhoneSimulator = AppStore|iPhoneSimulator
		AppStore|Mixed Platforms = AppStore|Mixed Platforms
		AppStore|x86 = AppStore|x86
		Debug|Any CPU = Debug|Any CPU
		Debug|ARM = Debug|ARM
		Debug|iPhone = Debug|iPhone
		Debug|iPhoneSimulator = Debug|iPhoneSimulator
		Debug|Mixed Platforms = Debug|Mixed Platforms
		Debug|x86 = Debug|x86
		Release|Any CPU = Release|Any CPU
		Release|ARM = Release|ARM
		Release|iPhone = Release|iPhone
		Release|iPhoneSimulator = Release|iPhoneSimulator
		Release|Mixed Platforms = Release|Mixed Platforms
		Release|x86 = Release|x86
	EndGlobalSection
	GlobalSection(ProjectConfigurationPlatforms) = postSolution
		{5E09810D-21A4-40E9-B22E-0AF3589DD652}.Ad-Hoc|Any CPU.ActiveCfg = Release|Any CPU
		{5E09810D-21A4-40E9-B22E-0AF3589DD652}.Ad-Hoc|Any CPU.Build.0 = Release|Any CPU
		{5E09810D-21A4-40E9-B22E-0AF3589DD652}.Ad-Hoc|Any CPU.Deploy.0 = Release|Any CPU
		{5E09810D-21A4-40E9-B22E-0AF3589DD652}.Ad-Hoc|ARM.ActiveCfg = Release|Any CPU
		{5E09810D-21A4-40E9-B22E-0AF3589DD652}.Ad-Hoc|iPhone.ActiveCfg = Release|Any CPU
		{5E09810D-21A4-40E9-B22E-0AF3589DD652}.Ad-Hoc|iPhoneSimulator.ActiveCfg = Release|Any CPU
		{5E09810D-21A4-40E9-B22E-0AF3589DD652}.Ad-Hoc|Mixed Platforms.ActiveCfg = Release|Any CPU
		{5E09810D-21A4-40E9-B22E-0AF3589DD652}.Ad-Hoc|Mixed Platforms.Build.0 = Release|Any CPU
		{5E09810D-21A4-40E9-B22E-0AF3589DD652}.Ad-Hoc|Mixed Platforms.Deploy.0 = Release|Any CPU
		{5E09810D-21A4-40E9-B22E-0AF3589DD652}.Ad-Hoc|x86.ActiveCfg = Release|Any CPU
		{5E09810D-21A4-40E9-B22E-0AF3589DD652}.AppStore|Any CPU.ActiveCfg = Release|Any CPU
		{5E09810D-21A4-40E9-B22E-0AF3589DD652}.AppStore|Any CPU.Build.0 = Release|Any CPU
		{5E09810D-21A4-40E9-B22E-0AF3589DD652}.AppStore|Any CPU.Deploy.0 = Release|Any CPU
		{5E09810D-21A4-40E9-B22E-0AF3589DD652}.AppStore|ARM.ActiveCfg = Release|Any CPU
		{5E09810D-21A4-40E9-B22E-0AF3589DD652}.AppStore|iPhone.ActiveCfg = Release|Any CPU
		{5E09810D-21A4-40E9-B22E-0AF3589DD652}.AppStore|iPhoneSimulator.ActiveCfg = Release|Any CPU
		{5E09810D-21A4-40E9-B22E-0AF3589DD652}.AppStore|Mixed Platforms.ActiveCfg = Release|Any CPU
		{5E09810D-21A4-40E9-B22E-0AF3589DD652}.AppStore|Mixed Platforms.Build.0 = Release|Any CPU
		{5E09810D-21A4-40E9-B22E-0AF3589DD652}.AppStore|Mixed Platforms.Deploy.0 = Release|Any CPU
		{5E09810D-21A4-40E9-B22E-0AF3589DD652}.AppStore|x86.ActiveCfg = Release|Any CPU
		{5E09810D-21A4-40E9-B22E-0AF3589DD652}.Debug|Any CPU.ActiveCfg = Debug|Any CPU
		{5E09810D-21A4-40E9-B22E-0AF3589DD652}.Debug|Any CPU.Build.0 = Debug|Any CPU
		{5E09810D-21A4-40E9-B22E-0AF3589DD652}.Debug|Any CPU.Deploy.0 = Debug|Any CPU
		{5E09810D-21A4-40E9-B22E-0AF3589DD652}.Debug|ARM.ActiveCfg = Debug|Any CPU
		{5E09810D-21A4-40E9-B22E-0AF3589DD652}.Debug|iPhone.ActiveCfg = Debug|Any CPU
		{5E09810D-21A4-40E9-B22E-0AF3589DD652}.Debug|iPhoneSimulator.ActiveCfg = Debug|Any CPU
		{5E09810D-21A4-40E9-B22E-0AF3589DD652}.Debug|Mixed Platforms.ActiveCfg = Debug|Any CPU
		{5E09810D-21A4-40E9-B22E-0AF3589DD652}.Debug|Mixed Platforms.Build.0 = Debug|Any CPU
		{5E09810D-21A4-40E9-B22E-0AF3589DD652}.Debug|Mixed Platforms.Deploy.0 = Debug|Any CPU
		{5E09810D-21A4-40E9-B22E-0AF3589DD652}.Debug|x86.ActiveCfg = Debug|Any CPU
		{5E09810D-21A4-40E9-B22E-0AF3589DD652}.Release|Any CPU.ActiveCfg = Release|Any CPU
		{5E09810D-21A4-40E9-B22E-0AF3589DD652}.Release|Any CPU.Build.0 = Release|Any CPU
		{5E09810D-21A4-40E9-B22E-0AF3589DD652}.Release|Any CPU.Deploy.0 = Release|Any CPU
		{5E09810D-21A4-40E9-B22E-0AF3589DD652}.Release|ARM.ActiveCfg = Release|Any CPU
		{5E09810D-21A4-40E9-B22E-0AF3589DD652}.Release|iPhone.ActiveCfg = Release|Any CPU
		{5E09810D-21A4-40E9-B22E-0AF3589DD652}.Release|iPhoneSimulator.ActiveCfg = Release|Any CPU
		{5E09810D-21A4-40E9-B22E-0AF3589DD652}.Release|Mixed Platforms.ActiveCfg = Release|Any CPU
		{5E09810D-21A4-40E9-B22E-0AF3589DD652}.Release|Mixed Platforms.Build.0 = Release|Any CPU
		{5E09810D-21A4-40E9-B22E-0AF3589DD652}.Release|Mixed Platforms.Deploy.0 = Release|Any CPU
		{5E09810D-21A4-40E9-B22E-0AF3589DD652}.Release|x86.ActiveCfg = Release|Any CPU
		{9DE3EBFC-24B4-48E8-A739-A9A2F2AD5656}.Ad-Hoc|Any CPU.ActiveCfg = Ad-Hoc|iPhone
		{9DE3EBFC-24B4-48E8-A739-A9A2F2AD5656}.Ad-Hoc|ARM.ActiveCfg = Ad-Hoc|iPhone
		{9DE3EBFC-24B4-48E8-A739-A9A2F2AD5656}.Ad-Hoc|iPhone.ActiveCfg = Ad-Hoc|iPhone
		{9DE3EBFC-24B4-48E8-A739-A9A2F2AD5656}.Ad-Hoc|iPhone.Build.0 = Ad-Hoc|iPhone
		{9DE3EBFC-24B4-48E8-A739-A9A2F2AD5656}.Ad-Hoc|iPhoneSimulator.ActiveCfg = Ad-Hoc|iPhoneSimulator
		{9DE3EBFC-24B4-48E8-A739-A9A2F2AD5656}.Ad-Hoc|iPhoneSimulator.Build.0 = Ad-Hoc|iPhoneSimulator
		{9DE3EBFC-24B4-48E8-A739-A9A2F2AD5656}.Ad-Hoc|Mixed Platforms.ActiveCfg = Ad-Hoc|iPhone
		{9DE3EBFC-24B4-48E8-A739-A9A2F2AD5656}.Ad-Hoc|Mixed Platforms.Build.0 = Ad-Hoc|iPhone
		{9DE3EBFC-24B4-48E8-A739-A9A2F2AD5656}.Ad-Hoc|x86.ActiveCfg = Ad-Hoc|iPhone
		{9DE3EBFC-24B4-48E8-A739-A9A2F2AD5656}.AppStore|Any CPU.ActiveCfg = AppStore|iPhone
		{9DE3EBFC-24B4-48E8-A739-A9A2F2AD5656}.AppStore|ARM.ActiveCfg = AppStore|iPhone
		{9DE3EBFC-24B4-48E8-A739-A9A2F2AD5656}.AppStore|iPhone.ActiveCfg = AppStore|iPhone
		{9DE3EBFC-24B4-48E8-A739-A9A2F2AD5656}.AppStore|iPhone.Build.0 = AppStore|iPhone
		{9DE3EBFC-24B4-48E8-A739-A9A2F2AD5656}.AppStore|iPhoneSimulator.ActiveCfg = AppStore|iPhoneSimulator
		{9DE3EBFC-24B4-48E8-A739-A9A2F2AD5656}.AppStore|iPhoneSimulator.Build.0 = AppStore|iPhoneSimulator
		{9DE3EBFC-24B4-48E8-A739-A9A2F2AD5656}.AppStore|Mixed Platforms.ActiveCfg = AppStore|iPhone
		{9DE3EBFC-24B4-48E8-A739-A9A2F2AD5656}.AppStore|Mixed Platforms.Build.0 = AppStore|iPhone
		{9DE3EBFC-24B4-48E8-A739-A9A2F2AD5656}.AppStore|x86.ActiveCfg = AppStore|iPhone
		{9DE3EBFC-24B4-48E8-A739-A9A2F2AD5656}.Debug|Any CPU.ActiveCfg = Debug|iPhone
		{9DE3EBFC-24B4-48E8-A739-A9A2F2AD5656}.Debug|ARM.ActiveCfg = Debug|iPhone
		{9DE3EBFC-24B4-48E8-A739-A9A2F2AD5656}.Debug|iPhone.ActiveCfg = Debug|iPhone
		{9DE3EBFC-24B4-48E8-A739-A9A2F2AD5656}.Debug|iPhone.Build.0 = Debug|iPhone
		{9DE3EBFC-24B4-48E8-A739-A9A2F2AD5656}.Debug|iPhoneSimulator.ActiveCfg = Debug|iPhoneSimulator
		{9DE3EBFC-24B4-48E8-A739-A9A2F2AD5656}.Debug|iPhoneSimulator.Build.0 = Debug|iPhoneSimulator
		{9DE3EBFC-24B4-48E8-A739-A9A2F2AD5656}.Debug|Mixed Platforms.ActiveCfg = Debug|iPhone
		{9DE3EBFC-24B4-48E8-A739-A9A2F2AD5656}.Debug|Mixed Platforms.Build.0 = Debug|iPhone
		{9DE3EBFC-24B4-48E8-A739-A9A2F2AD5656}.Debug|x86.ActiveCfg = Debug|iPhone
		{9DE3EBFC-24B4-48E8-A739-A9A2F2AD5656}.Release|Any CPU.ActiveCfg = Release|iPhone
		{9DE3EBFC-24B4-48E8-A739-A9A2F2AD5656}.Release|ARM.ActiveCfg = Release|iPhone
		{9DE3EBFC-24B4-48E8-A739-A9A2F2AD5656}.Release|iPhone.ActiveCfg = Release|iPhone
		{9DE3EBFC-24B4-48E8-A739-A9A2F2AD5656}.Release|iPhone.Build.0 = Release|iPhone
		{9DE3EBFC-24B4-48E8-A739-A9A2F2AD5656}.Release|iPhoneSimulator.ActiveCfg = Release|iPhoneSimulator
		{9DE3EBFC-24B4-48E8-A739-A9A2F2AD5656}.Release|iPhoneSimulator.Build.0 = Release|iPhoneSimulator
		{9DE3EBFC-24B4-48E8-A739-A9A2F2AD5656}.Release|Mixed Platforms.ActiveCfg = Release|iPhone
		{9DE3EBFC-24B4-48E8-A739-A9A2F2AD5656}.Release|Mixed Platforms.Build.0 = Release|iPhone
		{9DE3EBFC-24B4-48E8-A739-A9A2F2AD5656}.Release|x86.ActiveCfg = Release|iPhone
		{B0F5A6A2-881C-4B37-A28F-A8A653D9447A}.Ad-Hoc|Any CPU.ActiveCfg = Release|Any CPU
		{B0F5A6A2-881C-4B37-A28F-A8A653D9447A}.Ad-Hoc|Any CPU.Build.0 = Release|Any CPU
		{B0F5A6A2-881C-4B37-A28F-A8A653D9447A}.Ad-Hoc|Any CPU.Deploy.0 = Release|Any CPU
		{B0F5A6A2-881C-4B37-A28F-A8A653D9447A}.Ad-Hoc|ARM.ActiveCfg = Release|ARM
		{B0F5A6A2-881C-4B37-A28F-A8A653D9447A}.Ad-Hoc|ARM.Build.0 = Release|ARM
		{B0F5A6A2-881C-4B37-A28F-A8A653D9447A}.Ad-Hoc|ARM.Deploy.0 = Release|ARM
		{B0F5A6A2-881C-4B37-A28F-A8A653D9447A}.Ad-Hoc|iPhone.ActiveCfg = Release|Any CPU
		{B0F5A6A2-881C-4B37-A28F-A8A653D9447A}.Ad-Hoc|iPhoneSimulator.ActiveCfg = Release|Any CPU
		{B0F5A6A2-881C-4B37-A28F-A8A653D9447A}.Ad-Hoc|Mixed Platforms.ActiveCfg = Release|x86
		{B0F5A6A2-881C-4B37-A28F-A8A653D9447A}.Ad-Hoc|Mixed Platforms.Build.0 = Release|x86
		{B0F5A6A2-881C-4B37-A28F-A8A653D9447A}.Ad-Hoc|Mixed Platforms.Deploy.0 = Release|x86
		{B0F5A6A2-881C-4B37-A28F-A8A653D9447A}.Ad-Hoc|x86.ActiveCfg = Release|x86
		{B0F5A6A2-881C-4B37-A28F-A8A653D9447A}.Ad-Hoc|x86.Build.0 = Release|x86
		{B0F5A6A2-881C-4B37-A28F-A8A653D9447A}.Ad-Hoc|x86.Deploy.0 = Release|x86
		{B0F5A6A2-881C-4B37-A28F-A8A653D9447A}.AppStore|Any CPU.ActiveCfg = Release|Any CPU
		{B0F5A6A2-881C-4B37-A28F-A8A653D9447A}.AppStore|Any CPU.Build.0 = Release|Any CPU
		{B0F5A6A2-881C-4B37-A28F-A8A653D9447A}.AppStore|Any CPU.Deploy.0 = Release|Any CPU
		{B0F5A6A2-881C-4B37-A28F-A8A653D9447A}.AppStore|ARM.ActiveCfg = Release|ARM
		{B0F5A6A2-881C-4B37-A28F-A8A653D9447A}.AppStore|ARM.Build.0 = Release|ARM
		{B0F5A6A2-881C-4B37-A28F-A8A653D9447A}.AppStore|ARM.Deploy.0 = Release|ARM
		{B0F5A6A2-881C-4B37-A28F-A8A653D9447A}.AppStore|iPhone.ActiveCfg = Release|Any CPU
		{B0F5A6A2-881C-4B37-A28F-A8A653D9447A}.AppStore|iPhoneSimulator.ActiveCfg = Release|Any CPU
		{B0F5A6A2-881C-4B37-A28F-A8A653D9447A}.AppStore|Mixed Platforms.ActiveCfg = Release|x86
		{B0F5A6A2-881C-4B37-A28F-A8A653D9447A}.AppStore|Mixed Platforms.Build.0 = Release|x86
		{B0F5A6A2-881C-4B37-A28F-A8A653D9447A}.AppStore|Mixed Platforms.Deploy.0 = Release|x86
		{B0F5A6A2-881C-4B37-A28F-A8A653D9447A}.AppStore|x86.ActiveCfg = Release|x86
		{B0F5A6A2-881C-4B37-A28F-A8A653D9447A}.AppStore|x86.Build.0 = Release|x86
		{B0F5A6A2-881C-4B37-A28F-A8A653D9447A}.AppStore|x86.Deploy.0 = Release|x86
		{B0F5A6A2-881C-4B37-A28F-A8A653D9447A}.Debug|Any CPU.ActiveCfg = Debug|Any CPU
		{B0F5A6A2-881C-4B37-A28F-A8A653D9447A}.Debug|Any CPU.Build.0 = Debug|Any CPU
		{B0F5A6A2-881C-4B37-A28F-A8A653D9447A}.Debug|Any CPU.Deploy.0 = Debug|Any CPU
		{B0F5A6A2-881C-4B37-A28F-A8A653D9447A}.Debug|ARM.ActiveCfg = Debug|ARM
		{B0F5A6A2-881C-4B37-A28F-A8A653D9447A}.Debug|ARM.Build.0 = Debug|ARM
		{B0F5A6A2-881C-4B37-A28F-A8A653D9447A}.Debug|ARM.Deploy.0 = Debug|ARM
		{B0F5A6A2-881C-4B37-A28F-A8A653D9447A}.Debug|iPhone.ActiveCfg = Debug|Any CPU
		{B0F5A6A2-881C-4B37-A28F-A8A653D9447A}.Debug|iPhoneSimulator.ActiveCfg = Debug|Any CPU
		{B0F5A6A2-881C-4B37-A28F-A8A653D9447A}.Debug|Mixed Platforms.ActiveCfg = Debug|x86
		{B0F5A6A2-881C-4B37-A28F-A8A653D9447A}.Debug|Mixed Platforms.Build.0 = Debug|x86
		{B0F5A6A2-881C-4B37-A28F-A8A653D9447A}.Debug|Mixed Platforms.Deploy.0 = Debug|x86
		{B0F5A6A2-881C-4B37-A28F-A8A653D9447A}.Debug|x86.ActiveCfg = Debug|x86
		{B0F5A6A2-881C-4B37-A28F-A8A653D9447A}.Debug|x86.Build.0 = Debug|x86
		{B0F5A6A2-881C-4B37-A28F-A8A653D9447A}.Debug|x86.Deploy.0 = Debug|x86
		{B0F5A6A2-881C-4B37-A28F-A8A653D9447A}.Release|Any CPU.ActiveCfg = Release|Any CPU
		{B0F5A6A2-881C-4B37-A28F-A8A653D9447A}.Release|Any CPU.Build.0 = Release|Any CPU
		{B0F5A6A2-881C-4B37-A28F-A8A653D9447A}.Release|Any CPU.Deploy.0 = Release|Any CPU
		{B0F5A6A2-881C-4B37-A28F-A8A653D9447A}.Release|ARM.ActiveCfg = Release|ARM
		{B0F5A6A2-881C-4B37-A28F-A8A653D9447A}.Release|ARM.Build.0 = Release|ARM
		{B0F5A6A2-881C-4B37-A28F-A8A653D9447A}.Release|ARM.Deploy.0 = Release|ARM
		{B0F5A6A2-881C-4B37-A28F-A8A653D9447A}.Release|iPhone.ActiveCfg = Release|Any CPU
		{B0F5A6A2-881C-4B37-A28F-A8A653D9447A}.Release|iPhoneSimulator.ActiveCfg = Release|Any CPU
		{B0F5A6A2-881C-4B37-A28F-A8A653D9447A}.Release|Mixed Platforms.ActiveCfg = Release|x86
		{B0F5A6A2-881C-4B37-A28F-A8A653D9447A}.Release|Mixed Platforms.Build.0 = Release|x86
		{B0F5A6A2-881C-4B37-A28F-A8A653D9447A}.Release|Mixed Platforms.Deploy.0 = Release|x86
		{B0F5A6A2-881C-4B37-A28F-A8A653D9447A}.Release|x86.ActiveCfg = Release|x86
		{B0F5A6A2-881C-4B37-A28F-A8A653D9447A}.Release|x86.Build.0 = Release|x86
		{B0F5A6A2-881C-4B37-A28F-A8A653D9447A}.Release|x86.Deploy.0 = Release|x86
		{E944F17B-954E-4AD7-951A-383897BFC0A0}.Ad-Hoc|Any CPU.ActiveCfg = Release|Any CPU
		{E944F17B-954E-4AD7-951A-383897BFC0A0}.Ad-Hoc|Any CPU.Build.0 = Release|Any CPU
		{E944F17B-954E-4AD7-951A-383897BFC0A0}.Ad-Hoc|ARM.ActiveCfg = Release|Any CPU
		{E944F17B-954E-4AD7-951A-383897BFC0A0}.Ad-Hoc|iPhone.ActiveCfg = Release|Any CPU
		{E944F17B-954E-4AD7-951A-383897BFC0A0}.Ad-Hoc|iPhoneSimulator.ActiveCfg = Release|Any CPU
		{E944F17B-954E-4AD7-951A-383897BFC0A0}.Ad-Hoc|Mixed Platforms.ActiveCfg = Release|Any CPU
		{E944F17B-954E-4AD7-951A-383897BFC0A0}.Ad-Hoc|Mixed Platforms.Build.0 = Release|Any CPU
		{E944F17B-954E-4AD7-951A-383897BFC0A0}.Ad-Hoc|x86.ActiveCfg = Release|Any CPU
		{E944F17B-954E-4AD7-951A-383897BFC0A0}.AppStore|Any CPU.ActiveCfg = Release|Any CPU
		{E944F17B-954E-4AD7-951A-383897BFC0A0}.AppStore|Any CPU.Build.0 = Release|Any CPU
		{E944F17B-954E-4AD7-951A-383897BFC0A0}.AppStore|ARM.ActiveCfg = Release|Any CPU
		{E944F17B-954E-4AD7-951A-383897BFC0A0}.AppStore|iPhone.ActiveCfg = Release|Any CPU
		{E944F17B-954E-4AD7-951A-383897BFC0A0}.AppStore|iPhoneSimulator.ActiveCfg = Release|Any CPU
		{E944F17B-954E-4AD7-951A-383897BFC0A0}.AppStore|Mixed Platforms.ActiveCfg = Release|Any CPU
		{E944F17B-954E-4AD7-951A-383897BFC0A0}.AppStore|Mixed Platforms.Build.0 = Release|Any CPU
		{E944F17B-954E-4AD7-951A-383897BFC0A0}.AppStore|x86.ActiveCfg = Release|Any CPU
		{E944F17B-954E-4AD7-951A-383897BFC0A0}.Debug|Any CPU.ActiveCfg = Debug|Any CPU
		{E944F17B-954E-4AD7-951A-383897BFC0A0}.Debug|Any CPU.Build.0 = Debug|Any CPU
		{E944F17B-954E-4AD7-951A-383897BFC0A0}.Debug|ARM.ActiveCfg = Debug|Any CPU
		{E944F17B-954E-4AD7-951A-383897BFC0A0}.Debug|iPhone.ActiveCfg = Debug|Any CPU
		{E944F17B-954E-4AD7-951A-383897BFC0A0}.Debug|iPhoneSimulator.ActiveCfg = Debug|Any CPU
		{E944F17B-954E-4AD7-951A-383897BFC0A0}.Debug|Mixed Platforms.ActiveCfg = Debug|Any CPU
		{E944F17B-954E-4AD7-951A-383897BFC0A0}.Debug|Mixed Platforms.Build.0 = Debug|Any CPU
		{E944F17B-954E-4AD7-951A-383897BFC0A0}.Debug|x86.ActiveCfg = Debug|Any CPU
		{E944F17B-954E-4AD7-951A-383897BFC0A0}.Release|Any CPU.ActiveCfg = Release|Any CPU
		{E944F17B-954E-4AD7-951A-383897BFC0A0}.Release|Any CPU.Build.0 = Release|Any CPU
		{E944F17B-954E-4AD7-951A-383897BFC0A0}.Release|ARM.ActiveCfg = Release|Any CPU
		{E944F17B-954E-4AD7-951A-383897BFC0A0}.Release|iPhone.ActiveCfg = Release|Any CPU
		{E944F17B-954E-4AD7-951A-383897BFC0A0}.Release|iPhoneSimulator.ActiveCfg = Release|Any CPU
		{E944F17B-954E-4AD7-951A-383897BFC0A0}.Release|Mixed Platforms.ActiveCfg = Release|Any CPU
		{E944F17B-954E-4AD7-951A-383897BFC0A0}.Release|Mixed Platforms.Build.0 = Release|Any CPU
		{E944F17B-954E-4AD7-951A-383897BFC0A0}.Release|x86.ActiveCfg = Release|Any CPU
	EndGlobalSection
	GlobalSection(SolutionProperties) = preSolution
		HideSolutionNode = FALSE
	EndGlobalSection
EndGlobal
