Microsoft Visual Studio Solution File, Format Version 12.00
# Visual Studio 2013
VisualStudioVersion = 12.0.31101.0
MinimumVisualStudioVersion = 10.0.40219.1
Project("{FAE04EC0-301F-11D3-BF4B-00C04F79EFBC}") = "Gestures", "Gestures\Gestures\Gestures.csproj", "{21BD7AC9-7167-4F6C-ABB6-FBFCE386E8EE}"
EndProject
Project("{FAE04EC0-301F-11D3-BF4B-00C04F79EFBC}") = "Gestures.iOS", "Gestures\Gestures.iOS\Gestures.iOS.csproj", "{901BE234-A0B0-4125-81F8-3B7DFDD3AE48}"
EndProject
Project("{FAE04EC0-301F-11D3-BF4B-00C04F79EFBC}") = "Gestures.Droid", "Gestures\Gestures.Droid\Gestures.Droid.csproj", "{FF338A7B-0E28-42A2-841A-BDDCFA288314}"
EndProject
Project("{FAE04EC0-301F-11D3-BF4B-00C04F79EFBC}") = "Gestures.WinPhone", "Gestures\Gestures.WinPhone\Gestures.WinPhone.csproj", "{7AC0A274-733B-4A47-B566-AFCB864AC876}"
EndProject
Project("{FAE04EC0-301F-11D3-BF4B-00C04F79EFBC}") = "HolisticWare.XamarinForms.Gestures", "HolisticWare.XamarinForms.Gestures\HolisticWare.XamarinForms.Gestures.csproj", "{67F9D3A8-F71E-4428-913F-C37AE82CDB24}"
EndProject
Project("{FAE04EC0-301F-11D3-BF4B-00C04F79EFBC}") = "HolisticWare.XamarinForms.Gestures.Android", "HolisticWare.XamarinForms.Gestures.Android\HolisticWare.XamarinForms.Gestures.Android.csproj", "{65B0044A-2F4C-49FC-8F09-6D5860806438}"
EndProject
Project("{FAE04EC0-301F-11D3-BF4B-00C04F79EFBC}") = "HolisticWare.XamarinForms.Gestures.iOS", "HolisticWare.XamarinForms.Gestures.iOS\HolisticWare.XamarinForms.Gestures.iOS.csproj", "{110A5637-58EE-4C2F-BB49-08D6D64C93D8}"
EndProject
Project("{FAE04EC0-301F-11D3-BF4B-00C04F79EFBC}") = "HolisticWare.XamarinForms.Gestures.iOS32b", "HolisticWare.XamarinForms.Gestures.iOS32b\HolisticWare.XamarinForms.Gestures.iOS32b.csproj", "{5BB56754-2D86-41D7-B42C-8299ED398511}"
EndProject
Project("{FAE04EC0-301F-11D3-BF4B-00C04F79EFBC}") = "HolisticWare.XamarinForms.Gestures.WP8", "HolisticWare.XamarinForms.Gestures.WP8\HolisticWare.XamarinForms.Gestures.WP8.csproj", "{CDAE96FE-5E27-4674-80F6-1CE45BD0F487}"
EndProject
Project("{2150E333-8FDC-42A3-9474-1A3956D46DE8}") = "HolisticWare.XamarinForms.Gestures", "HolisticWare.XamarinForms.Gestures", "{D96976EE-D802-4B4F-B02C-A3280A020116}"
EndProject
Project("{2150E333-8FDC-42A3-9474-1A3956D46DE8}") = "HolisticWare.Mobile.DeviceInformation", "HolisticWare.Mobile.DeviceInformation", "{10097040-341C-4716-9951-6D2AF90510E3}"
EndProject
Project("{FAE04EC0-301F-11D3-BF4B-00C04F79EFBC}") = "HolisticWare.Mobile.DeviceInformation", "HolisticWare.Mobile.DeviceInformation\HolisticWare.Mobile.DeviceInformation.csproj", "{237A1161-4BD8-4231-9D06-DFB2D1D2DD0F}"
EndProject
Project("{FAE04EC0-301F-11D3-BF4B-00C04F79EFBC}") = "HolisticWare.Mobile.DeviceInformation.And", "HolisticWare.Mobile.DeviceInformation.And\HolisticWare.Mobile.DeviceInformation.And.csproj", "{E232C181-E4EC-4D34-B8B4-162868838A31}"
EndProject
Project("{FAE04EC0-301F-11D3-BF4B-00C04F79EFBC}") = "HolisticWare.Mobile.DeviceInformation.iOS", "HolisticWare.Mobile.DeviceInformation.iOS\HolisticWare.Mobile.DeviceInformation.iOS.csproj", "{3E91A5F5-9D27-417E-A2F5-23D8A93694FE}"
EndProject
Global
	GlobalSection(SolutionConfigurationPlatforms) = preSolution
		Ad-Hoc|Any CPU = Ad-Hoc|Any CPU
		Ad-Hoc|ARM = Ad-Hoc|ARM
		Ad-Hoc|iPhone = Ad-Hoc|iPhone
		Ad-Hoc|iPhoneSimulator = Ad-Hoc|iPhoneSimulator
		Ad-Hoc|Mixed Platforms = Ad-Hoc|Mixed Platforms
		Ad-Hoc|x86 = Ad-Hoc|x86
		AppStore|Any CPU = AppStore|Any CPU
		AppStore|ARM = AppStore|ARM
		AppStore|iPhone = AppStore|iPhone
		AppStore|iPhoneSimulator = AppStore|iPhoneSimulator
		AppStore|Mixed Platforms = AppStore|Mixed Platforms
		AppStore|x86 = AppStore|x86
		Debug|Any CPU = Debug|Any CPU
		Debug|ARM = Debug|ARM
		Debug|iPhone = Debug|iPhone
		Debug|iPhoneSimulator = Debug|iPhoneSimulator
		Debug|Mixed Platforms = Debug|Mixed Platforms
		Debug|x86 = Debug|x86
		Release|Any CPU = Release|Any CPU
		Release|ARM = Release|ARM
		Release|iPhone = Release|iPhone
		Release|iPhoneSimulator = Release|iPhoneSimulator
		Release|Mixed Platforms = Release|Mixed Platforms
		Release|x86 = Release|x86
	EndGlobalSection
	GlobalSection(ProjectConfigurationPlatforms) = postSolution
		{21BD7AC9-7167-4F6C-ABB6-FBFCE386E8EE}.Ad-Hoc|Any CPU.ActiveCfg = Release|Any CPU
		{21BD7AC9-7167-4F6C-ABB6-FBFCE386E8EE}.Ad-Hoc|Any CPU.Build.0 = Release|Any CPU
		{21BD7AC9-7167-4F6C-ABB6-FBFCE386E8EE}.Ad-Hoc|ARM.ActiveCfg = Release|Any CPU
		{21BD7AC9-7167-4F6C-ABB6-FBFCE386E8EE}.Ad-Hoc|iPhone.ActiveCfg = Release|Any CPU
		{21BD7AC9-7167-4F6C-ABB6-FBFCE386E8EE}.Ad-Hoc|iPhoneSimulator.ActiveCfg = Release|Any CPU
		{21BD7AC9-7167-4F6C-ABB6-FBFCE386E8EE}.Ad-Hoc|Mixed Platforms.ActiveCfg = Release|Any CPU
		{21BD7AC9-7167-4F6C-ABB6-FBFCE386E8EE}.Ad-Hoc|Mixed Platforms.Build.0 = Release|Any CPU
		{21BD7AC9-7167-4F6C-ABB6-FBFCE386E8EE}.Ad-Hoc|x86.ActiveCfg = Release|Any CPU
		{21BD7AC9-7167-4F6C-ABB6-FBFCE386E8EE}.AppStore|Any CPU.ActiveCfg = Release|Any CPU
		{21BD7AC9-7167-4F6C-ABB6-FBFCE386E8EE}.AppStore|Any CPU.Build.0 = Release|Any CPU
		{21BD7AC9-7167-4F6C-ABB6-FBFCE386E8EE}.AppStore|ARM.ActiveCfg = Release|Any CPU
		{21BD7AC9-7167-4F6C-ABB6-FBFCE386E8EE}.AppStore|iPhone.ActiveCfg = Release|Any CPU
		{21BD7AC9-7167-4F6C-ABB6-FBFCE386E8EE}.AppStore|iPhoneSimulator.ActiveCfg = Release|Any CPU
		{21BD7AC9-7167-4F6C-ABB6-FBFCE386E8EE}.AppStore|Mixed Platforms.ActiveCfg = Release|Any CPU
		{21BD7AC9-7167-4F6C-ABB6-FBFCE386E8EE}.AppStore|Mixed Platforms.Build.0 = Release|Any CPU
		{21BD7AC9-7167-4F6C-ABB6-FBFCE386E8EE}.AppStore|x86.ActiveCfg = Release|Any CPU
		{21BD7AC9-7167-4F6C-ABB6-FBFCE386E8EE}.Debug|Any CPU.ActiveCfg = Debug|Any CPU
		{21BD7AC9-7167-4F6C-ABB6-FBFCE386E8EE}.Debug|Any CPU.Build.0 = Debug|Any CPU
		{21BD7AC9-7167-4F6C-ABB6-FBFCE386E8EE}.Debug|ARM.ActiveCfg = Debug|Any CPU
		{21BD7AC9-7167-4F6C-ABB6-FBFCE386E8EE}.Debug|iPhone.ActiveCfg = Debug|Any CPU
		{21BD7AC9-7167-4F6C-ABB6-FBFCE386E8EE}.Debug|iPhoneSimulator.ActiveCfg = Debug|Any CPU
		{21BD7AC9-7167-4F6C-ABB6-FBFCE386E8EE}.Debug|Mixed Platforms.ActiveCfg = Debug|Any CPU
		{21BD7AC9-7167-4F6C-ABB6-FBFCE386E8EE}.Debug|Mixed Platforms.Build.0 = Debug|Any CPU
		{21BD7AC9-7167-4F6C-ABB6-FBFCE386E8EE}.Debug|x86.ActiveCfg = Debug|Any CPU
		{21BD7AC9-7167-4F6C-ABB6-FBFCE386E8EE}.Release|Any CPU.ActiveCfg = Release|Any CPU
		{21BD7AC9-7167-4F6C-ABB6-FBFCE386E8EE}.Release|Any CPU.Build.0 = Release|Any CPU
		{21BD7AC9-7167-4F6C-ABB6-FBFCE386E8EE}.Release|ARM.ActiveCfg = Release|Any CPU
		{21BD7AC9-7167-4F6C-ABB6-FBFCE386E8EE}.Release|iPhone.ActiveCfg = Release|Any CPU
		{21BD7AC9-7167-4F6C-ABB6-FBFCE386E8EE}.Release|iPhoneSimulator.ActiveCfg = Release|Any CPU
		{21BD7AC9-7167-4F6C-ABB6-FBFCE386E8EE}.Release|Mixed Platforms.ActiveCfg = Release|Any CPU
		{21BD7AC9-7167-4F6C-ABB6-FBFCE386E8EE}.Release|Mixed Platforms.Build.0 = Release|Any CPU
		{21BD7AC9-7167-4F6C-ABB6-FBFCE386E8EE}.Release|x86.ActiveCfg = Release|Any CPU
		{901BE234-A0B0-4125-81F8-3B7DFDD3AE48}.Ad-Hoc|Any CPU.ActiveCfg = Ad-Hoc|iPhone
		{901BE234-A0B0-4125-81F8-3B7DFDD3AE48}.Ad-Hoc|ARM.ActiveCfg = Ad-Hoc|iPhone
		{901BE234-A0B0-4125-81F8-3B7DFDD3AE48}.Ad-Hoc|iPhone.ActiveCfg = Ad-Hoc|iPhone
		{901BE234-A0B0-4125-81F8-3B7DFDD3AE48}.Ad-Hoc|iPhone.Build.0 = Ad-Hoc|iPhone
		{901BE234-A0B0-4125-81F8-3B7DFDD3AE48}.Ad-Hoc|iPhoneSimulator.ActiveCfg = Ad-Hoc|iPhoneSimulator
		{901BE234-A0B0-4125-81F8-3B7DFDD3AE48}.Ad-Hoc|iPhoneSimulator.Build.0 = Ad-Hoc|iPhoneSimulator
		{901BE234-A0B0-4125-81F8-3B7DFDD3AE48}.Ad-Hoc|Mixed Platforms.ActiveCfg = Ad-Hoc|iPhone
		{901BE234-A0B0-4125-81F8-3B7DFDD3AE48}.Ad-Hoc|Mixed Platforms.Build.0 = Ad-Hoc|iPhone
		{901BE234-A0B0-4125-81F8-3B7DFDD3AE48}.Ad-Hoc|x86.ActiveCfg = Ad-Hoc|iPhone
		{901BE234-A0B0-4125-81F8-3B7DFDD3AE48}.AppStore|Any CPU.ActiveCfg = AppStore|iPhone
		{901BE234-A0B0-4125-81F8-3B7DFDD3AE48}.AppStore|ARM.ActiveCfg = AppStore|iPhone
		{901BE234-A0B0-4125-81F8-3B7DFDD3AE48}.AppStore|iPhone.ActiveCfg = AppStore|iPhone
		{901BE234-A0B0-4125-81F8-3B7DFDD3AE48}.AppStore|iPhone.Build.0 = AppStore|iPhone
		{901BE234-A0B0-4125-81F8-3B7DFDD3AE48}.AppStore|iPhoneSimulator.ActiveCfg = AppStore|iPhoneSimulator
		{901BE234-A0B0-4125-81F8-3B7DFDD3AE48}.AppStore|iPhoneSimulator.Build.0 = AppStore|iPhoneSimulator
		{901BE234-A0B0-4125-81F8-3B7DFDD3AE48}.AppStore|Mixed Platforms.ActiveCfg = AppStore|iPhone
		{901BE234-A0B0-4125-81F8-3B7DFDD3AE48}.AppStore|Mixed Platforms.Build.0 = AppStore|iPhone
		{901BE234-A0B0-4125-81F8-3B7DFDD3AE48}.AppStore|x86.ActiveCfg = AppStore|iPhone
		{901BE234-A0B0-4125-81F8-3B7DFDD3AE48}.Debug|Any CPU.ActiveCfg = Debug|iPhone
		{901BE234-A0B0-4125-81F8-3B7DFDD3AE48}.Debug|ARM.ActiveCfg = Debug|iPhone
		{901BE234-A0B0-4125-81F8-3B7DFDD3AE48}.Debug|iPhone.ActiveCfg = Debug|iPhone
		{901BE234-A0B0-4125-81F8-3B7DFDD3AE48}.Debug|iPhone.Build.0 = Debug|iPhone
		{901BE234-A0B0-4125-81F8-3B7DFDD3AE48}.Debug|iPhoneSimulator.ActiveCfg = Debug|iPhoneSimulator
		{901BE234-A0B0-4125-81F8-3B7DFDD3AE48}.Debug|iPhoneSimulator.Build.0 = Debug|iPhoneSimulator
		{901BE234-A0B0-4125-81F8-3B7DFDD3AE48}.Debug|Mixed Platforms.ActiveCfg = Debug|iPhone
		{901BE234-A0B0-4125-81F8-3B7DFDD3AE48}.Debug|Mixed Platforms.Build.0 = Debug|iPhone
		{901BE234-A0B0-4125-81F8-3B7DFDD3AE48}.Debug|x86.ActiveCfg = Debug|iPhone
		{901BE234-A0B0-4125-81F8-3B7DFDD3AE48}.Release|Any CPU.ActiveCfg = Release|iPhone
		{901BE234-A0B0-4125-81F8-3B7DFDD3AE48}.Release|ARM.ActiveCfg = Release|iPhone
		{901BE234-A0B0-4125-81F8-3B7DFDD3AE48}.Release|iPhone.ActiveCfg = Release|iPhone
		{901BE234-A0B0-4125-81F8-3B7DFDD3AE48}.Release|iPhone.Build.0 = Release|iPhone
		{901BE234-A0B0-4125-81F8-3B7DFDD3AE48}.Release|iPhoneSimulator.ActiveCfg = Release|iPhoneSimulator
		{901BE234-A0B0-4125-81F8-3B7DFDD3AE48}.Release|iPhoneSimulator.Build.0 = Release|iPhoneSimulator
		{901BE234-A0B0-4125-81F8-3B7DFDD3AE48}.Release|Mixed Platforms.ActiveCfg = Release|iPhone
		{901BE234-A0B0-4125-81F8-3B7DFDD3AE48}.Release|Mixed Platforms.Build.0 = Release|iPhone
		{901BE234-A0B0-4125-81F8-3B7DFDD3AE48}.Release|x86.ActiveCfg = Release|iPhone
		{FF338A7B-0E28-42A2-841A-BDDCFA288314}.Ad-Hoc|Any CPU.ActiveCfg = Release|Any CPU
		{FF338A7B-0E28-42A2-841A-BDDCFA288314}.Ad-Hoc|Any CPU.Build.0 = Release|Any CPU
		{FF338A7B-0E28-42A2-841A-BDDCFA288314}.Ad-Hoc|Any CPU.Deploy.0 = Release|Any CPU
		{FF338A7B-0E28-42A2-841A-BDDCFA288314}.Ad-Hoc|ARM.ActiveCfg = Release|Any CPU
		{FF338A7B-0E28-42A2-841A-BDDCFA288314}.Ad-Hoc|iPhone.ActiveCfg = Release|Any CPU
		{FF338A7B-0E28-42A2-841A-BDDCFA288314}.Ad-Hoc|iPhoneSimulator.ActiveCfg = Release|Any CPU
		{FF338A7B-0E28-42A2-841A-BDDCFA288314}.Ad-Hoc|Mixed Platforms.ActiveCfg = Release|Any CPU
		{FF338A7B-0E28-42A2-841A-BDDCFA288314}.Ad-Hoc|Mixed Platforms.Build.0 = Release|Any CPU
		{FF338A7B-0E28-42A2-841A-BDDCFA288314}.Ad-Hoc|Mixed Platforms.Deploy.0 = Release|Any CPU
		{FF338A7B-0E28-42A2-841A-BDDCFA288314}.Ad-Hoc|x86.ActiveCfg = Release|Any CPU
		{FF338A7B-0E28-42A2-841A-BDDCFA288314}.AppStore|Any CPU.ActiveCfg = Release|Any CPU
		{FF338A7B-0E28-42A2-841A-BDDCFA288314}.AppStore|Any CPU.Build.0 = Release|Any CPU
		{FF338A7B-0E28-42A2-841A-BDDCFA288314}.AppStore|Any CPU.Deploy.0 = Release|Any CPU
		{FF338A7B-0E28-42A2-841A-BDDCFA288314}.AppStore|ARM.ActiveCfg = Release|Any CPU
		{FF338A7B-0E28-42A2-841A-BDDCFA288314}.AppStore|iPhone.ActiveCfg = Release|Any CPU
		{FF338A7B-0E28-42A2-841A-BDDCFA288314}.AppStore|iPhoneSimulator.ActiveCfg = Release|Any CPU
		{FF338A7B-0E28-42A2-841A-BDDCFA288314}.AppStore|Mixed Platforms.ActiveCfg = Release|Any CPU
		{FF338A7B-0E28-42A2-841A-BDDCFA288314}.AppStore|Mixed Platforms.Build.0 = Release|Any CPU
		{FF338A7B-0E28-42A2-841A-BDDCFA288314}.AppStore|Mixed Platforms.Deploy.0 = Release|Any CPU
		{FF338A7B-0E28-42A2-841A-BDDCFA288314}.AppStore|x86.ActiveCfg = Release|Any CPU
		{FF338A7B-0E28-42A2-841A-BDDCFA288314}.Debug|Any CPU.ActiveCfg = Debug|Any CPU
		{FF338A7B-0E28-42A2-841A-BDDCFA288314}.Debug|Any CPU.Build.0 = Debug|Any CPU
		{FF338A7B-0E28-42A2-841A-BDDCFA288314}.Debug|Any CPU.Deploy.0 = Debug|Any CPU
		{FF338A7B-0E28-42A2-841A-BDDCFA288314}.Debug|ARM.ActiveCfg = Debug|Any CPU
		{FF338A7B-0E28-42A2-841A-BDDCFA288314}.Debug|iPhone.ActiveCfg = Debug|Any CPU
		{FF338A7B-0E28-42A2-841A-BDDCFA288314}.Debug|iPhoneSimulator.ActiveCfg = Debug|Any CPU
		{FF338A7B-0E28-42A2-841A-BDDCFA288314}.Debug|Mixed Platforms.ActiveCfg = Debug|Any CPU
		{FF338A7B-0E28-42A2-841A-BDDCFA288314}.Debug|Mixed Platforms.Build.0 = Debug|Any CPU
		{FF338A7B-0E28-42A2-841A-BDDCFA288314}.Debug|Mixed Platforms.Deploy.0 = Debug|Any CPU
		{FF338A7B-0E28-42A2-841A-BDDCFA288314}.Debug|x86.ActiveCfg = Debug|Any CPU
		{FF338A7B-0E28-42A2-841A-BDDCFA288314}.Release|Any CPU.ActiveCfg = Release|Any CPU
		{FF338A7B-0E28-42A2-841A-BDDCFA288314}.Release|Any CPU.Build.0 = Release|Any CPU
		{FF338A7B-0E28-42A2-841A-BDDCFA288314}.Release|Any CPU.Deploy.0 = Release|Any CPU
		{FF338A7B-0E28-42A2-841A-BDDCFA288314}.Release|ARM.ActiveCfg = Release|Any CPU
		{FF338A7B-0E28-42A2-841A-BDDCFA288314}.Release|iPhone.ActiveCfg = Release|Any CPU
		{FF338A7B-0E28-42A2-841A-BDDCFA288314}.Release|iPhoneSimulator.ActiveCfg = Release|Any CPU
		{FF338A7B-0E28-42A2-841A-BDDCFA288314}.Release|Mixed Platforms.ActiveCfg = Release|Any CPU
		{FF338A7B-0E28-42A2-841A-BDDCFA288314}.Release|Mixed Platforms.Build.0 = Release|Any CPU
		{FF338A7B-0E28-42A2-841A-BDDCFA288314}.Release|Mixed Platforms.Deploy.0 = Release|Any CPU
		{FF338A7B-0E28-42A2-841A-BDDCFA288314}.Release|x86.ActiveCfg = Release|Any CPU
		{7AC0A274-733B-4A47-B566-AFCB864AC876}.Ad-Hoc|Any CPU.ActiveCfg = Release|Any CPU
		{7AC0A274-733B-4A47-B566-AFCB864AC876}.Ad-Hoc|Any CPU.Build.0 = Release|Any CPU
		{7AC0A274-733B-4A47-B566-AFCB864AC876}.Ad-Hoc|Any CPU.Deploy.0 = Release|Any CPU
		{7AC0A274-733B-4A47-B566-AFCB864AC876}.Ad-Hoc|ARM.ActiveCfg = Release|ARM
		{7AC0A274-733B-4A47-B566-AFCB864AC876}.Ad-Hoc|ARM.Build.0 = Release|ARM
		{7AC0A274-733B-4A47-B566-AFCB864AC876}.Ad-Hoc|ARM.Deploy.0 = Release|ARM
		{7AC0A274-733B-4A47-B566-AFCB864AC876}.Ad-Hoc|iPhone.ActiveCfg = Release|Any CPU
		{7AC0A274-733B-4A47-B566-AFCB864AC876}.Ad-Hoc|iPhoneSimulator.ActiveCfg = Release|Any CPU
		{7AC0A274-733B-4A47-B566-AFCB864AC876}.Ad-Hoc|Mixed Platforms.ActiveCfg = Release|x86
		{7AC0A274-733B-4A47-B566-AFCB864AC876}.Ad-Hoc|Mixed Platforms.Build.0 = Release|x86
		{7AC0A274-733B-4A47-B566-AFCB864AC876}.Ad-Hoc|Mixed Platforms.Deploy.0 = Release|x86
		{7AC0A274-733B-4A47-B566-AFCB864AC876}.Ad-Hoc|x86.ActiveCfg = Release|x86
		{7AC0A274-733B-4A47-B566-AFCB864AC876}.Ad-Hoc|x86.Build.0 = Release|x86
		{7AC0A274-733B-4A47-B566-AFCB864AC876}.Ad-Hoc|x86.Deploy.0 = Release|x86
		{7AC0A274-733B-4A47-B566-AFCB864AC876}.AppStore|Any CPU.ActiveCfg = Release|Any CPU
		{7AC0A274-733B-4A47-B566-AFCB864AC876}.AppStore|Any CPU.Build.0 = Release|Any CPU
		{7AC0A274-733B-4A47-B566-AFCB864AC876}.AppStore|Any CPU.Deploy.0 = Release|Any CPU
		{7AC0A274-733B-4A47-B566-AFCB864AC876}.AppStore|ARM.ActiveCfg = Release|ARM
		{7AC0A274-733B-4A47-B566-AFCB864AC876}.AppStore|ARM.Build.0 = Release|ARM
		{7AC0A274-733B-4A47-B566-AFCB864AC876}.AppStore|ARM.Deploy.0 = Release|ARM
		{7AC0A274-733B-4A47-B566-AFCB864AC876}.AppStore|iPhone.ActiveCfg = Release|Any CPU
		{7AC0A274-733B-4A47-B566-AFCB864AC876}.AppStore|iPhoneSimulator.ActiveCfg = Release|Any CPU
		{7AC0A274-733B-4A47-B566-AFCB864AC876}.AppStore|Mixed Platforms.ActiveCfg = Release|x86
		{7AC0A274-733B-4A47-B566-AFCB864AC876}.AppStore|Mixed Platforms.Build.0 = Release|x86
		{7AC0A274-733B-4A47-B566-AFCB864AC876}.AppStore|Mixed Platforms.Deploy.0 = Release|x86
		{7AC0A274-733B-4A47-B566-AFCB864AC876}.AppStore|x86.ActiveCfg = Release|x86
		{7AC0A274-733B-4A47-B566-AFCB864AC876}.AppStore|x86.Build.0 = Release|x86
		{7AC0A274-733B-4A47-B566-AFCB864AC876}.AppStore|x86.Deploy.0 = Release|x86
		{7AC0A274-733B-4A47-B566-AFCB864AC876}.Debug|Any CPU.ActiveCfg = Debug|Any CPU
		{7AC0A274-733B-4A47-B566-AFCB864AC876}.Debug|Any CPU.Build.0 = Debug|Any CPU
		{7AC0A274-733B-4A47-B566-AFCB864AC876}.Debug|Any CPU.Deploy.0 = Debug|Any CPU
		{7AC0A274-733B-4A47-B566-AFCB864AC876}.Debug|ARM.ActiveCfg = Debug|ARM
		{7AC0A274-733B-4A47-B566-AFCB864AC876}.Debug|ARM.Build.0 = Debug|ARM
		{7AC0A274-733B-4A47-B566-AFCB864AC876}.Debug|ARM.Deploy.0 = Debug|ARM
		{7AC0A274-733B-4A47-B566-AFCB864AC876}.Debug|iPhone.ActiveCfg = Debug|Any CPU
		{7AC0A274-733B-4A47-B566-AFCB864AC876}.Debug|iPhoneSimulator.ActiveCfg = Debug|Any CPU
		{7AC0A274-733B-4A47-B566-AFCB864AC876}.Debug|Mixed Platforms.ActiveCfg = Debug|x86
		{7AC0A274-733B-4A47-B566-AFCB864AC876}.Debug|Mixed Platforms.Build.0 = Debug|x86
		{7AC0A274-733B-4A47-B566-AFCB864AC876}.Debug|Mixed Platforms.Deploy.0 = Debug|x86
		{7AC0A274-733B-4A47-B566-AFCB864AC876}.Debug|x86.ActiveCfg = Debug|x86
		{7AC0A274-733B-4A47-B566-AFCB864AC876}.Debug|x86.Build.0 = Debug|x86
		{7AC0A274-733B-4A47-B566-AFCB864AC876}.Debug|x86.Deploy.0 = Debug|x86
		{7AC0A274-733B-4A47-B566-AFCB864AC876}.Release|Any CPU.ActiveCfg = Release|Any CPU
		{7AC0A274-733B-4A47-B566-AFCB864AC876}.Release|Any CPU.Build.0 = Release|Any CPU
		{7AC0A274-733B-4A47-B566-AFCB864AC876}.Release|Any CPU.Deploy.0 = Release|Any CPU
		{7AC0A274-733B-4A47-B566-AFCB864AC876}.Release|ARM.ActiveCfg = Release|ARM
		{7AC0A274-733B-4A47-B566-AFCB864AC876}.Release|ARM.Build.0 = Release|ARM
		{7AC0A274-733B-4A47-B566-AFCB864AC876}.Release|ARM.Deploy.0 = Release|ARM
		{7AC0A274-733B-4A47-B566-AFCB864AC876}.Release|iPhone.ActiveCfg = Release|Any CPU
		{7AC0A274-733B-4A47-B566-AFCB864AC876}.Release|iPhoneSimulator.ActiveCfg = Release|Any CPU
		{7AC0A274-733B-4A47-B566-AFCB864AC876}.Release|Mixed Platforms.ActiveCfg = Release|x86
		{7AC0A274-733B-4A47-B566-AFCB864AC876}.Release|Mixed Platforms.Build.0 = Release|x86
		{7AC0A274-733B-4A47-B566-AFCB864AC876}.Release|Mixed Platforms.Deploy.0 = Release|x86
		{7AC0A274-733B-4A47-B566-AFCB864AC876}.Release|x86.ActiveCfg = Release|x86
		{7AC0A274-733B-4A47-B566-AFCB864AC876}.Release|x86.Build.0 = Release|x86
		{7AC0A274-733B-4A47-B566-AFCB864AC876}.Release|x86.Deploy.0 = Release|x86
		{67F9D3A8-F71E-4428-913F-C37AE82CDB24}.Ad-Hoc|Any CPU.ActiveCfg = Release|Any CPU
		{67F9D3A8-F71E-4428-913F-C37AE82CDB24}.Ad-Hoc|Any CPU.Build.0 = Release|Any CPU
		{67F9D3A8-F71E-4428-913F-C37AE82CDB24}.Ad-Hoc|ARM.ActiveCfg = Release|Any CPU
		{67F9D3A8-F71E-4428-913F-C37AE82CDB24}.Ad-Hoc|iPhone.ActiveCfg = Release|Any CPU
		{67F9D3A8-F71E-4428-913F-C37AE82CDB24}.Ad-Hoc|iPhoneSimulator.ActiveCfg = Release|Any CPU
		{67F9D3A8-F71E-4428-913F-C37AE82CDB24}.Ad-Hoc|Mixed Platforms.ActiveCfg = Release|Any CPU
		{67F9D3A8-F71E-4428-913F-C37AE82CDB24}.Ad-Hoc|Mixed Platforms.Build.0 = Release|Any CPU
		{67F9D3A8-F71E-4428-913F-C37AE82CDB24}.Ad-Hoc|x86.ActiveCfg = Release|Any CPU
		{67F9D3A8-F71E-4428-913F-C37AE82CDB24}.AppStore|Any CPU.ActiveCfg = Release|Any CPU
		{67F9D3A8-F71E-4428-913F-C37AE82CDB24}.AppStore|Any CPU.Build.0 = Release|Any CPU
		{67F9D3A8-F71E-4428-913F-C37AE82CDB24}.AppStore|ARM.ActiveCfg = Release|Any CPU
		{67F9D3A8-F71E-4428-913F-C37AE82CDB24}.AppStore|iPhone.ActiveCfg = Release|Any CPU
		{67F9D3A8-F71E-4428-913F-C37AE82CDB24}.AppStore|iPhoneSimulator.ActiveCfg = Release|Any CPU
		{67F9D3A8-F71E-4428-913F-C37AE82CDB24}.AppStore|Mixed Platforms.ActiveCfg = Release|Any CPU
		{67F9D3A8-F71E-4428-913F-C37AE82CDB24}.AppStore|Mixed Platforms.Build.0 = Release|Any CPU
		{67F9D3A8-F71E-4428-913F-C37AE82CDB24}.AppStore|x86.ActiveCfg = Release|Any CPU
		{67F9D3A8-F71E-4428-913F-C37AE82CDB24}.Debug|Any CPU.ActiveCfg = Debug|Any CPU
		{67F9D3A8-F71E-4428-913F-C37AE82CDB24}.Debug|Any CPU.Build.0 = Debug|Any CPU
		{67F9D3A8-F71E-4428-913F-C37AE82CDB24}.Debug|ARM.ActiveCfg = Debug|Any CPU
		{67F9D3A8-F71E-4428-913F-C37AE82CDB24}.Debug|iPhone.ActiveCfg = Debug|Any CPU
		{67F9D3A8-F71E-4428-913F-C37AE82CDB24}.Debug|iPhoneSimulator.ActiveCfg = Debug|Any CPU
		{67F9D3A8-F71E-4428-913F-C37AE82CDB24}.Debug|Mixed Platforms.ActiveCfg = Debug|Any CPU
		{67F9D3A8-F71E-4428-913F-C37AE82CDB24}.Debug|Mixed Platforms.Build.0 = Debug|Any CPU
		{67F9D3A8-F71E-4428-913F-C37AE82CDB24}.Debug|x86.ActiveCfg = Debug|Any CPU
		{67F9D3A8-F71E-4428-913F-C37AE82CDB24}.Release|Any CPU.ActiveCfg = Release|Any CPU
		{67F9D3A8-F71E-4428-913F-C37AE82CDB24}.Release|Any CPU.Build.0 = Release|Any CPU
		{67F9D3A8-F71E-4428-913F-C37AE82CDB24}.Release|ARM.ActiveCfg = Release|Any CPU
		{67F9D3A8-F71E-4428-913F-C37AE82CDB24}.Release|iPhone.ActiveCfg = Release|Any CPU
		{67F9D3A8-F71E-4428-913F-C37AE82CDB24}.Release|iPhoneSimulator.ActiveCfg = Release|Any CPU
		{67F9D3A8-F71E-4428-913F-C37AE82CDB24}.Release|Mixed Platforms.ActiveCfg = Release|Any CPU
		{67F9D3A8-F71E-4428-913F-C37AE82CDB24}.Release|Mixed Platforms.Build.0 = Release|Any CPU
		{67F9D3A8-F71E-4428-913F-C37AE82CDB24}.Release|x86.ActiveCfg = Release|Any CPU
		{65B0044A-2F4C-49FC-8F09-6D5860806438}.Ad-Hoc|Any CPU.ActiveCfg = Release|Any CPU
		{65B0044A-2F4C-49FC-8F09-6D5860806438}.Ad-Hoc|Any CPU.Build.0 = Release|Any CPU
		{65B0044A-2F4C-49FC-8F09-6D5860806438}.Ad-Hoc|ARM.ActiveCfg = Release|Any CPU
		{65B0044A-2F4C-49FC-8F09-6D5860806438}.Ad-Hoc|iPhone.ActiveCfg = Release|Any CPU
		{65B0044A-2F4C-49FC-8F09-6D5860806438}.Ad-Hoc|iPhoneSimulator.ActiveCfg = Release|Any CPU
		{65B0044A-2F4C-49FC-8F09-6D5860806438}.Ad-Hoc|Mixed Platforms.ActiveCfg = Release|Any CPU
		{65B0044A-2F4C-49FC-8F09-6D5860806438}.Ad-Hoc|Mixed Platforms.Build.0 = Release|Any CPU
		{65B0044A-2F4C-49FC-8F09-6D5860806438}.Ad-Hoc|x86.ActiveCfg = Release|Any CPU
		{65B0044A-2F4C-49FC-8F09-6D5860806438}.AppStore|Any CPU.ActiveCfg = Release|Any CPU
		{65B0044A-2F4C-49FC-8F09-6D5860806438}.AppStore|Any CPU.Build.0 = Release|Any CPU
		{65B0044A-2F4C-49FC-8F09-6D5860806438}.AppStore|ARM.ActiveCfg = Release|Any CPU
		{65B0044A-2F4C-49FC-8F09-6D5860806438}.AppStore|iPhone.ActiveCfg = Release|Any CPU
		{65B0044A-2F4C-49FC-8F09-6D5860806438}.AppStore|iPhoneSimulator.ActiveCfg = Release|Any CPU
		{65B0044A-2F4C-49FC-8F09-6D5860806438}.AppStore|Mixed Platforms.ActiveCfg = Release|Any CPU
		{65B0044A-2F4C-49FC-8F09-6D5860806438}.AppStore|Mixed Platforms.Build.0 = Release|Any CPU
		{65B0044A-2F4C-49FC-8F09-6D5860806438}.AppStore|x86.ActiveCfg = Release|Any CPU
		{65B0044A-2F4C-49FC-8F09-6D5860806438}.Debug|Any CPU.ActiveCfg = Debug|Any CPU
		{65B0044A-2F4C-49FC-8F09-6D5860806438}.Debug|Any CPU.Build.0 = Debug|Any CPU
		{65B0044A-2F4C-49FC-8F09-6D5860806438}.Debug|ARM.ActiveCfg = Debug|Any CPU
		{65B0044A-2F4C-49FC-8F09-6D5860806438}.Debug|iPhone.ActiveCfg = Debug|Any CPU
		{65B0044A-2F4C-49FC-8F09-6D5860806438}.Debug|iPhoneSimulator.ActiveCfg = Debug|Any CPU
		{65B0044A-2F4C-49FC-8F09-6D5860806438}.Debug|Mixed Platforms.ActiveCfg = Debug|Any CPU
		{65B0044A-2F4C-49FC-8F09-6D5860806438}.Debug|Mixed Platforms.Build.0 = Debug|Any CPU
		{65B0044A-2F4C-49FC-8F09-6D5860806438}.Debug|x86.ActiveCfg = Debug|Any CPU
		{65B0044A-2F4C-49FC-8F09-6D5860806438}.Release|Any CPU.ActiveCfg = Release|Any CPU
		{65B0044A-2F4C-49FC-8F09-6D5860806438}.Release|Any CPU.Build.0 = Release|Any CPU
		{65B0044A-2F4C-49FC-8F09-6D5860806438}.Release|ARM.ActiveCfg = Release|Any CPU
		{65B0044A-2F4C-49FC-8F09-6D5860806438}.Release|iPhone.ActiveCfg = Release|Any CPU
		{65B0044A-2F4C-49FC-8F09-6D5860806438}.Release|iPhoneSimulator.ActiveCfg = Release|Any CPU
		{65B0044A-2F4C-49FC-8F09-6D5860806438}.Release|Mixed Platforms.ActiveCfg = Release|Any CPU
		{65B0044A-2F4C-49FC-8F09-6D5860806438}.Release|Mixed Platforms.Build.0 = Release|Any CPU
		{65B0044A-2F4C-49FC-8F09-6D5860806438}.Release|x86.ActiveCfg = Release|Any CPU
		{110A5637-58EE-4C2F-BB49-08D6D64C93D8}.Ad-Hoc|Any CPU.ActiveCfg = Release|Any CPU
		{110A5637-58EE-4C2F-BB49-08D6D64C93D8}.Ad-Hoc|Any CPU.Build.0 = Release|Any CPU
		{110A5637-58EE-4C2F-BB49-08D6D64C93D8}.Ad-Hoc|ARM.ActiveCfg = Release|Any CPU
		{110A5637-58EE-4C2F-BB49-08D6D64C93D8}.Ad-Hoc|iPhone.ActiveCfg = Release|Any CPU
		{110A5637-58EE-4C2F-BB49-08D6D64C93D8}.Ad-Hoc|iPhoneSimulator.ActiveCfg = Release|Any CPU
		{110A5637-58EE-4C2F-BB49-08D6D64C93D8}.Ad-Hoc|Mixed Platforms.ActiveCfg = Release|Any CPU
		{110A5637-58EE-4C2F-BB49-08D6D64C93D8}.Ad-Hoc|Mixed Platforms.Build.0 = Release|Any CPU
		{110A5637-58EE-4C2F-BB49-08D6D64C93D8}.Ad-Hoc|x86.ActiveCfg = Release|Any CPU
		{110A5637-58EE-4C2F-BB49-08D6D64C93D8}.AppStore|Any CPU.ActiveCfg = Release|Any CPU
		{110A5637-58EE-4C2F-BB49-08D6D64C93D8}.AppStore|Any CPU.Build.0 = Release|Any CPU
		{110A5637-58EE-4C2F-BB49-08D6D64C93D8}.AppStore|ARM.ActiveCfg = Release|Any CPU
		{110A5637-58EE-4C2F-BB49-08D6D64C93D8}.AppStore|iPhone.ActiveCfg = Release|Any CPU
		{110A5637-58EE-4C2F-BB49-08D6D64C93D8}.AppStore|iPhoneSimulator.ActiveCfg = Release|Any CPU
		{110A5637-58EE-4C2F-BB49-08D6D64C93D8}.AppStore|Mixed Platforms.ActiveCfg = Release|Any CPU
		{110A5637-58EE-4C2F-BB49-08D6D64C93D8}.AppStore|Mixed Platforms.Build.0 = Release|Any CPU
		{110A5637-58EE-4C2F-BB49-08D6D64C93D8}.AppStore|x86.ActiveCfg = Release|Any CPU
		{110A5637-58EE-4C2F-BB49-08D6D64C93D8}.Debug|Any CPU.ActiveCfg = Debug|Any CPU
		{110A5637-58EE-4C2F-BB49-08D6D64C93D8}.Debug|Any CPU.Build.0 = Debug|Any CPU
		{110A5637-58EE-4C2F-BB49-08D6D64C93D8}.Debug|ARM.ActiveCfg = Debug|Any CPU
		{110A5637-58EE-4C2F-BB49-08D6D64C93D8}.Debug|iPhone.ActiveCfg = Debug|Any CPU
		{110A5637-58EE-4C2F-BB49-08D6D64C93D8}.Debug|iPhoneSimulator.ActiveCfg = Debug|Any CPU
		{110A5637-58EE-4C2F-BB49-08D6D64C93D8}.Debug|Mixed Platforms.ActiveCfg = Debug|Any CPU
		{110A5637-58EE-4C2F-BB49-08D6D64C93D8}.Debug|Mixed Platforms.Build.0 = Debug|Any CPU
		{110A5637-58EE-4C2F-BB49-08D6D64C93D8}.Debug|x86.ActiveCfg = Debug|Any CPU
		{110A5637-58EE-4C2F-BB49-08D6D64C93D8}.Release|Any CPU.ActiveCfg = Release|Any CPU
		{110A5637-58EE-4C2F-BB49-08D6D64C93D8}.Release|Any CPU.Build.0 = Release|Any CPU
		{110A5637-58EE-4C2F-BB49-08D6D64C93D8}.Release|ARM.ActiveCfg = Release|Any CPU
		{110A5637-58EE-4C2F-BB49-08D6D64C93D8}.Release|iPhone.ActiveCfg = Release|Any CPU
		{110A5637-58EE-4C2F-BB49-08D6D64C93D8}.Release|iPhoneSimulator.ActiveCfg = Release|Any CPU
		{110A5637-58EE-4C2F-BB49-08D6D64C93D8}.Release|Mixed Platforms.ActiveCfg = Release|Any CPU
		{110A5637-58EE-4C2F-BB49-08D6D64C93D8}.Release|Mixed Platforms.Build.0 = Release|Any CPU
		{110A5637-58EE-4C2F-BB49-08D6D64C93D8}.Release|x86.ActiveCfg = Release|Any CPU
		{5BB56754-2D86-41D7-B42C-8299ED398511}.Ad-Hoc|Any CPU.ActiveCfg = Release|Any CPU
		{5BB56754-2D86-41D7-B42C-8299ED398511}.Ad-Hoc|Any CPU.Build.0 = Release|Any CPU
		{5BB56754-2D86-41D7-B42C-8299ED398511}.Ad-Hoc|ARM.ActiveCfg = Release|Any CPU
		{5BB56754-2D86-41D7-B42C-8299ED398511}.Ad-Hoc|iPhone.ActiveCfg = Release|Any CPU
		{5BB56754-2D86-41D7-B42C-8299ED398511}.Ad-Hoc|iPhoneSimulator.ActiveCfg = Release|Any CPU
		{5BB56754-2D86-41D7-B42C-8299ED398511}.Ad-Hoc|Mixed Platforms.ActiveCfg = Release|Any CPU
		{5BB56754-2D86-41D7-B42C-8299ED398511}.Ad-Hoc|Mixed Platforms.Build.0 = Release|Any CPU
		{5BB56754-2D86-41D7-B42C-8299ED398511}.Ad-Hoc|x86.ActiveCfg = Release|Any CPU
		{5BB56754-2D86-41D7-B42C-8299ED398511}.AppStore|Any CPU.ActiveCfg = Release|Any CPU
		{5BB56754-2D86-41D7-B42C-8299ED398511}.AppStore|Any CPU.Build.0 = Release|Any CPU
		{5BB56754-2D86-41D7-B42C-8299ED398511}.AppStore|ARM.ActiveCfg = Release|Any CPU
		{5BB56754-2D86-41D7-B42C-8299ED398511}.AppStore|iPhone.ActiveCfg = Release|Any CPU
		{5BB56754-2D86-41D7-B42C-8299ED398511}.AppStore|iPhoneSimulator.ActiveCfg = Release|Any CPU
		{5BB56754-2D86-41D7-B42C-8299ED398511}.AppStore|Mixed Platforms.ActiveCfg = Release|Any CPU
		{5BB56754-2D86-41D7-B42C-8299ED398511}.AppStore|Mixed Platforms.Build.0 = Release|Any CPU
		{5BB56754-2D86-41D7-B42C-8299ED398511}.AppStore|x86.ActiveCfg = Release|Any CPU
		{5BB56754-2D86-41D7-B42C-8299ED398511}.Debug|Any CPU.ActiveCfg = Debug|Any CPU
		{5BB56754-2D86-41D7-B42C-8299ED398511}.Debug|Any CPU.Build.0 = Debug|Any CPU
		{5BB56754-2D86-41D7-B42C-8299ED398511}.Debug|ARM.ActiveCfg = Debug|Any CPU
		{5BB56754-2D86-41D7-B42C-8299ED398511}.Debug|iPhone.ActiveCfg = Debug|Any CPU
		{5BB56754-2D86-41D7-B42C-8299ED398511}.Debug|iPhoneSimulator.ActiveCfg = Debug|Any CPU
		{5BB56754-2D86-41D7-B42C-8299ED398511}.Debug|Mixed Platforms.ActiveCfg = Debug|Any CPU
		{5BB56754-2D86-41D7-B42C-8299ED398511}.Debug|Mixed Platforms.Build.0 = Debug|Any CPU
		{5BB56754-2D86-41D7-B42C-8299ED398511}.Debug|x86.ActiveCfg = Debug|Any CPU
		{5BB56754-2D86-41D7-B42C-8299ED398511}.Release|Any CPU.ActiveCfg = Release|Any CPU
		{5BB56754-2D86-41D7-B42C-8299ED398511}.Release|Any CPU.Build.0 = Release|Any CPU
		{5BB56754-2D86-41D7-B42C-8299ED398511}.Release|ARM.ActiveCfg = Release|Any CPU
		{5BB56754-2D86-41D7-B42C-8299ED398511}.Release|iPhone.ActiveCfg = Release|Any CPU
		{5BB56754-2D86-41D7-B42C-8299ED398511}.Release|iPhoneSimulator.ActiveCfg = Release|Any CPU
		{5BB56754-2D86-41D7-B42C-8299ED398511}.Release|Mixed Platforms.ActiveCfg = Release|Any CPU
		{5BB56754-2D86-41D7-B42C-8299ED398511}.Release|Mixed Platforms.Build.0 = Release|Any CPU
		{5BB56754-2D86-41D7-B42C-8299ED398511}.Release|x86.ActiveCfg = Release|Any CPU
		{CDAE96FE-5E27-4674-80F6-1CE45BD0F487}.Ad-Hoc|Any CPU.ActiveCfg = Release|Any CPU
		{CDAE96FE-5E27-4674-80F6-1CE45BD0F487}.Ad-Hoc|Any CPU.Build.0 = Release|Any CPU
		{CDAE96FE-5E27-4674-80F6-1CE45BD0F487}.Ad-Hoc|ARM.ActiveCfg = Release|ARM
		{CDAE96FE-5E27-4674-80F6-1CE45BD0F487}.Ad-Hoc|ARM.Build.0 = Release|ARM
		{CDAE96FE-5E27-4674-80F6-1CE45BD0F487}.Ad-Hoc|iPhone.ActiveCfg = Release|Any CPU
		{CDAE96FE-5E27-4674-80F6-1CE45BD0F487}.Ad-Hoc|iPhoneSimulator.ActiveCfg = Release|Any CPU
		{CDAE96FE-5E27-4674-80F6-1CE45BD0F487}.Ad-Hoc|Mixed Platforms.ActiveCfg = Release|x86
		{CDAE96FE-5E27-4674-80F6-1CE45BD0F487}.Ad-Hoc|Mixed Platforms.Build.0 = Release|x86
		{CDAE96FE-5E27-4674-80F6-1CE45BD0F487}.Ad-Hoc|x86.ActiveCfg = Release|x86
		{CDAE96FE-5E27-4674-80F6-1CE45BD0F487}.Ad-Hoc|x86.Build.0 = Release|x86
		{CDAE96FE-5E27-4674-80F6-1CE45BD0F487}.AppStore|Any CPU.ActiveCfg = Release|Any CPU
		{CDAE96FE-5E27-4674-80F6-1CE45BD0F487}.AppStore|Any CPU.Build.0 = Release|Any CPU
		{CDAE96FE-5E27-4674-80F6-1CE45BD0F487}.AppStore|ARM.ActiveCfg = Release|ARM
		{CDAE96FE-5E27-4674-80F6-1CE45BD0F487}.AppStore|ARM.Build.0 = Release|ARM
		{CDAE96FE-5E27-4674-80F6-1CE45BD0F487}.AppStore|iPhone.ActiveCfg = Release|Any CPU
		{CDAE96FE-5E27-4674-80F6-1CE45BD0F487}.AppStore|iPhoneSimulator.ActiveCfg = Release|Any CPU
		{CDAE96FE-5E27-4674-80F6-1CE45BD0F487}.AppStore|Mixed Platforms.ActiveCfg = Release|x86
		{CDAE96FE-5E27-4674-80F6-1CE45BD0F487}.AppStore|Mixed Platforms.Build.0 = Release|x86
		{CDAE96FE-5E27-4674-80F6-1CE45BD0F487}.AppStore|x86.ActiveCfg = Release|x86
		{CDAE96FE-5E27-4674-80F6-1CE45BD0F487}.AppStore|x86.Build.0 = Release|x86
		{CDAE96FE-5E27-4674-80F6-1CE45BD0F487}.Debug|Any CPU.ActiveCfg = Debug|Any CPU
		{CDAE96FE-5E27-4674-80F6-1CE45BD0F487}.Debug|Any CPU.Build.0 = Debug|Any CPU
		{CDAE96FE-5E27-4674-80F6-1CE45BD0F487}.Debug|ARM.ActiveCfg = Debug|ARM
		{CDAE96FE-5E27-4674-80F6-1CE45BD0F487}.Debug|ARM.Build.0 = Debug|ARM
		{CDAE96FE-5E27-4674-80F6-1CE45BD0F487}.Debug|iPhone.ActiveCfg = Debug|Any CPU
		{CDAE96FE-5E27-4674-80F6-1CE45BD0F487}.Debug|iPhoneSimulator.ActiveCfg = Debug|Any CPU
		{CDAE96FE-5E27-4674-80F6-1CE45BD0F487}.Debug|Mixed Platforms.ActiveCfg = Debug|x86
		{CDAE96FE-5E27-4674-80F6-1CE45BD0F487}.Debug|Mixed Platforms.Build.0 = Debug|x86
		{CDAE96FE-5E27-4674-80F6-1CE45BD0F487}.Debug|x86.ActiveCfg = Debug|x86
		{CDAE96FE-5E27-4674-80F6-1CE45BD0F487}.Debug|x86.Build.0 = Debug|x86
		{CDAE96FE-5E27-4674-80F6-1CE45BD0F487}.Release|Any CPU.ActiveCfg = Release|Any CPU
		{CDAE96FE-5E27-4674-80F6-1CE45BD0F487}.Release|Any CPU.Build.0 = Release|Any CPU
		{CDAE96FE-5E27-4674-80F6-1CE45BD0F487}.Release|ARM.ActiveCfg = Release|ARM
		{CDAE96FE-5E27-4674-80F6-1CE45BD0F487}.Release|ARM.Build.0 = Release|ARM
		{CDAE96FE-5E27-4674-80F6-1CE45BD0F487}.Release|iPhone.ActiveCfg = Release|Any CPU
		{CDAE96FE-5E27-4674-80F6-1CE45BD0F487}.Release|iPhoneSimulator.ActiveCfg = Release|Any CPU
		{CDAE96FE-5E27-4674-80F6-1CE45BD0F487}.Release|Mixed Platforms.ActiveCfg = Release|x86
		{CDAE96FE-5E27-4674-80F6-1CE45BD0F487}.Release|Mixed Platforms.Build.0 = Release|x86
		{CDAE96FE-5E27-4674-80F6-1CE45BD0F487}.Release|x86.ActiveCfg = Release|x86
		{CDAE96FE-5E27-4674-80F6-1CE45BD0F487}.Release|x86.Build.0 = Release|x86
		{237A1161-4BD8-4231-9D06-DFB2D1D2DD0F}.Ad-Hoc|Any CPU.ActiveCfg = Release|Any CPU
		{237A1161-4BD8-4231-9D06-DFB2D1D2DD0F}.Ad-Hoc|Any CPU.Build.0 = Release|Any CPU
		{237A1161-4BD8-4231-9D06-DFB2D1D2DD0F}.Ad-Hoc|ARM.ActiveCfg = Release|Any CPU
		{237A1161-4BD8-4231-9D06-DFB2D1D2DD0F}.Ad-Hoc|iPhone.ActiveCfg = Release|Any CPU
		{237A1161-4BD8-4231-9D06-DFB2D1D2DD0F}.Ad-Hoc|iPhoneSimulator.ActiveCfg = Release|Any CPU
		{237A1161-4BD8-4231-9D06-DFB2D1D2DD0F}.Ad-Hoc|Mixed Platforms.ActiveCfg = Release|Any CPU
		{237A1161-4BD8-4231-9D06-DFB2D1D2DD0F}.Ad-Hoc|Mixed Platforms.Build.0 = Release|Any CPU
		{237A1161-4BD8-4231-9D06-DFB2D1D2DD0F}.Ad-Hoc|x86.ActiveCfg = Release|Any CPU
		{237A1161-4BD8-4231-9D06-DFB2D1D2DD0F}.AppStore|Any CPU.ActiveCfg = Release|Any CPU
		{237A1161-4BD8-4231-9D06-DFB2D1D2DD0F}.AppStore|Any CPU.Build.0 = Release|Any CPU
		{237A1161-4BD8-4231-9D06-DFB2D1D2DD0F}.AppStore|ARM.ActiveCfg = Release|Any CPU
		{237A1161-4BD8-4231-9D06-DFB2D1D2DD0F}.AppStore|iPhone.ActiveCfg = Release|Any CPU
		{237A1161-4BD8-4231-9D06-DFB2D1D2DD0F}.AppStore|iPhoneSimulator.ActiveCfg = Release|Any CPU
		{237A1161-4BD8-4231-9D06-DFB2D1D2DD0F}.AppStore|Mixed Platforms.ActiveCfg = Release|Any CPU
		{237A1161-4BD8-4231-9D06-DFB2D1D2DD0F}.AppStore|Mixed Platforms.Build.0 = Release|Any CPU
		{237A1161-4BD8-4231-9D06-DFB2D1D2DD0F}.AppStore|x86.ActiveCfg = Release|Any CPU
		{237A1161-4BD8-4231-9D06-DFB2D1D2DD0F}.Debug|Any CPU.ActiveCfg = Debug|Any CPU
		{237A1161-4BD8-4231-9D06-DFB2D1D2DD0F}.Debug|Any CPU.Build.0 = Debug|Any CPU
		{237A1161-4BD8-4231-9D06-DFB2D1D2DD0F}.Debug|ARM.ActiveCfg = Debug|Any CPU
		{237A1161-4BD8-4231-9D06-DFB2D1D2DD0F}.Debug|iPhone.ActiveCfg = Debug|Any CPU
		{237A1161-4BD8-4231-9D06-DFB2D1D2DD0F}.Debug|iPhoneSimulator.ActiveCfg = Debug|Any CPU
		{237A1161-4BD8-4231-9D06-DFB2D1D2DD0F}.Debug|Mixed Platforms.ActiveCfg = Debug|Any CPU
		{237A1161-4BD8-4231-9D06-DFB2D1D2DD0F}.Debug|Mixed Platforms.Build.0 = Debug|Any CPU
		{237A1161-4BD8-4231-9D06-DFB2D1D2DD0F}.Debug|x86.ActiveCfg = Debug|Any CPU
		{237A1161-4BD8-4231-9D06-DFB2D1D2DD0F}.Release|Any CPU.ActiveCfg = Release|Any CPU
		{237A1161-4BD8-4231-9D06-DFB2D1D2DD0F}.Release|Any CPU.Build.0 = Release|Any CPU
		{237A1161-4BD8-4231-9D06-DFB2D1D2DD0F}.Release|ARM.ActiveCfg = Release|Any CPU
		{237A1161-4BD8-4231-9D06-DFB2D1D2DD0F}.Release|iPhone.ActiveCfg = Release|Any CPU
		{237A1161-4BD8-4231-9D06-DFB2D1D2DD0F}.Release|iPhoneSimulator.ActiveCfg = Release|Any CPU
		{237A1161-4BD8-4231-9D06-DFB2D1D2DD0F}.Release|Mixed Platforms.ActiveCfg = Release|Any CPU
		{237A1161-4BD8-4231-9D06-DFB2D1D2DD0F}.Release|Mixed Platforms.Build.0 = Release|Any CPU
		{237A1161-4BD8-4231-9D06-DFB2D1D2DD0F}.Release|x86.ActiveCfg = Release|Any CPU
		{E232C181-E4EC-4D34-B8B4-162868838A31}.Ad-Hoc|Any CPU.ActiveCfg = Release|Any CPU
		{E232C181-E4EC-4D34-B8B4-162868838A31}.Ad-Hoc|Any CPU.Build.0 = Release|Any CPU
		{E232C181-E4EC-4D34-B8B4-162868838A31}.Ad-Hoc|ARM.ActiveCfg = Release|Any CPU
		{E232C181-E4EC-4D34-B8B4-162868838A31}.Ad-Hoc|iPhone.ActiveCfg = Release|Any CPU
		{E232C181-E4EC-4D34-B8B4-162868838A31}.Ad-Hoc|iPhoneSimulator.ActiveCfg = Release|Any CPU
		{E232C181-E4EC-4D34-B8B4-162868838A31}.Ad-Hoc|Mixed Platforms.ActiveCfg = Release|Any CPU
		{E232C181-E4EC-4D34-B8B4-162868838A31}.Ad-Hoc|Mixed Platforms.Build.0 = Release|Any CPU
		{E232C181-E4EC-4D34-B8B4-162868838A31}.Ad-Hoc|x86.ActiveCfg = Release|Any CPU
		{E232C181-E4EC-4D34-B8B4-162868838A31}.AppStore|Any CPU.ActiveCfg = Release|Any CPU
		{E232C181-E4EC-4D34-B8B4-162868838A31}.AppStore|Any CPU.Build.0 = Release|Any CPU
		{E232C181-E4EC-4D34-B8B4-162868838A31}.AppStore|ARM.ActiveCfg = Release|Any CPU
		{E232C181-E4EC-4D34-B8B4-162868838A31}.AppStore|iPhone.ActiveCfg = Release|Any CPU
		{E232C181-E4EC-4D34-B8B4-162868838A31}.AppStore|iPhoneSimulator.ActiveCfg = Release|Any CPU
		{E232C181-E4EC-4D34-B8B4-162868838A31}.AppStore|Mixed Platforms.ActiveCfg = Release|Any CPU
		{E232C181-E4EC-4D34-B8B4-162868838A31}.AppStore|Mixed Platforms.Build.0 = Release|Any CPU
		{E232C181-E4EC-4D34-B8B4-162868838A31}.AppStore|x86.ActiveCfg = Release|Any CPU
		{E232C181-E4EC-4D34-B8B4-162868838A31}.Debug|Any CPU.ActiveCfg = Debug|Any CPU
		{E232C181-E4EC-4D34-B8B4-162868838A31}.Debug|Any CPU.Build.0 = Debug|Any CPU
		{E232C181-E4EC-4D34-B8B4-162868838A31}.Debug|ARM.ActiveCfg = Debug|Any CPU
		{E232C181-E4EC-4D34-B8B4-162868838A31}.Debug|iPhone.ActiveCfg = Debug|Any CPU
		{E232C181-E4EC-4D34-B8B4-162868838A31}.Debug|iPhoneSimulator.ActiveCfg = Debug|Any CPU
		{E232C181-E4EC-4D34-B8B4-162868838A31}.Debug|Mixed Platforms.ActiveCfg = Debug|Any CPU
		{E232C181-E4EC-4D34-B8B4-162868838A31}.Debug|Mixed Platforms.Build.0 = Debug|Any CPU
		{E232C181-E4EC-4D34-B8B4-162868838A31}.Debug|x86.ActiveCfg = Debug|Any CPU
		{E232C181-E4EC-4D34-B8B4-162868838A31}.Release|Any CPU.ActiveCfg = Release|Any CPU
		{E232C181-E4EC-4D34-B8B4-162868838A31}.Release|Any CPU.Build.0 = Release|Any CPU
		{E232C181-E4EC-4D34-B8B4-162868838A31}.Release|ARM.ActiveCfg = Release|Any CPU
		{E232C181-E4EC-4D34-B8B4-162868838A31}.Release|iPhone.ActiveCfg = Release|Any CPU
		{E232C181-E4EC-4D34-B8B4-162868838A31}.Release|iPhoneSimulator.ActiveCfg = Release|Any CPU
		{E232C181-E4EC-4D34-B8B4-162868838A31}.Release|Mixed Platforms.ActiveCfg = Release|Any CPU
		{E232C181-E4EC-4D34-B8B4-162868838A31}.Release|Mixed Platforms.Build.0 = Release|Any CPU
		{E232C181-E4EC-4D34-B8B4-162868838A31}.Release|x86.ActiveCfg = Release|Any CPU
		{3E91A5F5-9D27-417E-A2F5-23D8A93694FE}.Ad-Hoc|Any CPU.ActiveCfg = Release|Any CPU
		{3E91A5F5-9D27-417E-A2F5-23D8A93694FE}.Ad-Hoc|Any CPU.Build.0 = Release|Any CPU
		{3E91A5F5-9D27-417E-A2F5-23D8A93694FE}.Ad-Hoc|ARM.ActiveCfg = Release|Any CPU
		{3E91A5F5-9D27-417E-A2F5-23D8A93694FE}.Ad-Hoc|iPhone.ActiveCfg = Release|Any CPU
		{3E91A5F5-9D27-417E-A2F5-23D8A93694FE}.Ad-Hoc|iPhoneSimulator.ActiveCfg = Release|Any CPU
		{3E91A5F5-9D27-417E-A2F5-23D8A93694FE}.Ad-Hoc|Mixed Platforms.ActiveCfg = Release|Any CPU
		{3E91A5F5-9D27-417E-A2F5-23D8A93694FE}.Ad-Hoc|Mixed Platforms.Build.0 = Release|Any CPU
		{3E91A5F5-9D27-417E-A2F5-23D8A93694FE}.Ad-Hoc|x86.ActiveCfg = Release|Any CPU
		{3E91A5F5-9D27-417E-A2F5-23D8A93694FE}.AppStore|Any CPU.ActiveCfg = Release|Any CPU
		{3E91A5F5-9D27-417E-A2F5-23D8A93694FE}.AppStore|Any CPU.Build.0 = Release|Any CPU
		{3E91A5F5-9D27-417E-A2F5-23D8A93694FE}.AppStore|ARM.ActiveCfg = Release|Any CPU
		{3E91A5F5-9D27-417E-A2F5-23D8A93694FE}.AppStore|iPhone.ActiveCfg = Release|Any CPU
		{3E91A5F5-9D27-417E-A2F5-23D8A93694FE}.AppStore|iPhoneSimulator.ActiveCfg = Release|Any CPU
		{3E91A5F5-9D27-417E-A2F5-23D8A93694FE}.AppStore|Mixed Platforms.ActiveCfg = Release|Any CPU
		{3E91A5F5-9D27-417E-A2F5-23D8A93694FE}.AppStore|Mixed Platforms.Build.0 = Release|Any CPU
		{3E91A5F5-9D27-417E-A2F5-23D8A93694FE}.AppStore|x86.ActiveCfg = Release|Any CPU
		{3E91A5F5-9D27-417E-A2F5-23D8A93694FE}.Debug|Any CPU.ActiveCfg = Debug|Any CPU
		{3E91A5F5-9D27-417E-A2F5-23D8A93694FE}.Debug|Any CPU.Build.0 = Debug|Any CPU
		{3E91A5F5-9D27-417E-A2F5-23D8A93694FE}.Debug|ARM.ActiveCfg = Debug|Any CPU
		{3E91A5F5-9D27-417E-A2F5-23D8A93694FE}.Debug|iPhone.ActiveCfg = Debug|Any CPU
		{3E91A5F5-9D27-417E-A2F5-23D8A93694FE}.Debug|iPhoneSimulator.ActiveCfg = Debug|Any CPU
		{3E91A5F5-9D27-417E-A2F5-23D8A93694FE}.Debug|Mixed Platforms.ActiveCfg = Debug|Any CPU
		{3E91A5F5-9D27-417E-A2F5-23D8A93694FE}.Debug|Mixed Platforms.Build.0 = Debug|Any CPU
		{3E91A5F5-9D27-417E-A2F5-23D8A93694FE}.Debug|x86.ActiveCfg = Debug|Any CPU
		{3E91A5F5-9D27-417E-A2F5-23D8A93694FE}.Release|Any CPU.ActiveCfg = Release|Any CPU
		{3E91A5F5-9D27-417E-A2F5-23D8A93694FE}.Release|Any CPU.Build.0 = Release|Any CPU
		{3E91A5F5-9D27-417E-A2F5-23D8A93694FE}.Release|ARM.ActiveCfg = Release|Any CPU
		{3E91A5F5-9D27-417E-A2F5-23D8A93694FE}.Release|iPhone.ActiveCfg = Release|Any CPU
		{3E91A5F5-9D27-417E-A2F5-23D8A93694FE}.Release|iPhoneSimulator.ActiveCfg = Release|Any CPU
		{3E91A5F5-9D27-417E-A2F5-23D8A93694FE}.Release|Mixed Platforms.ActiveCfg = Release|Any CPU
		{3E91A5F5-9D27-417E-A2F5-23D8A93694FE}.Release|Mixed Platforms.Build.0 = Release|Any CPU
		{3E91A5F5-9D27-417E-A2F5-23D8A93694FE}.Release|x86.ActiveCfg = Release|Any CPU
	EndGlobalSection
	GlobalSection(SolutionProperties) = preSolution
		HideSolutionNode = FALSE
	EndGlobalSection
	GlobalSection(NestedProjects) = preSolution
		{67F9D3A8-F71E-4428-913F-C37AE82CDB24} = {D96976EE-D802-4B4F-B02C-A3280A020116}
		{65B0044A-2F4C-49FC-8F09-6D5860806438} = {D96976EE-D802-4B4F-B02C-A3280A020116}
		{110A5637-58EE-4C2F-BB49-08D6D64C93D8} = {D96976EE-D802-4B4F-B02C-A3280A020116}
		{5BB56754-2D86-41D7-B42C-8299ED398511} = {D96976EE-D802-4B4F-B02C-A3280A020116}
		{CDAE96FE-5E27-4674-80F6-1CE45BD0F487} = {D96976EE-D802-4B4F-B02C-A3280A020116}
		{237A1161-4BD8-4231-9D06-DFB2D1D2DD0F} = {10097040-341C-4716-9951-6D2AF90510E3}
		{E232C181-E4EC-4D34-B8B4-162868838A31} = {10097040-341C-4716-9951-6D2AF90510E3}
		{3E91A5F5-9D27-417E-A2F5-23D8A93694FE} = {10097040-341C-4716-9951-6D2AF90510E3}
	EndGlobalSection
EndGlobal
