
Microsoft Visual Studio Solution File, Format Version 12.00
# Visual Studio 2013
VisualStudioVersion = 12.0.31101.0
MinimumVisualStudioVersion = 10.0.40219.1
Project("{FAE04EC0-301F-11D3-BF4B-00C04F79EFBC}") = "XamarinAuth", "XamarinAuth\XamarinAuth\XamarinAuth.csproj", "{0786BB81-BEC8-4EE1-89DC-90259A830E57}"
EndProject
Project("{FAE04EC0-301F-11D3-BF4B-00C04F79EFBC}") = "XamarinAuth.iOS", "XamarinAuth\XamarinAuth.iOS\XamarinAuth.iOS.csproj", "{42FD7EB5-CC85-4E2C-B6C6-CE2FBC820D8A}"
EndProject
Project("{FAE04EC0-301F-11D3-BF4B-00C04F79EFBC}") = "XamarinAuth.Droid", "XamarinAuth\XamarinAuth.Droid\XamarinAuth.Droid.csproj", "{533610DB-82F7-46A8-ACDB-B24A22339036}"
EndProject
Project("{FAE04EC0-301F-11D3-BF4B-00C04F79EFBC}") = "XamarinAuth.WinPhone", "XamarinAuth\XamarinAuth.WinPhone\XamarinAuth.WinPhone.csproj", "{4EDFED0B-2F17-4E52-AF24-593F1ABE0E1F}"
EndProject
Project("{2150E333-8FDC-42A3-9474-1A3956D46DE8}") = ".nuget", ".nuget", "{637C941D-9898-4CCF-B9CC-CC852F38DDEF}"
	ProjectSection(SolutionItems) = preProject
		.nuget\NuGet.Config = .nuget\NuGet.Config
		.nuget\NuGet.exe = .nuget\NuGet.exe
		.nuget\NuGet.targets = .nuget\NuGet.targets
	EndProjectSection
EndProject
Global
	GlobalSection(SolutionConfigurationPlatforms) = preSolution
		Ad-Hoc|Any CPU = Ad-Hoc|Any CPU
		Ad-Hoc|ARM = Ad-Hoc|ARM
		Ad-Hoc|iPhone = Ad-Hoc|iPhone
		Ad-Hoc|iPhoneSimulator = Ad-Hoc|iPhoneSimulator
		Ad-Hoc|Mixed Platforms = Ad-Hoc|Mixed Platforms
		Ad-Hoc|x86 = Ad-Hoc|x86
		AppStore|Any CPU = AppStore|Any CPU
		AppStore|ARM = AppStore|ARM
		AppStore|iPhone = AppStore|iPhone
		AppStore|iPhoneSimulator = AppStore|iPhoneSimulator
		AppStore|Mixed Platforms = AppStore|Mixed Platforms
		AppStore|x86 = AppStore|x86
		Debug|Any CPU = Debug|Any CPU
		Debug|ARM = Debug|ARM
		Debug|iPhone = Debug|iPhone
		Debug|iPhoneSimulator = Debug|iPhoneSimulator
		Debug|Mixed Platforms = Debug|Mixed Platforms
		Debug|x86 = Debug|x86
		Release|Any CPU = Release|Any CPU
		Release|ARM = Release|ARM
		Release|iPhone = Release|iPhone
		Release|iPhoneSimulator = Release|iPhoneSimulator
		Release|Mixed Platforms = Release|Mixed Platforms
		Release|x86 = Release|x86
	EndGlobalSection
	GlobalSection(ProjectConfigurationPlatforms) = postSolution
		{0786BB81-BEC8-4EE1-89DC-90259A830E57}.Ad-Hoc|Any CPU.ActiveCfg = Release|Any CPU
		{0786BB81-BEC8-4EE1-89DC-90259A830E57}.Ad-Hoc|Any CPU.Build.0 = Release|Any CPU
		{0786BB81-BEC8-4EE1-89DC-90259A830E57}.Ad-Hoc|ARM.ActiveCfg = Release|Any CPU
		{0786BB81-BEC8-4EE1-89DC-90259A830E57}.Ad-Hoc|iPhone.ActiveCfg = Release|Any CPU
		{0786BB81-BEC8-4EE1-89DC-90259A830E57}.Ad-Hoc|iPhoneSimulator.ActiveCfg = Release|Any CPU
		{0786BB81-BEC8-4EE1-89DC-90259A830E57}.Ad-Hoc|Mixed Platforms.ActiveCfg = Release|Any CPU
		{0786BB81-BEC8-4EE1-89DC-90259A830E57}.Ad-Hoc|Mixed Platforms.Build.0 = Release|Any CPU
		{0786BB81-BEC8-4EE1-89DC-90259A830E57}.Ad-Hoc|x86.ActiveCfg = Release|Any CPU
		{0786BB81-BEC8-4EE1-89DC-90259A830E57}.AppStore|Any CPU.ActiveCfg = Release|Any CPU
		{0786BB81-BEC8-4EE1-89DC-90259A830E57}.AppStore|Any CPU.Build.0 = Release|Any CPU
		{0786BB81-BEC8-4EE1-89DC-90259A830E57}.AppStore|ARM.ActiveCfg = Release|Any CPU
		{0786BB81-BEC8-4EE1-89DC-90259A830E57}.AppStore|iPhone.ActiveCfg = Release|Any CPU
		{0786BB81-BEC8-4EE1-89DC-90259A830E57}.AppStore|iPhoneSimulator.ActiveCfg = Release|Any CPU
		{0786BB81-BEC8-4EE1-89DC-90259A830E57}.AppStore|Mixed Platforms.ActiveCfg = Release|Any CPU
		{0786BB81-BEC8-4EE1-89DC-90259A830E57}.AppStore|Mixed Platforms.Build.0 = Release|Any CPU
		{0786BB81-BEC8-4EE1-89DC-90259A830E57}.AppStore|x86.ActiveCfg = Release|Any CPU
		{0786BB81-BEC8-4EE1-89DC-90259A830E57}.Debug|Any CPU.ActiveCfg = Debug|Any CPU
		{0786BB81-BEC8-4EE1-89DC-90259A830E57}.Debug|Any CPU.Build.0 = Debug|Any CPU
		{0786BB81-BEC8-4EE1-89DC-90259A830E57}.Debug|ARM.ActiveCfg = Debug|Any CPU
		{0786BB81-BEC8-4EE1-89DC-90259A830E57}.Debug|iPhone.ActiveCfg = Debug|Any CPU
		{0786BB81-BEC8-4EE1-89DC-90259A830E57}.Debug|iPhone.Build.0 = Debug|Any CPU
		{0786BB81-BEC8-4EE1-89DC-90259A830E57}.Debug|iPhoneSimulator.ActiveCfg = Debug|Any CPU
		{0786BB81-BEC8-4EE1-89DC-90259A830E57}.Debug|iPhoneSimulator.Build.0 = Debug|Any CPU
		{0786BB81-BEC8-4EE1-89DC-90259A830E57}.Debug|Mixed Platforms.ActiveCfg = Debug|Any CPU
		{0786BB81-BEC8-4EE1-89DC-90259A830E57}.Debug|Mixed Platforms.Build.0 = Debug|Any CPU
		{0786BB81-BEC8-4EE1-89DC-90259A830E57}.Debug|x86.ActiveCfg = Debug|Any CPU
		{0786BB81-BEC8-4EE1-89DC-90259A830E57}.Release|Any CPU.ActiveCfg = Release|Any CPU
		{0786BB81-BEC8-4EE1-89DC-90259A830E57}.Release|Any CPU.Build.0 = Release|Any CPU
		{0786BB81-BEC8-4EE1-89DC-90259A830E57}.Release|ARM.ActiveCfg = Release|Any CPU
		{0786BB81-BEC8-4EE1-89DC-90259A830E57}.Release|iPhone.ActiveCfg = Release|Any CPU
		{0786BB81-BEC8-4EE1-89DC-90259A830E57}.Release|iPhone.Build.0 = Release|Any CPU
		{0786BB81-BEC8-4EE1-89DC-90259A830E57}.Release|iPhoneSimulator.ActiveCfg = Release|Any CPU
		{0786BB81-BEC8-4EE1-89DC-90259A830E57}.Release|iPhoneSimulator.Build.0 = Release|Any CPU
		{0786BB81-BEC8-4EE1-89DC-90259A830E57}.Release|Mixed Platforms.ActiveCfg = Release|Any CPU
		{0786BB81-BEC8-4EE1-89DC-90259A830E57}.Release|Mixed Platforms.Build.0 = Release|Any CPU
		{0786BB81-BEC8-4EE1-89DC-90259A830E57}.Release|x86.ActiveCfg = Release|Any CPU
		{42FD7EB5-CC85-4E2C-B6C6-CE2FBC820D8A}.Ad-Hoc|Any CPU.ActiveCfg = Ad-Hoc|iPhone
		{42FD7EB5-CC85-4E2C-B6C6-CE2FBC820D8A}.Ad-Hoc|ARM.ActiveCfg = Ad-Hoc|iPhone
		{42FD7EB5-CC85-4E2C-B6C6-CE2FBC820D8A}.Ad-Hoc|iPhone.ActiveCfg = Ad-Hoc|iPhone
		{42FD7EB5-CC85-4E2C-B6C6-CE2FBC820D8A}.Ad-Hoc|iPhone.Build.0 = Ad-Hoc|iPhone
		{42FD7EB5-CC85-4E2C-B6C6-CE2FBC820D8A}.Ad-Hoc|iPhoneSimulator.ActiveCfg = Ad-Hoc|iPhoneSimulator
		{42FD7EB5-CC85-4E2C-B6C6-CE2FBC820D8A}.Ad-Hoc|iPhoneSimulator.Build.0 = Ad-Hoc|iPhoneSimulator
		{42FD7EB5-CC85-4E2C-B6C6-CE2FBC820D8A}.Ad-Hoc|Mixed Platforms.ActiveCfg = Ad-Hoc|iPhone
		{42FD7EB5-CC85-4E2C-B6C6-CE2FBC820D8A}.Ad-Hoc|Mixed Platforms.Build.0 = Ad-Hoc|iPhone
		{42FD7EB5-CC85-4E2C-B6C6-CE2FBC820D8A}.Ad-Hoc|x86.ActiveCfg = Ad-Hoc|iPhone
		{42FD7EB5-CC85-4E2C-B6C6-CE2FBC820D8A}.AppStore|Any CPU.ActiveCfg = AppStore|iPhone
		{42FD7EB5-CC85-4E2C-B6C6-CE2FBC820D8A}.AppStore|ARM.ActiveCfg = AppStore|iPhone
		{42FD7EB5-CC85-4E2C-B6C6-CE2FBC820D8A}.AppStore|iPhone.ActiveCfg = AppStore|iPhone
		{42FD7EB5-CC85-4E2C-B6C6-CE2FBC820D8A}.AppStore|iPhone.Build.0 = AppStore|iPhone
		{42FD7EB5-CC85-4E2C-B6C6-CE2FBC820D8A}.AppStore|iPhoneSimulator.ActiveCfg = AppStore|iPhoneSimulator
		{42FD7EB5-CC85-4E2C-B6C6-CE2FBC820D8A}.AppStore|iPhoneSimulator.Build.0 = AppStore|iPhoneSimulator
		{42FD7EB5-CC85-4E2C-B6C6-CE2FBC820D8A}.AppStore|Mixed Platforms.ActiveCfg = AppStore|iPhone
		{42FD7EB5-CC85-4E2C-B6C6-CE2FBC820D8A}.AppStore|Mixed Platforms.Build.0 = AppStore|iPhone
		{42FD7EB5-CC85-4E2C-B6C6-CE2FBC820D8A}.AppStore|x86.ActiveCfg = AppStore|iPhone
		{42FD7EB5-CC85-4E2C-B6C6-CE2FBC820D8A}.Debug|Any CPU.ActiveCfg = Debug|iPhone
		{42FD7EB5-CC85-4E2C-B6C6-CE2FBC820D8A}.Debug|ARM.ActiveCfg = Debug|iPhone
		{42FD7EB5-CC85-4E2C-B6C6-CE2FBC820D8A}.Debug|iPhone.ActiveCfg = Debug|iPhone
		{42FD7EB5-CC85-4E2C-B6C6-CE2FBC820D8A}.Debug|iPhone.Build.0 = Debug|iPhone
		{42FD7EB5-CC85-4E2C-B6C6-CE2FBC820D8A}.Debug|iPhoneSimulator.ActiveCfg = Debug|iPhoneSimulator
		{42FD7EB5-CC85-4E2C-B6C6-CE2FBC820D8A}.Debug|iPhoneSimulator.Build.0 = Debug|iPhoneSimulator
		{42FD7EB5-CC85-4E2C-B6C6-CE2FBC820D8A}.Debug|Mixed Platforms.ActiveCfg = Debug|iPhone
		{42FD7EB5-CC85-4E2C-B6C6-CE2FBC820D8A}.Debug|Mixed Platforms.Build.0 = Debug|iPhone
		{42FD7EB5-CC85-4E2C-B6C6-CE2FBC820D8A}.Debug|x86.ActiveCfg = Debug|iPhone
		{42FD7EB5-CC85-4E2C-B6C6-CE2FBC820D8A}.Release|Any CPU.ActiveCfg = Release|iPhone
		{42FD7EB5-CC85-4E2C-B6C6-CE2FBC820D8A}.Release|ARM.ActiveCfg = Release|iPhone
		{42FD7EB5-CC85-4E2C-B6C6-CE2FBC820D8A}.Release|iPhone.ActiveCfg = Release|iPhone
		{42FD7EB5-CC85-4E2C-B6C6-CE2FBC820D8A}.Release|iPhone.Build.0 = Release|iPhone
		{42FD7EB5-CC85-4E2C-B6C6-CE2FBC820D8A}.Release|iPhoneSimulator.ActiveCfg = Release|iPhoneSimulator
		{42FD7EB5-CC85-4E2C-B6C6-CE2FBC820D8A}.Release|iPhoneSimulator.Build.0 = Release|iPhoneSimulator
		{42FD7EB5-CC85-4E2C-B6C6-CE2FBC820D8A}.Release|Mixed Platforms.ActiveCfg = Release|iPhone
		{42FD7EB5-CC85-4E2C-B6C6-CE2FBC820D8A}.Release|Mixed Platforms.Build.0 = Release|iPhone
		{42FD7EB5-CC85-4E2C-B6C6-CE2FBC820D8A}.Release|x86.ActiveCfg = Release|iPhone
		{533610DB-82F7-46A8-ACDB-B24A22339036}.Ad-Hoc|Any CPU.ActiveCfg = Release|Any CPU
		{533610DB-82F7-46A8-ACDB-B24A22339036}.Ad-Hoc|Any CPU.Build.0 = Release|Any CPU
		{533610DB-82F7-46A8-ACDB-B24A22339036}.Ad-Hoc|Any CPU.Deploy.0 = Release|Any CPU
		{533610DB-82F7-46A8-ACDB-B24A22339036}.Ad-Hoc|ARM.ActiveCfg = Release|Any CPU
		{533610DB-82F7-46A8-ACDB-B24A22339036}.Ad-Hoc|iPhone.ActiveCfg = Release|Any CPU
		{533610DB-82F7-46A8-ACDB-B24A22339036}.Ad-Hoc|iPhoneSimulator.ActiveCfg = Release|Any CPU
		{533610DB-82F7-46A8-ACDB-B24A22339036}.Ad-Hoc|Mixed Platforms.ActiveCfg = Release|Any CPU
		{533610DB-82F7-46A8-ACDB-B24A22339036}.Ad-Hoc|Mixed Platforms.Build.0 = Release|Any CPU
		{533610DB-82F7-46A8-ACDB-B24A22339036}.Ad-Hoc|Mixed Platforms.Deploy.0 = Release|Any CPU
		{533610DB-82F7-46A8-ACDB-B24A22339036}.Ad-Hoc|x86.ActiveCfg = Release|Any CPU
		{533610DB-82F7-46A8-ACDB-B24A22339036}.AppStore|Any CPU.ActiveCfg = Release|Any CPU
		{533610DB-82F7-46A8-ACDB-B24A22339036}.AppStore|Any CPU.Build.0 = Release|Any CPU
		{533610DB-82F7-46A8-ACDB-B24A22339036}.AppStore|Any CPU.Deploy.0 = Release|Any CPU
		{533610DB-82F7-46A8-ACDB-B24A22339036}.AppStore|ARM.ActiveCfg = Release|Any CPU
		{533610DB-82F7-46A8-ACDB-B24A22339036}.AppStore|iPhone.ActiveCfg = Release|Any CPU
		{533610DB-82F7-46A8-ACDB-B24A22339036}.AppStore|iPhoneSimulator.ActiveCfg = Release|Any CPU
		{533610DB-82F7-46A8-ACDB-B24A22339036}.AppStore|Mixed Platforms.ActiveCfg = Release|Any CPU
		{533610DB-82F7-46A8-ACDB-B24A22339036}.AppStore|Mixed Platforms.Build.0 = Release|Any CPU
		{533610DB-82F7-46A8-ACDB-B24A22339036}.AppStore|Mixed Platforms.Deploy.0 = Release|Any CPU
		{533610DB-82F7-46A8-ACDB-B24A22339036}.AppStore|x86.ActiveCfg = Release|Any CPU
		{533610DB-82F7-46A8-ACDB-B24A22339036}.Debug|Any CPU.ActiveCfg = Debug|Any CPU
		{533610DB-82F7-46A8-ACDB-B24A22339036}.Debug|Any CPU.Build.0 = Debug|Any CPU
		{533610DB-82F7-46A8-ACDB-B24A22339036}.Debug|Any CPU.Deploy.0 = Debug|Any CPU
		{533610DB-82F7-46A8-ACDB-B24A22339036}.Debug|ARM.ActiveCfg = Debug|Any CPU
		{533610DB-82F7-46A8-ACDB-B24A22339036}.Debug|iPhone.ActiveCfg = Debug|Any CPU
		{533610DB-82F7-46A8-ACDB-B24A22339036}.Debug|iPhoneSimulator.ActiveCfg = Debug|Any CPU
		{533610DB-82F7-46A8-ACDB-B24A22339036}.Debug|Mixed Platforms.ActiveCfg = Debug|Any CPU
		{533610DB-82F7-46A8-ACDB-B24A22339036}.Debug|Mixed Platforms.Build.0 = Debug|Any CPU
		{533610DB-82F7-46A8-ACDB-B24A22339036}.Debug|Mixed Platforms.Deploy.0 = Debug|Any CPU
		{533610DB-82F7-46A8-ACDB-B24A22339036}.Debug|x86.ActiveCfg = Debug|Any CPU
		{533610DB-82F7-46A8-ACDB-B24A22339036}.Release|Any CPU.ActiveCfg = Release|Any CPU
		{533610DB-82F7-46A8-ACDB-B24A22339036}.Release|Any CPU.Build.0 = Release|Any CPU
		{533610DB-82F7-46A8-ACDB-B24A22339036}.Release|Any CPU.Deploy.0 = Release|Any CPU
		{533610DB-82F7-46A8-ACDB-B24A22339036}.Release|ARM.ActiveCfg = Release|Any CPU
		{533610DB-82F7-46A8-ACDB-B24A22339036}.Release|iPhone.ActiveCfg = Release|Any CPU
		{533610DB-82F7-46A8-ACDB-B24A22339036}.Release|iPhoneSimulator.ActiveCfg = Release|Any CPU
		{533610DB-82F7-46A8-ACDB-B24A22339036}.Release|Mixed Platforms.ActiveCfg = Release|Any CPU
		{533610DB-82F7-46A8-ACDB-B24A22339036}.Release|Mixed Platforms.Build.0 = Release|Any CPU
		{533610DB-82F7-46A8-ACDB-B24A22339036}.Release|Mixed Platforms.Deploy.0 = Release|Any CPU
		{533610DB-82F7-46A8-ACDB-B24A22339036}.Release|x86.ActiveCfg = Release|Any CPU
		{4EDFED0B-2F17-4E52-AF24-593F1ABE0E1F}.Ad-Hoc|Any CPU.ActiveCfg = Release|Any CPU
		{4EDFED0B-2F17-4E52-AF24-593F1ABE0E1F}.Ad-Hoc|Any CPU.Build.0 = Release|Any CPU
		{4EDFED0B-2F17-4E52-AF24-593F1ABE0E1F}.Ad-Hoc|Any CPU.Deploy.0 = Release|Any CPU
		{4EDFED0B-2F17-4E52-AF24-593F1ABE0E1F}.Ad-Hoc|ARM.ActiveCfg = Release|ARM
		{4EDFED0B-2F17-4E52-AF24-593F1ABE0E1F}.Ad-Hoc|ARM.Build.0 = Release|ARM
		{4EDFED0B-2F17-4E52-AF24-593F1ABE0E1F}.Ad-Hoc|ARM.Deploy.0 = Release|ARM
		{4EDFED0B-2F17-4E52-AF24-593F1ABE0E1F}.Ad-Hoc|iPhone.ActiveCfg = Release|Any CPU
		{4EDFED0B-2F17-4E52-AF24-593F1ABE0E1F}.Ad-Hoc|iPhoneSimulator.ActiveCfg = Release|Any CPU
		{4EDFED0B-2F17-4E52-AF24-593F1ABE0E1F}.Ad-Hoc|Mixed Platforms.ActiveCfg = Release|x86
		{4EDFED0B-2F17-4E52-AF24-593F1ABE0E1F}.Ad-Hoc|Mixed Platforms.Build.0 = Release|x86
		{4EDFED0B-2F17-4E52-AF24-593F1ABE0E1F}.Ad-Hoc|Mixed Platforms.Deploy.0 = Release|x86
		{4EDFED0B-2F17-4E52-AF24-593F1ABE0E1F}.Ad-Hoc|x86.ActiveCfg = Release|x86
		{4EDFED0B-2F17-4E52-AF24-593F1ABE0E1F}.Ad-Hoc|x86.Build.0 = Release|x86
		{4EDFED0B-2F17-4E52-AF24-593F1ABE0E1F}.Ad-Hoc|x86.Deploy.0 = Release|x86
		{4EDFED0B-2F17-4E52-AF24-593F1ABE0E1F}.AppStore|Any CPU.ActiveCfg = Release|Any CPU
		{4EDFED0B-2F17-4E52-AF24-593F1ABE0E1F}.AppStore|Any CPU.Build.0 = Release|Any CPU
		{4EDFED0B-2F17-4E52-AF24-593F1ABE0E1F}.AppStore|Any CPU.Deploy.0 = Release|Any CPU
		{4EDFED0B-2F17-4E52-AF24-593F1ABE0E1F}.AppStore|ARM.ActiveCfg = Release|ARM
		{4EDFED0B-2F17-4E52-AF24-593F1ABE0E1F}.AppStore|ARM.Build.0 = Release|ARM
		{4EDFED0B-2F17-4E52-AF24-593F1ABE0E1F}.AppStore|ARM.Deploy.0 = Release|ARM
		{4EDFED0B-2F17-4E52-AF24-593F1ABE0E1F}.AppStore|iPhone.ActiveCfg = Release|Any CPU
		{4EDFED0B-2F17-4E52-AF24-593F1ABE0E1F}.AppStore|iPhoneSimulator.ActiveCfg = Release|Any CPU
		{4EDFED0B-2F17-4E52-AF24-593F1ABE0E1F}.AppStore|Mixed Platforms.ActiveCfg = Release|x86
		{4EDFED0B-2F17-4E52-AF24-593F1ABE0E1F}.AppStore|Mixed Platforms.Build.0 = Release|x86
		{4EDFED0B-2F17-4E52-AF24-593F1ABE0E1F}.AppStore|Mixed Platforms.Deploy.0 = Release|x86
		{4EDFED0B-2F17-4E52-AF24-593F1ABE0E1F}.AppStore|x86.ActiveCfg = Release|x86
		{4EDFED0B-2F17-4E52-AF24-593F1ABE0E1F}.AppStore|x86.Build.0 = Release|x86
		{4EDFED0B-2F17-4E52-AF24-593F1ABE0E1F}.AppStore|x86.Deploy.0 = Release|x86
		{4EDFED0B-2F17-4E52-AF24-593F1ABE0E1F}.Debug|Any CPU.ActiveCfg = Debug|Any CPU
		{4EDFED0B-2F17-4E52-AF24-593F1ABE0E1F}.Debug|Any CPU.Build.0 = Debug|Any CPU
		{4EDFED0B-2F17-4E52-AF24-593F1ABE0E1F}.Debug|Any CPU.Deploy.0 = Debug|Any CPU
		{4EDFED0B-2F17-4E52-AF24-593F1ABE0E1F}.Debug|ARM.ActiveCfg = Debug|ARM
		{4EDFED0B-2F17-4E52-AF24-593F1ABE0E1F}.Debug|ARM.Build.0 = Debug|ARM
		{4EDFED0B-2F17-4E52-AF24-593F1ABE0E1F}.Debug|ARM.Deploy.0 = Debug|ARM
		{4EDFED0B-2F17-4E52-AF24-593F1ABE0E1F}.Debug|iPhone.ActiveCfg = Debug|Any CPU
		{4EDFED0B-2F17-4E52-AF24-593F1ABE0E1F}.Debug|iPhone.Build.0 = Debug|Any CPU
		{4EDFED0B-2F17-4E52-AF24-593F1ABE0E1F}.Debug|iPhone.Deploy.0 = Debug|Any CPU
		{4EDFED0B-2F17-4E52-AF24-593F1ABE0E1F}.Debug|iPhoneSimulator.ActiveCfg = Debug|Any CPU
		{4EDFED0B-2F17-4E52-AF24-593F1ABE0E1F}.Debug|Mixed Platforms.ActiveCfg = Debug|x86
		{4EDFED0B-2F17-4E52-AF24-593F1ABE0E1F}.Debug|Mixed Platforms.Build.0 = Debug|x86
		{4EDFED0B-2F17-4E52-AF24-593F1ABE0E1F}.Debug|Mixed Platforms.Deploy.0 = Debug|x86
		{4EDFED0B-2F17-4E52-AF24-593F1ABE0E1F}.Debug|x86.ActiveCfg = Debug|x86
		{4EDFED0B-2F17-4E52-AF24-593F1ABE0E1F}.Debug|x86.Build.0 = Debug|x86
		{4EDFED0B-2F17-4E52-AF24-593F1ABE0E1F}.Debug|x86.Deploy.0 = Debug|x86
		{4EDFED0B-2F17-4E52-AF24-593F1ABE0E1F}.Release|Any CPU.ActiveCfg = Release|Any CPU
		{4EDFED0B-2F17-4E52-AF24-593F1ABE0E1F}.Release|Any CPU.Build.0 = Release|Any CPU
		{4EDFED0B-2F17-4E52-AF24-593F1ABE0E1F}.Release|Any CPU.Deploy.0 = Release|Any CPU
		{4EDFED0B-2F17-4E52-AF24-593F1ABE0E1F}.Release|ARM.ActiveCfg = Release|ARM
		{4EDFED0B-2F17-4E52-AF24-593F1ABE0E1F}.Release|ARM.Build.0 = Release|ARM
		{4EDFED0B-2F17-4E52-AF24-593F1ABE0E1F}.Release|ARM.Deploy.0 = Release|ARM
		{4EDFED0B-2F17-4E52-AF24-593F1ABE0E1F}.Release|iPhone.ActiveCfg = Release|Any CPU
		{4EDFED0B-2F17-4E52-AF24-593F1ABE0E1F}.Release|iPhoneSimulator.ActiveCfg = Release|Any CPU
		{4EDFED0B-2F17-4E52-AF24-593F1ABE0E1F}.Release|Mixed Platforms.ActiveCfg = Release|x86
		{4EDFED0B-2F17-4E52-AF24-593F1ABE0E1F}.Release|Mixed Platforms.Build.0 = Release|x86
		{4EDFED0B-2F17-4E52-AF24-593F1ABE0E1F}.Release|Mixed Platforms.Deploy.0 = Release|x86
		{4EDFED0B-2F17-4E52-AF24-593F1ABE0E1F}.Release|x86.ActiveCfg = Release|x86
		{4EDFED0B-2F17-4E52-AF24-593F1ABE0E1F}.Release|x86.Build.0 = Release|x86
		{4EDFED0B-2F17-4E52-AF24-593F1ABE0E1F}.Release|x86.Deploy.0 = Release|x86
	EndGlobalSection
	GlobalSection(SolutionProperties) = preSolution
		HideSolutionNode = FALSE
	EndGlobalSection
EndGlobal
