
Microsoft Visual Studio Solution File, Format Version 12.00
# Visual Studio 14
VisualStudioVersion = 14.0.23107.0
MinimumVisualStudioVersion = 10.0.40219.1
Project("{FAE04EC0-301F-11D3-BF4B-00C04F79EFBC}") = "PlatformSample.iOS", "PlatformSample\PlatformSample.iOS\PlatformSample.iOS.csproj", "{57C9C56F-AB66-4026-B986-5EFD4ACB5D90}"
EndProject
Project("{FAE04EC0-301F-11D3-BF4B-00C04F79EFBC}") = "PlatformSample.Droid", "PlatformSample\PlatformSample.Droid\PlatformSample.Droid.csproj", "{A3052E06-CDD1-4264-875E-78B44C5A3257}"
EndProject
Project("{FAE04EC0-301F-11D3-BF4B-00C04F79EFBC}") = "PlatformSample.WinPhone", "PlatformSample\PlatformSample.WinPhone\PlatformSample.WinPhone.csproj", "{6DDB2AC7-FB2E-408C-8D47-3B9DA182C166}"
EndProject
Project("{FAE04EC0-301F-11D3-BF4B-00C04F79EFBC}") = "PlatformSample", "PlatformSample\PlatformSample\PlatformSample.csproj", "{AB91F11E-A793-4F71-887E-F2FBAA28D789}"
EndProject
Global
	GlobalSection(SolutionConfigurationPlatforms) = preSolution
		Ad-Hoc|Any CPU = Ad-Hoc|Any CPU
		Ad-Hoc|ARM = Ad-Hoc|ARM
		Ad-Hoc|iPhone = Ad-Hoc|iPhone
		Ad-Hoc|iPhoneSimulator = Ad-Hoc|iPhoneSimulator
		Ad-Hoc|Mixed Platforms = Ad-Hoc|Mixed Platforms
		Ad-Hoc|x86 = Ad-Hoc|x86
		AppStore|Any CPU = AppStore|Any CPU
		AppStore|ARM = AppStore|ARM
		AppStore|iPhone = AppStore|iPhone
		AppStore|iPhoneSimulator = AppStore|iPhoneSimulator
		AppStore|Mixed Platforms = AppStore|Mixed Platforms
		AppStore|x86 = AppStore|x86
		Debug|Any CPU = Debug|Any CPU
		Debug|ARM = Debug|ARM
		Debug|iPhone = Debug|iPhone
		Debug|iPhoneSimulator = Debug|iPhoneSimulator
		Debug|Mixed Platforms = Debug|Mixed Platforms
		Debug|x86 = Debug|x86
		Release|Any CPU = Release|Any CPU
		Release|ARM = Release|ARM
		Release|iPhone = Release|iPhone
		Release|iPhoneSimulator = Release|iPhoneSimulator
		Release|Mixed Platforms = Release|Mixed Platforms
		Release|x86 = Release|x86
	EndGlobalSection
	GlobalSection(ProjectConfigurationPlatforms) = postSolution
		{57C9C56F-AB66-4026-B986-5EFD4ACB5D90}.Ad-Hoc|Any CPU.ActiveCfg = Ad-Hoc|iPhone
		{57C9C56F-AB66-4026-B986-5EFD4ACB5D90}.Ad-Hoc|ARM.ActiveCfg = Ad-Hoc|iPhone
		{57C9C56F-AB66-4026-B986-5EFD4ACB5D90}.Ad-Hoc|iPhone.ActiveCfg = Ad-Hoc|iPhone
		{57C9C56F-AB66-4026-B986-5EFD4ACB5D90}.Ad-Hoc|iPhone.Build.0 = Ad-Hoc|iPhone
		{57C9C56F-AB66-4026-B986-5EFD4ACB5D90}.Ad-Hoc|iPhoneSimulator.ActiveCfg = Ad-Hoc|iPhoneSimulator
		{57C9C56F-AB66-4026-B986-5EFD4ACB5D90}.Ad-Hoc|iPhoneSimulator.Build.0 = Ad-Hoc|iPhoneSimulator
		{57C9C56F-AB66-4026-B986-5EFD4ACB5D90}.Ad-Hoc|Mixed Platforms.ActiveCfg = Ad-Hoc|iPhone
		{57C9C56F-AB66-4026-B986-5EFD4ACB5D90}.Ad-Hoc|Mixed Platforms.Build.0 = Ad-Hoc|iPhone
		{57C9C56F-AB66-4026-B986-5EFD4ACB5D90}.Ad-Hoc|x86.ActiveCfg = Ad-Hoc|iPhone
		{57C9C56F-AB66-4026-B986-5EFD4ACB5D90}.AppStore|Any CPU.ActiveCfg = AppStore|iPhone
		{57C9C56F-AB66-4026-B986-5EFD4ACB5D90}.AppStore|ARM.ActiveCfg = AppStore|iPhone
		{57C9C56F-AB66-4026-B986-5EFD4ACB5D90}.AppStore|iPhone.ActiveCfg = AppStore|iPhone
		{57C9C56F-AB66-4026-B986-5EFD4ACB5D90}.AppStore|iPhone.Build.0 = AppStore|iPhone
		{57C9C56F-AB66-4026-B986-5EFD4ACB5D90}.AppStore|iPhoneSimulator.ActiveCfg = AppStore|iPhoneSimulator
		{57C9C56F-AB66-4026-B986-5EFD4ACB5D90}.AppStore|iPhoneSimulator.Build.0 = AppStore|iPhoneSimulator
		{57C9C56F-AB66-4026-B986-5EFD4ACB5D90}.AppStore|Mixed Platforms.ActiveCfg = AppStore|iPhone
		{57C9C56F-AB66-4026-B986-5EFD4ACB5D90}.AppStore|Mixed Platforms.Build.0 = AppStore|iPhone
		{57C9C56F-AB66-4026-B986-5EFD4ACB5D90}.AppStore|x86.ActiveCfg = AppStore|iPhone
		{57C9C56F-AB66-4026-B986-5EFD4ACB5D90}.Debug|Any CPU.ActiveCfg = Debug|iPhone
		{57C9C56F-AB66-4026-B986-5EFD4ACB5D90}.Debug|ARM.ActiveCfg = Debug|iPhone
		{57C9C56F-AB66-4026-B986-5EFD4ACB5D90}.Debug|iPhone.ActiveCfg = Debug|iPhone
		{57C9C56F-AB66-4026-B986-5EFD4ACB5D90}.Debug|iPhone.Build.0 = Debug|iPhone
		{57C9C56F-AB66-4026-B986-5EFD4ACB5D90}.Debug|iPhoneSimulator.ActiveCfg = Debug|iPhoneSimulator
		{57C9C56F-AB66-4026-B986-5EFD4ACB5D90}.Debug|iPhoneSimulator.Build.0 = Debug|iPhoneSimulator
		{57C9C56F-AB66-4026-B986-5EFD4ACB5D90}.Debug|Mixed Platforms.ActiveCfg = Debug|iPhone
		{57C9C56F-AB66-4026-B986-5EFD4ACB5D90}.Debug|Mixed Platforms.Build.0 = Debug|iPhone
		{57C9C56F-AB66-4026-B986-5EFD4ACB5D90}.Debug|x86.ActiveCfg = Debug|iPhone
		{57C9C56F-AB66-4026-B986-5EFD4ACB5D90}.Release|Any CPU.ActiveCfg = Release|iPhone
		{57C9C56F-AB66-4026-B986-5EFD4ACB5D90}.Release|ARM.ActiveCfg = Release|iPhone
		{57C9C56F-AB66-4026-B986-5EFD4ACB5D90}.Release|iPhone.ActiveCfg = Release|iPhone
		{57C9C56F-AB66-4026-B986-5EFD4ACB5D90}.Release|iPhone.Build.0 = Release|iPhone
		{57C9C56F-AB66-4026-B986-5EFD4ACB5D90}.Release|iPhoneSimulator.ActiveCfg = Release|iPhoneSimulator
		{57C9C56F-AB66-4026-B986-5EFD4ACB5D90}.Release|iPhoneSimulator.Build.0 = Release|iPhoneSimulator
		{57C9C56F-AB66-4026-B986-5EFD4ACB5D90}.Release|Mixed Platforms.ActiveCfg = Release|iPhone
		{57C9C56F-AB66-4026-B986-5EFD4ACB5D90}.Release|Mixed Platforms.Build.0 = Release|iPhone
		{57C9C56F-AB66-4026-B986-5EFD4ACB5D90}.Release|x86.ActiveCfg = Release|iPhone
		{A3052E06-CDD1-4264-875E-78B44C5A3257}.Ad-Hoc|Any CPU.ActiveCfg = Release|Any CPU
		{A3052E06-CDD1-4264-875E-78B44C5A3257}.Ad-Hoc|Any CPU.Build.0 = Release|Any CPU
		{A3052E06-CDD1-4264-875E-78B44C5A3257}.Ad-Hoc|Any CPU.Deploy.0 = Release|Any CPU
		{A3052E06-CDD1-4264-875E-78B44C5A3257}.Ad-Hoc|ARM.ActiveCfg = Release|Any CPU
		{A3052E06-CDD1-4264-875E-78B44C5A3257}.Ad-Hoc|ARM.Build.0 = Release|Any CPU
		{A3052E06-CDD1-4264-875E-78B44C5A3257}.Ad-Hoc|ARM.Deploy.0 = Release|Any CPU
		{A3052E06-CDD1-4264-875E-78B44C5A3257}.Ad-Hoc|iPhone.ActiveCfg = Release|Any CPU
		{A3052E06-CDD1-4264-875E-78B44C5A3257}.Ad-Hoc|iPhone.Build.0 = Release|Any CPU
		{A3052E06-CDD1-4264-875E-78B44C5A3257}.Ad-Hoc|iPhone.Deploy.0 = Release|Any CPU
		{A3052E06-CDD1-4264-875E-78B44C5A3257}.Ad-Hoc|iPhoneSimulator.ActiveCfg = Release|Any CPU
		{A3052E06-CDD1-4264-875E-78B44C5A3257}.Ad-Hoc|iPhoneSimulator.Build.0 = Release|Any CPU
		{A3052E06-CDD1-4264-875E-78B44C5A3257}.Ad-Hoc|iPhoneSimulator.Deploy.0 = Release|Any CPU
		{A3052E06-CDD1-4264-875E-78B44C5A3257}.Ad-Hoc|Mixed Platforms.ActiveCfg = Release|Any CPU
		{A3052E06-CDD1-4264-875E-78B44C5A3257}.Ad-Hoc|Mixed Platforms.Build.0 = Release|Any CPU
		{A3052E06-CDD1-4264-875E-78B44C5A3257}.Ad-Hoc|Mixed Platforms.Deploy.0 = Release|Any CPU
		{A3052E06-CDD1-4264-875E-78B44C5A3257}.Ad-Hoc|x86.ActiveCfg = Release|Any CPU
		{A3052E06-CDD1-4264-875E-78B44C5A3257}.Ad-Hoc|x86.Build.0 = Release|Any CPU
		{A3052E06-CDD1-4264-875E-78B44C5A3257}.Ad-Hoc|x86.Deploy.0 = Release|Any CPU
		{A3052E06-CDD1-4264-875E-78B44C5A3257}.AppStore|Any CPU.ActiveCfg = Release|Any CPU
		{A3052E06-CDD1-4264-875E-78B44C5A3257}.AppStore|Any CPU.Build.0 = Release|Any CPU
		{A3052E06-CDD1-4264-875E-78B44C5A3257}.AppStore|Any CPU.Deploy.0 = Release|Any CPU
		{A3052E06-CDD1-4264-875E-78B44C5A3257}.AppStore|ARM.ActiveCfg = Release|Any CPU
		{A3052E06-CDD1-4264-875E-78B44C5A3257}.AppStore|ARM.Build.0 = Release|Any CPU
		{A3052E06-CDD1-4264-875E-78B44C5A3257}.AppStore|ARM.Deploy.0 = Release|Any CPU
		{A3052E06-CDD1-4264-875E-78B44C5A3257}.AppStore|iPhone.ActiveCfg = Release|Any CPU
		{A3052E06-CDD1-4264-875E-78B44C5A3257}.AppStore|iPhone.Build.0 = Release|Any CPU
		{A3052E06-CDD1-4264-875E-78B44C5A3257}.AppStore|iPhone.Deploy.0 = Release|Any CPU
		{A3052E06-CDD1-4264-875E-78B44C5A3257}.AppStore|iPhoneSimulator.ActiveCfg = Release|Any CPU
		{A3052E06-CDD1-4264-875E-78B44C5A3257}.AppStore|iPhoneSimulator.Build.0 = Release|Any CPU
		{A3052E06-CDD1-4264-875E-78B44C5A3257}.AppStore|iPhoneSimulator.Deploy.0 = Release|Any CPU
		{A3052E06-CDD1-4264-875E-78B44C5A3257}.AppStore|Mixed Platforms.ActiveCfg = Release|Any CPU
		{A3052E06-CDD1-4264-875E-78B44C5A3257}.AppStore|Mixed Platforms.Build.0 = Release|Any CPU
		{A3052E06-CDD1-4264-875E-78B44C5A3257}.AppStore|Mixed Platforms.Deploy.0 = Release|Any CPU
		{A3052E06-CDD1-4264-875E-78B44C5A3257}.AppStore|x86.ActiveCfg = Release|Any CPU
		{A3052E06-CDD1-4264-875E-78B44C5A3257}.AppStore|x86.Build.0 = Release|Any CPU
		{A3052E06-CDD1-4264-875E-78B44C5A3257}.AppStore|x86.Deploy.0 = Release|Any CPU
		{A3052E06-CDD1-4264-875E-78B44C5A3257}.Debug|Any CPU.ActiveCfg = Debug|Any CPU
		{A3052E06-CDD1-4264-875E-78B44C5A3257}.Debug|Any CPU.Build.0 = Debug|Any CPU
		{A3052E06-CDD1-4264-875E-78B44C5A3257}.Debug|Any CPU.Deploy.0 = Debug|Any CPU
		{A3052E06-CDD1-4264-875E-78B44C5A3257}.Debug|ARM.ActiveCfg = Debug|Any CPU
		{A3052E06-CDD1-4264-875E-78B44C5A3257}.Debug|ARM.Build.0 = Debug|Any CPU
		{A3052E06-CDD1-4264-875E-78B44C5A3257}.Debug|ARM.Deploy.0 = Debug|Any CPU
		{A3052E06-CDD1-4264-875E-78B44C5A3257}.Debug|iPhone.ActiveCfg = Debug|Any CPU
		{A3052E06-CDD1-4264-875E-78B44C5A3257}.Debug|iPhone.Build.0 = Debug|Any CPU
		{A3052E06-CDD1-4264-875E-78B44C5A3257}.Debug|iPhone.Deploy.0 = Debug|Any CPU
		{A3052E06-CDD1-4264-875E-78B44C5A3257}.Debug|iPhoneSimulator.ActiveCfg = Debug|Any CPU
		{A3052E06-CDD1-4264-875E-78B44C5A3257}.Debug|iPhoneSimulator.Build.0 = Debug|Any CPU
		{A3052E06-CDD1-4264-875E-78B44C5A3257}.Debug|iPhoneSimulator.Deploy.0 = Debug|Any CPU
		{A3052E06-CDD1-4264-875E-78B44C5A3257}.Debug|Mixed Platforms.ActiveCfg = Debug|Any CPU
		{A3052E06-CDD1-4264-875E-78B44C5A3257}.Debug|Mixed Platforms.Build.0 = Debug|Any CPU
		{A3052E06-CDD1-4264-875E-78B44C5A3257}.Debug|Mixed Platforms.Deploy.0 = Debug|Any CPU
		{A3052E06-CDD1-4264-875E-78B44C5A3257}.Debug|x86.ActiveCfg = Debug|Any CPU
		{A3052E06-CDD1-4264-875E-78B44C5A3257}.Debug|x86.Build.0 = Debug|Any CPU
		{A3052E06-CDD1-4264-875E-78B44C5A3257}.Debug|x86.Deploy.0 = Debug|Any CPU
		{A3052E06-CDD1-4264-875E-78B44C5A3257}.Release|Any CPU.ActiveCfg = Release|Any CPU
		{A3052E06-CDD1-4264-875E-78B44C5A3257}.Release|Any CPU.Build.0 = Release|Any CPU
		{A3052E06-CDD1-4264-875E-78B44C5A3257}.Release|Any CPU.Deploy.0 = Release|Any CPU
		{A3052E06-CDD1-4264-875E-78B44C5A3257}.Release|ARM.ActiveCfg = Release|Any CPU
		{A3052E06-CDD1-4264-875E-78B44C5A3257}.Release|ARM.Build.0 = Release|Any CPU
		{A3052E06-CDD1-4264-875E-78B44C5A3257}.Release|ARM.Deploy.0 = Release|Any CPU
		{A3052E06-CDD1-4264-875E-78B44C5A3257}.Release|iPhone.ActiveCfg = Release|Any CPU
		{A3052E06-CDD1-4264-875E-78B44C5A3257}.Release|iPhone.Build.0 = Release|Any CPU
		{A3052E06-CDD1-4264-875E-78B44C5A3257}.Release|iPhone.Deploy.0 = Release|Any CPU
		{A3052E06-CDD1-4264-875E-78B44C5A3257}.Release|iPhoneSimulator.ActiveCfg = Release|Any CPU
		{A3052E06-CDD1-4264-875E-78B44C5A3257}.Release|iPhoneSimulator.Build.0 = Release|Any CPU
		{A3052E06-CDD1-4264-875E-78B44C5A3257}.Release|iPhoneSimulator.Deploy.0 = Release|Any CPU
		{A3052E06-CDD1-4264-875E-78B44C5A3257}.Release|Mixed Platforms.ActiveCfg = Release|Any CPU
		{A3052E06-CDD1-4264-875E-78B44C5A3257}.Release|Mixed Platforms.Build.0 = Release|Any CPU
		{A3052E06-CDD1-4264-875E-78B44C5A3257}.Release|Mixed Platforms.Deploy.0 = Release|Any CPU
		{A3052E06-CDD1-4264-875E-78B44C5A3257}.Release|x86.ActiveCfg = Release|Any CPU
		{A3052E06-CDD1-4264-875E-78B44C5A3257}.Release|x86.Build.0 = Release|Any CPU
		{A3052E06-CDD1-4264-875E-78B44C5A3257}.Release|x86.Deploy.0 = Release|Any CPU
		{6DDB2AC7-FB2E-408C-8D47-3B9DA182C166}.Ad-Hoc|Any CPU.ActiveCfg = Release|Any CPU
		{6DDB2AC7-FB2E-408C-8D47-3B9DA182C166}.Ad-Hoc|Any CPU.Build.0 = Release|Any CPU
		{6DDB2AC7-FB2E-408C-8D47-3B9DA182C166}.Ad-Hoc|Any CPU.Deploy.0 = Release|Any CPU
		{6DDB2AC7-FB2E-408C-8D47-3B9DA182C166}.Ad-Hoc|ARM.ActiveCfg = Release|ARM
		{6DDB2AC7-FB2E-408C-8D47-3B9DA182C166}.Ad-Hoc|ARM.Build.0 = Release|ARM
		{6DDB2AC7-FB2E-408C-8D47-3B9DA182C166}.Ad-Hoc|ARM.Deploy.0 = Release|ARM
		{6DDB2AC7-FB2E-408C-8D47-3B9DA182C166}.Ad-Hoc|iPhone.ActiveCfg = Release|Any CPU
		{6DDB2AC7-FB2E-408C-8D47-3B9DA182C166}.Ad-Hoc|iPhone.Build.0 = Release|Any CPU
		{6DDB2AC7-FB2E-408C-8D47-3B9DA182C166}.Ad-Hoc|iPhone.Deploy.0 = Release|Any CPU
		{6DDB2AC7-FB2E-408C-8D47-3B9DA182C166}.Ad-Hoc|iPhoneSimulator.ActiveCfg = Release|Any CPU
		{6DDB2AC7-FB2E-408C-8D47-3B9DA182C166}.Ad-Hoc|iPhoneSimulator.Build.0 = Release|Any CPU
		{6DDB2AC7-FB2E-408C-8D47-3B9DA182C166}.Ad-Hoc|iPhoneSimulator.Deploy.0 = Release|Any CPU
		{6DDB2AC7-FB2E-408C-8D47-3B9DA182C166}.Ad-Hoc|Mixed Platforms.ActiveCfg = Release|x86
		{6DDB2AC7-FB2E-408C-8D47-3B9DA182C166}.Ad-Hoc|Mixed Platforms.Build.0 = Release|x86
		{6DDB2AC7-FB2E-408C-8D47-3B9DA182C166}.Ad-Hoc|Mixed Platforms.Deploy.0 = Release|x86
		{6DDB2AC7-FB2E-408C-8D47-3B9DA182C166}.Ad-Hoc|x86.ActiveCfg = Release|x86
		{6DDB2AC7-FB2E-408C-8D47-3B9DA182C166}.Ad-Hoc|x86.Build.0 = Release|x86
		{6DDB2AC7-FB2E-408C-8D47-3B9DA182C166}.Ad-Hoc|x86.Deploy.0 = Release|x86
		{6DDB2AC7-FB2E-408C-8D47-3B9DA182C166}.AppStore|Any CPU.ActiveCfg = Release|Any CPU
		{6DDB2AC7-FB2E-408C-8D47-3B9DA182C166}.AppStore|Any CPU.Build.0 = Release|Any CPU
		{6DDB2AC7-FB2E-408C-8D47-3B9DA182C166}.AppStore|Any CPU.Deploy.0 = Release|Any CPU
		{6DDB2AC7-FB2E-408C-8D47-3B9DA182C166}.AppStore|ARM.ActiveCfg = Release|ARM
		{6DDB2AC7-FB2E-408C-8D47-3B9DA182C166}.AppStore|ARM.Build.0 = Release|ARM
		{6DDB2AC7-FB2E-408C-8D47-3B9DA182C166}.AppStore|ARM.Deploy.0 = Release|ARM
		{6DDB2AC7-FB2E-408C-8D47-3B9DA182C166}.AppStore|iPhone.ActiveCfg = Release|Any CPU
		{6DDB2AC7-FB2E-408C-8D47-3B9DA182C166}.AppStore|iPhone.Build.0 = Release|Any CPU
		{6DDB2AC7-FB2E-408C-8D47-3B9DA182C166}.AppStore|iPhone.Deploy.0 = Release|Any CPU
		{6DDB2AC7-FB2E-408C-8D47-3B9DA182C166}.AppStore|iPhoneSimulator.ActiveCfg = Release|Any CPU
		{6DDB2AC7-FB2E-408C-8D47-3B9DA182C166}.AppStore|iPhoneSimulator.Build.0 = Release|Any CPU
		{6DDB2AC7-FB2E-408C-8D47-3B9DA182C166}.AppStore|iPhoneSimulator.Deploy.0 = Release|Any CPU
		{6DDB2AC7-FB2E-408C-8D47-3B9DA182C166}.AppStore|Mixed Platforms.ActiveCfg = Release|x86
		{6DDB2AC7-FB2E-408C-8D47-3B9DA182C166}.AppStore|Mixed Platforms.Build.0 = Release|x86
		{6DDB2AC7-FB2E-408C-8D47-3B9DA182C166}.AppStore|Mixed Platforms.Deploy.0 = Release|x86
		{6DDB2AC7-FB2E-408C-8D47-3B9DA182C166}.AppStore|x86.ActiveCfg = Release|x86
		{6DDB2AC7-FB2E-408C-8D47-3B9DA182C166}.AppStore|x86.Build.0 = Release|x86
		{6DDB2AC7-FB2E-408C-8D47-3B9DA182C166}.AppStore|x86.Deploy.0 = Release|x86
		{6DDB2AC7-FB2E-408C-8D47-3B9DA182C166}.Debug|Any CPU.ActiveCfg = Debug|Any CPU
		{6DDB2AC7-FB2E-408C-8D47-3B9DA182C166}.Debug|Any CPU.Build.0 = Debug|Any CPU
		{6DDB2AC7-FB2E-408C-8D47-3B9DA182C166}.Debug|Any CPU.Deploy.0 = Debug|Any CPU
		{6DDB2AC7-FB2E-408C-8D47-3B9DA182C166}.Debug|ARM.ActiveCfg = Debug|ARM
		{6DDB2AC7-FB2E-408C-8D47-3B9DA182C166}.Debug|ARM.Build.0 = Debug|ARM
		{6DDB2AC7-FB2E-408C-8D47-3B9DA182C166}.Debug|ARM.Deploy.0 = Debug|ARM
		{6DDB2AC7-FB2E-408C-8D47-3B9DA182C166}.Debug|iPhone.ActiveCfg = Debug|Any CPU
		{6DDB2AC7-FB2E-408C-8D47-3B9DA182C166}.Debug|iPhone.Build.0 = Debug|Any CPU
		{6DDB2AC7-FB2E-408C-8D47-3B9DA182C166}.Debug|iPhone.Deploy.0 = Debug|Any CPU
		{6DDB2AC7-FB2E-408C-8D47-3B9DA182C166}.Debug|iPhoneSimulator.ActiveCfg = Debug|Any CPU
		{6DDB2AC7-FB2E-408C-8D47-3B9DA182C166}.Debug|iPhoneSimulator.Build.0 = Debug|Any CPU
		{6DDB2AC7-FB2E-408C-8D47-3B9DA182C166}.Debug|iPhoneSimulator.Deploy.0 = Debug|Any CPU
		{6DDB2AC7-FB2E-408C-8D47-3B9DA182C166}.Debug|Mixed Platforms.ActiveCfg = Debug|x86
		{6DDB2AC7-FB2E-408C-8D47-3B9DA182C166}.Debug|Mixed Platforms.Build.0 = Debug|x86
		{6DDB2AC7-FB2E-408C-8D47-3B9DA182C166}.Debug|Mixed Platforms.Deploy.0 = Debug|x86
		{6DDB2AC7-FB2E-408C-8D47-3B9DA182C166}.Debug|x86.ActiveCfg = Debug|x86
		{6DDB2AC7-FB2E-408C-8D47-3B9DA182C166}.Debug|x86.Build.0 = Debug|x86
		{6DDB2AC7-FB2E-408C-8D47-3B9DA182C166}.Debug|x86.Deploy.0 = Debug|x86
		{6DDB2AC7-FB2E-408C-8D47-3B9DA182C166}.Release|Any CPU.ActiveCfg = Release|Any CPU
		{6DDB2AC7-FB2E-408C-8D47-3B9DA182C166}.Release|Any CPU.Build.0 = Release|Any CPU
		{6DDB2AC7-FB2E-408C-8D47-3B9DA182C166}.Release|Any CPU.Deploy.0 = Release|Any CPU
		{6DDB2AC7-FB2E-408C-8D47-3B9DA182C166}.Release|ARM.ActiveCfg = Release|ARM
		{6DDB2AC7-FB2E-408C-8D47-3B9DA182C166}.Release|ARM.Build.0 = Release|ARM
		{6DDB2AC7-FB2E-408C-8D47-3B9DA182C166}.Release|ARM.Deploy.0 = Release|ARM
		{6DDB2AC7-FB2E-408C-8D47-3B9DA182C166}.Release|iPhone.ActiveCfg = Release|Any CPU
		{6DDB2AC7-FB2E-408C-8D47-3B9DA182C166}.Release|iPhone.Build.0 = Release|Any CPU
		{6DDB2AC7-FB2E-408C-8D47-3B9DA182C166}.Release|iPhone.Deploy.0 = Release|Any CPU
		{6DDB2AC7-FB2E-408C-8D47-3B9DA182C166}.Release|iPhoneSimulator.ActiveCfg = Release|Any CPU
		{6DDB2AC7-FB2E-408C-8D47-3B9DA182C166}.Release|iPhoneSimulator.Build.0 = Release|Any CPU
		{6DDB2AC7-FB2E-408C-8D47-3B9DA182C166}.Release|iPhoneSimulator.Deploy.0 = Release|Any CPU
		{6DDB2AC7-FB2E-408C-8D47-3B9DA182C166}.Release|Mixed Platforms.ActiveCfg = Release|x86
		{6DDB2AC7-FB2E-408C-8D47-3B9DA182C166}.Release|Mixed Platforms.Build.0 = Release|x86
		{6DDB2AC7-FB2E-408C-8D47-3B9DA182C166}.Release|Mixed Platforms.Deploy.0 = Release|x86
		{6DDB2AC7-FB2E-408C-8D47-3B9DA182C166}.Release|x86.ActiveCfg = Release|x86
		{6DDB2AC7-FB2E-408C-8D47-3B9DA182C166}.Release|x86.Build.0 = Release|x86
		{6DDB2AC7-FB2E-408C-8D47-3B9DA182C166}.Release|x86.Deploy.0 = Release|x86
		{AB91F11E-A793-4F71-887E-F2FBAA28D789}.Ad-Hoc|Any CPU.ActiveCfg = Release|Any CPU
		{AB91F11E-A793-4F71-887E-F2FBAA28D789}.Ad-Hoc|Any CPU.Build.0 = Release|Any CPU
		{AB91F11E-A793-4F71-887E-F2FBAA28D789}.Ad-Hoc|ARM.ActiveCfg = Release|Any CPU
		{AB91F11E-A793-4F71-887E-F2FBAA28D789}.Ad-Hoc|ARM.Build.0 = Release|Any CPU
		{AB91F11E-A793-4F71-887E-F2FBAA28D789}.Ad-Hoc|iPhone.ActiveCfg = Release|Any CPU
		{AB91F11E-A793-4F71-887E-F2FBAA28D789}.Ad-Hoc|iPhone.Build.0 = Release|Any CPU
		{AB91F11E-A793-4F71-887E-F2FBAA28D789}.Ad-Hoc|iPhoneSimulator.ActiveCfg = Release|Any CPU
		{AB91F11E-A793-4F71-887E-F2FBAA28D789}.Ad-Hoc|iPhoneSimulator.Build.0 = Release|Any CPU
		{AB91F11E-A793-4F71-887E-F2FBAA28D789}.Ad-Hoc|Mixed Platforms.ActiveCfg = Release|Any CPU
		{AB91F11E-A793-4F71-887E-F2FBAA28D789}.Ad-Hoc|Mixed Platforms.Build.0 = Release|Any CPU
		{AB91F11E-A793-4F71-887E-F2FBAA28D789}.Ad-Hoc|x86.ActiveCfg = Release|Any CPU
		{AB91F11E-A793-4F71-887E-F2FBAA28D789}.Ad-Hoc|x86.Build.0 = Release|Any CPU
		{AB91F11E-A793-4F71-887E-F2FBAA28D789}.AppStore|Any CPU.ActiveCfg = Release|Any CPU
		{AB91F11E-A793-4F71-887E-F2FBAA28D789}.AppStore|Any CPU.Build.0 = Release|Any CPU
		{AB91F11E-A793-4F71-887E-F2FBAA28D789}.AppStore|ARM.ActiveCfg = Release|Any CPU
		{AB91F11E-A793-4F71-887E-F2FBAA28D789}.AppStore|ARM.Build.0 = Release|Any CPU
		{AB91F11E-A793-4F71-887E-F2FBAA28D789}.AppStore|iPhone.ActiveCfg = Release|Any CPU
		{AB91F11E-A793-4F71-887E-F2FBAA28D789}.AppStore|iPhone.Build.0 = Release|Any CPU
		{AB91F11E-A793-4F71-887E-F2FBAA28D789}.AppStore|iPhoneSimulator.ActiveCfg = Release|Any CPU
		{AB91F11E-A793-4F71-887E-F2FBAA28D789}.AppStore|iPhoneSimulator.Build.0 = Release|Any CPU
		{AB91F11E-A793-4F71-887E-F2FBAA28D789}.AppStore|Mixed Platforms.ActiveCfg = Release|Any CPU
		{AB91F11E-A793-4F71-887E-F2FBAA28D789}.AppStore|Mixed Platforms.Build.0 = Release|Any CPU
		{AB91F11E-A793-4F71-887E-F2FBAA28D789}.AppStore|x86.ActiveCfg = Release|Any CPU
		{AB91F11E-A793-4F71-887E-F2FBAA28D789}.AppStore|x86.Build.0 = Release|Any CPU
		{AB91F11E-A793-4F71-887E-F2FBAA28D789}.Debug|Any CPU.ActiveCfg = Debug|Any CPU
		{AB91F11E-A793-4F71-887E-F2FBAA28D789}.Debug|Any CPU.Build.0 = Debug|Any CPU
		{AB91F11E-A793-4F71-887E-F2FBAA28D789}.Debug|ARM.ActiveCfg = Debug|Any CPU
		{AB91F11E-A793-4F71-887E-F2FBAA28D789}.Debug|ARM.Build.0 = Debug|Any CPU
		{AB91F11E-A793-4F71-887E-F2FBAA28D789}.Debug|iPhone.ActiveCfg = Debug|Any CPU
		{AB91F11E-A793-4F71-887E-F2FBAA28D789}.Debug|iPhone.Build.0 = Debug|Any CPU
		{AB91F11E-A793-4F71-887E-F2FBAA28D789}.Debug|iPhoneSimulator.ActiveCfg = Debug|Any CPU
		{AB91F11E-A793-4F71-887E-F2FBAA28D789}.Debug|iPhoneSimulator.Build.0 = Debug|Any CPU
		{AB91F11E-A793-4F71-887E-F2FBAA28D789}.Debug|Mixed Platforms.ActiveCfg = Debug|Any CPU
		{AB91F11E-A793-4F71-887E-F2FBAA28D789}.Debug|Mixed Platforms.Build.0 = Debug|Any CPU
		{AB91F11E-A793-4F71-887E-F2FBAA28D789}.Debug|x86.ActiveCfg = Debug|Any CPU
		{AB91F11E-A793-4F71-887E-F2FBAA28D789}.Debug|x86.Build.0 = Debug|Any CPU
		{AB91F11E-A793-4F71-887E-F2FBAA28D789}.Release|Any CPU.ActiveCfg = Release|Any CPU
		{AB91F11E-A793-4F71-887E-F2FBAA28D789}.Release|Any CPU.Build.0 = Release|Any CPU
		{AB91F11E-A793-4F71-887E-F2FBAA28D789}.Release|ARM.ActiveCfg = Release|Any CPU
		{AB91F11E-A793-4F71-887E-F2FBAA28D789}.Release|ARM.Build.0 = Release|Any CPU
		{AB91F11E-A793-4F71-887E-F2FBAA28D789}.Release|iPhone.ActiveCfg = Release|Any CPU
		{AB91F11E-A793-4F71-887E-F2FBAA28D789}.Release|iPhone.Build.0 = Release|Any CPU
		{AB91F11E-A793-4F71-887E-F2FBAA28D789}.Release|iPhoneSimulator.ActiveCfg = Release|Any CPU
		{AB91F11E-A793-4F71-887E-F2FBAA28D789}.Release|iPhoneSimulator.Build.0 = Release|Any CPU
		{AB91F11E-A793-4F71-887E-F2FBAA28D789}.Release|Mixed Platforms.ActiveCfg = Release|Any CPU
		{AB91F11E-A793-4F71-887E-F2FBAA28D789}.Release|Mixed Platforms.Build.0 = Release|Any CPU
		{AB91F11E-A793-4F71-887E-F2FBAA28D789}.Release|x86.ActiveCfg = Release|Any CPU
		{AB91F11E-A793-4F71-887E-F2FBAA28D789}.Release|x86.Build.0 = Release|Any CPU
	EndGlobalSection
	GlobalSection(SolutionProperties) = preSolution
		HideSolutionNode = FALSE
	EndGlobalSection
EndGlobal
