
Microsoft Visual Studio Solution File, Format Version 12.00
# Visual Studio 2012
VisualStudioVersion = 12.0.30723.0
MinimumVisualStudioVersion = 10.0.40219.1
Project("{FAE04EC0-301F-11D3-BF4B-00C04F79EFBC}") = "PlatformSpecific.DependencyService", "PlatformSpecific.DependencyService\PlatformSpecific.DependencyService.csproj", "{E19A2F2A-0AFE-4F55-9B60-19D1080E984A}"
EndProject
Project("{FAE04EC0-301F-11D3-BF4B-00C04F79EFBC}") = "PlatformSpecific.DependencyService.Android", "PlatformSpecific.DependencyService.Android\PlatformSpecific.DependencyService.Android.csproj", "{F5395E27-BDB5-47DB-918B-295EF9B89DEE}"
EndProject
Project("{FAE04EC0-301F-11D3-BF4B-00C04F79EFBC}") = "PlatformSpecific.DependencyService.iOS", "PlatformSpecific.DependencyService.iOS\PlatformSpecific.DependencyService.iOS.csproj", "{4C06492B-5EEB-4395-90E2-AF1E95DB452A}"
EndProject
Project("{FAE04EC0-301F-11D3-BF4B-00C04F79EFBC}") = "PlatformSpecific.DependencyService.WinPhone", "PlatformSpecific.DependencyService.WinPhone\PlatformSpecific.DependencyService.WinPhone.csproj", "{F50C709A-73F1-4C48-A947-379D10CCA941}"
EndProject
Project("{2150E333-8FDC-42A3-9474-1A3956D46DE8}") = ".nuget", ".nuget", "{08F5274A-9E1E-412F-9BB3-7E2FEA323347}"
	ProjectSection(SolutionItems) = preProject
		.nuget\NuGet.Config = .nuget\NuGet.Config
		.nuget\NuGet.exe = .nuget\NuGet.exe
		.nuget\NuGet.targets = .nuget\NuGet.targets
	EndProjectSection
EndProject
Global
	GlobalSection(SolutionConfigurationPlatforms) = preSolution
		Ad-Hoc|Any CPU = Ad-Hoc|Any CPU
		Ad-Hoc|ARM = Ad-Hoc|ARM
		Ad-Hoc|iPhone = Ad-Hoc|iPhone
		Ad-Hoc|iPhoneSimulator = Ad-Hoc|iPhoneSimulator
		Ad-Hoc|Mixed Platforms = Ad-Hoc|Mixed Platforms
		Ad-Hoc|x86 = Ad-Hoc|x86
		AppStore|Any CPU = AppStore|Any CPU
		AppStore|ARM = AppStore|ARM
		AppStore|iPhone = AppStore|iPhone
		AppStore|iPhoneSimulator = AppStore|iPhoneSimulator
		AppStore|Mixed Platforms = AppStore|Mixed Platforms
		AppStore|x86 = AppStore|x86
		Debug|Any CPU = Debug|Any CPU
		Debug|ARM = Debug|ARM
		Debug|iPhone = Debug|iPhone
		Debug|iPhoneSimulator = Debug|iPhoneSimulator
		Debug|Mixed Platforms = Debug|Mixed Platforms
		Debug|x86 = Debug|x86
		Release|Any CPU = Release|Any CPU
		Release|ARM = Release|ARM
		Release|iPhone = Release|iPhone
		Release|iPhoneSimulator = Release|iPhoneSimulator
		Release|Mixed Platforms = Release|Mixed Platforms
		Release|x86 = Release|x86
	EndGlobalSection
	GlobalSection(ProjectConfigurationPlatforms) = postSolution
		{4C06492B-5EEB-4395-90E2-AF1E95DB452A}.Ad-Hoc|Any CPU.ActiveCfg = Ad-Hoc|iPhone
		{4C06492B-5EEB-4395-90E2-AF1E95DB452A}.Ad-Hoc|ARM.ActiveCfg = Ad-Hoc|iPhone
		{4C06492B-5EEB-4395-90E2-AF1E95DB452A}.Ad-Hoc|iPhone.ActiveCfg = Ad-Hoc|iPhone
		{4C06492B-5EEB-4395-90E2-AF1E95DB452A}.Ad-Hoc|iPhone.Build.0 = Ad-Hoc|iPhone
		{4C06492B-5EEB-4395-90E2-AF1E95DB452A}.Ad-Hoc|iPhoneSimulator.ActiveCfg = Ad-Hoc|iPhoneSimulator
		{4C06492B-5EEB-4395-90E2-AF1E95DB452A}.Ad-Hoc|iPhoneSimulator.Build.0 = Ad-Hoc|iPhoneSimulator
		{4C06492B-5EEB-4395-90E2-AF1E95DB452A}.Ad-Hoc|Mixed Platforms.ActiveCfg = Ad-Hoc|iPhone
		{4C06492B-5EEB-4395-90E2-AF1E95DB452A}.Ad-Hoc|Mixed Platforms.Build.0 = Ad-Hoc|iPhone
		{4C06492B-5EEB-4395-90E2-AF1E95DB452A}.Ad-Hoc|x86.ActiveCfg = Ad-Hoc|iPhone
		{4C06492B-5EEB-4395-90E2-AF1E95DB452A}.AppStore|Any CPU.ActiveCfg = AppStore|iPhone
		{4C06492B-5EEB-4395-90E2-AF1E95DB452A}.AppStore|ARM.ActiveCfg = AppStore|iPhone
		{4C06492B-5EEB-4395-90E2-AF1E95DB452A}.AppStore|iPhone.ActiveCfg = AppStore|iPhone
		{4C06492B-5EEB-4395-90E2-AF1E95DB452A}.AppStore|iPhone.Build.0 = AppStore|iPhone
		{4C06492B-5EEB-4395-90E2-AF1E95DB452A}.AppStore|iPhoneSimulator.ActiveCfg = AppStore|iPhoneSimulator
		{4C06492B-5EEB-4395-90E2-AF1E95DB452A}.AppStore|iPhoneSimulator.Build.0 = AppStore|iPhoneSimulator
		{4C06492B-5EEB-4395-90E2-AF1E95DB452A}.AppStore|Mixed Platforms.ActiveCfg = AppStore|iPhone
		{4C06492B-5EEB-4395-90E2-AF1E95DB452A}.AppStore|Mixed Platforms.Build.0 = AppStore|iPhone
		{4C06492B-5EEB-4395-90E2-AF1E95DB452A}.AppStore|x86.ActiveCfg = AppStore|iPhone
		{4C06492B-5EEB-4395-90E2-AF1E95DB452A}.Debug|Any CPU.ActiveCfg = Debug|iPhone
		{4C06492B-5EEB-4395-90E2-AF1E95DB452A}.Debug|ARM.ActiveCfg = Debug|iPhone
		{4C06492B-5EEB-4395-90E2-AF1E95DB452A}.Debug|iPhone.ActiveCfg = Debug|iPhone
		{4C06492B-5EEB-4395-90E2-AF1E95DB452A}.Debug|iPhone.Build.0 = Debug|iPhone
		{4C06492B-5EEB-4395-90E2-AF1E95DB452A}.Debug|iPhoneSimulator.ActiveCfg = Debug|iPhoneSimulator
		{4C06492B-5EEB-4395-90E2-AF1E95DB452A}.Debug|iPhoneSimulator.Build.0 = Debug|iPhoneSimulator
		{4C06492B-5EEB-4395-90E2-AF1E95DB452A}.Debug|Mixed Platforms.ActiveCfg = Debug|iPhone
		{4C06492B-5EEB-4395-90E2-AF1E95DB452A}.Debug|Mixed Platforms.Build.0 = Debug|iPhone
		{4C06492B-5EEB-4395-90E2-AF1E95DB452A}.Debug|x86.ActiveCfg = Debug|iPhone
		{4C06492B-5EEB-4395-90E2-AF1E95DB452A}.Release|Any CPU.ActiveCfg = Release|iPhone
		{4C06492B-5EEB-4395-90E2-AF1E95DB452A}.Release|ARM.ActiveCfg = Release|iPhone
		{4C06492B-5EEB-4395-90E2-AF1E95DB452A}.Release|iPhone.ActiveCfg = Release|iPhone
		{4C06492B-5EEB-4395-90E2-AF1E95DB452A}.Release|iPhone.Build.0 = Release|iPhone
		{4C06492B-5EEB-4395-90E2-AF1E95DB452A}.Release|iPhoneSimulator.ActiveCfg = Release|iPhoneSimulator
		{4C06492B-5EEB-4395-90E2-AF1E95DB452A}.Release|iPhoneSimulator.Build.0 = Release|iPhoneSimulator
		{4C06492B-5EEB-4395-90E2-AF1E95DB452A}.Release|Mixed Platforms.ActiveCfg = Release|iPhone
		{4C06492B-5EEB-4395-90E2-AF1E95DB452A}.Release|Mixed Platforms.Build.0 = Release|iPhone
		{4C06492B-5EEB-4395-90E2-AF1E95DB452A}.Release|x86.ActiveCfg = Release|iPhone
		{E19A2F2A-0AFE-4F55-9B60-19D1080E984A}.Ad-Hoc|Any CPU.ActiveCfg = Release|Any CPU
		{E19A2F2A-0AFE-4F55-9B60-19D1080E984A}.Ad-Hoc|Any CPU.Build.0 = Release|Any CPU
		{E19A2F2A-0AFE-4F55-9B60-19D1080E984A}.Ad-Hoc|ARM.ActiveCfg = Release|Any CPU
		{E19A2F2A-0AFE-4F55-9B60-19D1080E984A}.Ad-Hoc|iPhone.ActiveCfg = Release|Any CPU
		{E19A2F2A-0AFE-4F55-9B60-19D1080E984A}.Ad-Hoc|iPhoneSimulator.ActiveCfg = Release|Any CPU
		{E19A2F2A-0AFE-4F55-9B60-19D1080E984A}.Ad-Hoc|Mixed Platforms.ActiveCfg = Release|Any CPU
		{E19A2F2A-0AFE-4F55-9B60-19D1080E984A}.Ad-Hoc|Mixed Platforms.Build.0 = Release|Any CPU
		{E19A2F2A-0AFE-4F55-9B60-19D1080E984A}.Ad-Hoc|x86.ActiveCfg = Release|Any CPU
		{E19A2F2A-0AFE-4F55-9B60-19D1080E984A}.AppStore|Any CPU.ActiveCfg = Release|Any CPU
		{E19A2F2A-0AFE-4F55-9B60-19D1080E984A}.AppStore|Any CPU.Build.0 = Release|Any CPU
		{E19A2F2A-0AFE-4F55-9B60-19D1080E984A}.AppStore|ARM.ActiveCfg = Release|Any CPU
		{E19A2F2A-0AFE-4F55-9B60-19D1080E984A}.AppStore|iPhone.ActiveCfg = Release|Any CPU
		{E19A2F2A-0AFE-4F55-9B60-19D1080E984A}.AppStore|iPhoneSimulator.ActiveCfg = Release|Any CPU
		{E19A2F2A-0AFE-4F55-9B60-19D1080E984A}.AppStore|Mixed Platforms.ActiveCfg = Release|Any CPU
		{E19A2F2A-0AFE-4F55-9B60-19D1080E984A}.AppStore|Mixed Platforms.Build.0 = Release|Any CPU
		{E19A2F2A-0AFE-4F55-9B60-19D1080E984A}.AppStore|x86.ActiveCfg = Release|Any CPU
		{E19A2F2A-0AFE-4F55-9B60-19D1080E984A}.Debug|Any CPU.ActiveCfg = Debug|Any CPU
		{E19A2F2A-0AFE-4F55-9B60-19D1080E984A}.Debug|Any CPU.Build.0 = Debug|Any CPU
		{E19A2F2A-0AFE-4F55-9B60-19D1080E984A}.Debug|ARM.ActiveCfg = Debug|Any CPU
		{E19A2F2A-0AFE-4F55-9B60-19D1080E984A}.Debug|iPhone.ActiveCfg = Debug|Any CPU
		{E19A2F2A-0AFE-4F55-9B60-19D1080E984A}.Debug|iPhoneSimulator.ActiveCfg = Debug|Any CPU
		{E19A2F2A-0AFE-4F55-9B60-19D1080E984A}.Debug|Mixed Platforms.ActiveCfg = Debug|Any CPU
		{E19A2F2A-0AFE-4F55-9B60-19D1080E984A}.Debug|Mixed Platforms.Build.0 = Debug|Any CPU
		{E19A2F2A-0AFE-4F55-9B60-19D1080E984A}.Debug|x86.ActiveCfg = Debug|Any CPU
		{E19A2F2A-0AFE-4F55-9B60-19D1080E984A}.Release|Any CPU.ActiveCfg = Release|Any CPU
		{E19A2F2A-0AFE-4F55-9B60-19D1080E984A}.Release|Any CPU.Build.0 = Release|Any CPU
		{E19A2F2A-0AFE-4F55-9B60-19D1080E984A}.Release|ARM.ActiveCfg = Release|Any CPU
		{E19A2F2A-0AFE-4F55-9B60-19D1080E984A}.Release|iPhone.ActiveCfg = Release|Any CPU
		{E19A2F2A-0AFE-4F55-9B60-19D1080E984A}.Release|iPhoneSimulator.ActiveCfg = Release|Any CPU
		{E19A2F2A-0AFE-4F55-9B60-19D1080E984A}.Release|Mixed Platforms.ActiveCfg = Release|Any CPU
		{E19A2F2A-0AFE-4F55-9B60-19D1080E984A}.Release|Mixed Platforms.Build.0 = Release|Any CPU
		{E19A2F2A-0AFE-4F55-9B60-19D1080E984A}.Release|x86.ActiveCfg = Release|Any CPU
		{F50C709A-73F1-4C48-A947-379D10CCA941}.Ad-Hoc|Any CPU.ActiveCfg = Release|Any CPU
		{F50C709A-73F1-4C48-A947-379D10CCA941}.Ad-Hoc|Any CPU.Build.0 = Release|Any CPU
		{F50C709A-73F1-4C48-A947-379D10CCA941}.Ad-Hoc|Any CPU.Deploy.0 = Release|Any CPU
		{F50C709A-73F1-4C48-A947-379D10CCA941}.Ad-Hoc|ARM.ActiveCfg = Release|ARM
		{F50C709A-73F1-4C48-A947-379D10CCA941}.Ad-Hoc|ARM.Build.0 = Release|ARM
		{F50C709A-73F1-4C48-A947-379D10CCA941}.Ad-Hoc|ARM.Deploy.0 = Release|ARM
		{F50C709A-73F1-4C48-A947-379D10CCA941}.Ad-Hoc|iPhone.ActiveCfg = Release|Any CPU
		{F50C709A-73F1-4C48-A947-379D10CCA941}.Ad-Hoc|iPhoneSimulator.ActiveCfg = Release|Any CPU
		{F50C709A-73F1-4C48-A947-379D10CCA941}.Ad-Hoc|Mixed Platforms.ActiveCfg = Release|x86
		{F50C709A-73F1-4C48-A947-379D10CCA941}.Ad-Hoc|Mixed Platforms.Build.0 = Release|x86
		{F50C709A-73F1-4C48-A947-379D10CCA941}.Ad-Hoc|Mixed Platforms.Deploy.0 = Release|x86
		{F50C709A-73F1-4C48-A947-379D10CCA941}.Ad-Hoc|x86.ActiveCfg = Release|x86
		{F50C709A-73F1-4C48-A947-379D10CCA941}.Ad-Hoc|x86.Build.0 = Release|x86
		{F50C709A-73F1-4C48-A947-379D10CCA941}.Ad-Hoc|x86.Deploy.0 = Release|x86
		{F50C709A-73F1-4C48-A947-379D10CCA941}.AppStore|Any CPU.ActiveCfg = Release|Any CPU
		{F50C709A-73F1-4C48-A947-379D10CCA941}.AppStore|Any CPU.Build.0 = Release|Any CPU
		{F50C709A-73F1-4C48-A947-379D10CCA941}.AppStore|Any CPU.Deploy.0 = Release|Any CPU
		{F50C709A-73F1-4C48-A947-379D10CCA941}.AppStore|ARM.ActiveCfg = Release|ARM
		{F50C709A-73F1-4C48-A947-379D10CCA941}.AppStore|ARM.Build.0 = Release|ARM
		{F50C709A-73F1-4C48-A947-379D10CCA941}.AppStore|ARM.Deploy.0 = Release|ARM
		{F50C709A-73F1-4C48-A947-379D10CCA941}.AppStore|iPhone.ActiveCfg = Release|Any CPU
		{F50C709A-73F1-4C48-A947-379D10CCA941}.AppStore|iPhoneSimulator.ActiveCfg = Release|Any CPU
		{F50C709A-73F1-4C48-A947-379D10CCA941}.AppStore|Mixed Platforms.ActiveCfg = Release|x86
		{F50C709A-73F1-4C48-A947-379D10CCA941}.AppStore|Mixed Platforms.Build.0 = Release|x86
		{F50C709A-73F1-4C48-A947-379D10CCA941}.AppStore|Mixed Platforms.Deploy.0 = Release|x86
		{F50C709A-73F1-4C48-A947-379D10CCA941}.AppStore|x86.ActiveCfg = Release|x86
		{F50C709A-73F1-4C48-A947-379D10CCA941}.AppStore|x86.Build.0 = Release|x86
		{F50C709A-73F1-4C48-A947-379D10CCA941}.AppStore|x86.Deploy.0 = Release|x86
		{F50C709A-73F1-4C48-A947-379D10CCA941}.Debug|Any CPU.ActiveCfg = Debug|Any CPU
		{F50C709A-73F1-4C48-A947-379D10CCA941}.Debug|Any CPU.Build.0 = Debug|Any CPU
		{F50C709A-73F1-4C48-A947-379D10CCA941}.Debug|Any CPU.Deploy.0 = Debug|Any CPU
		{F50C709A-73F1-4C48-A947-379D10CCA941}.Debug|ARM.ActiveCfg = Debug|ARM
		{F50C709A-73F1-4C48-A947-379D10CCA941}.Debug|ARM.Build.0 = Debug|ARM
		{F50C709A-73F1-4C48-A947-379D10CCA941}.Debug|ARM.Deploy.0 = Debug|ARM
		{F50C709A-73F1-4C48-A947-379D10CCA941}.Debug|iPhone.ActiveCfg = Debug|Any CPU
		{F50C709A-73F1-4C48-A947-379D10CCA941}.Debug|iPhoneSimulator.ActiveCfg = Debug|Any CPU
		{F50C709A-73F1-4C48-A947-379D10CCA941}.Debug|Mixed Platforms.ActiveCfg = Debug|x86
		{F50C709A-73F1-4C48-A947-379D10CCA941}.Debug|Mixed Platforms.Build.0 = Debug|x86
		{F50C709A-73F1-4C48-A947-379D10CCA941}.Debug|Mixed Platforms.Deploy.0 = Debug|x86
		{F50C709A-73F1-4C48-A947-379D10CCA941}.Debug|x86.ActiveCfg = Debug|x86
		{F50C709A-73F1-4C48-A947-379D10CCA941}.Debug|x86.Build.0 = Debug|x86
		{F50C709A-73F1-4C48-A947-379D10CCA941}.Debug|x86.Deploy.0 = Debug|x86
		{F50C709A-73F1-4C48-A947-379D10CCA941}.Release|Any CPU.ActiveCfg = Release|Any CPU
		{F50C709A-73F1-4C48-A947-379D10CCA941}.Release|Any CPU.Build.0 = Release|Any CPU
		{F50C709A-73F1-4C48-A947-379D10CCA941}.Release|Any CPU.Deploy.0 = Release|Any CPU
		{F50C709A-73F1-4C48-A947-379D10CCA941}.Release|ARM.ActiveCfg = Release|ARM
		{F50C709A-73F1-4C48-A947-379D10CCA941}.Release|ARM.Build.0 = Release|ARM
		{F50C709A-73F1-4C48-A947-379D10CCA941}.Release|ARM.Deploy.0 = Release|ARM
		{F50C709A-73F1-4C48-A947-379D10CCA941}.Release|iPhone.ActiveCfg = Release|Any CPU
		{F50C709A-73F1-4C48-A947-379D10CCA941}.Release|iPhoneSimulator.ActiveCfg = Release|Any CPU
		{F50C709A-73F1-4C48-A947-379D10CCA941}.Release|Mixed Platforms.ActiveCfg = Release|x86
		{F50C709A-73F1-4C48-A947-379D10CCA941}.Release|Mixed Platforms.Build.0 = Release|x86
		{F50C709A-73F1-4C48-A947-379D10CCA941}.Release|Mixed Platforms.Deploy.0 = Release|x86
		{F50C709A-73F1-4C48-A947-379D10CCA941}.Release|x86.ActiveCfg = Release|x86
		{F50C709A-73F1-4C48-A947-379D10CCA941}.Release|x86.Build.0 = Release|x86
		{F50C709A-73F1-4C48-A947-379D10CCA941}.Release|x86.Deploy.0 = Release|x86
		{F5395E27-BDB5-47DB-918B-295EF9B89DEE}.Ad-Hoc|Any CPU.ActiveCfg = Release|Any CPU
		{F5395E27-BDB5-47DB-918B-295EF9B89DEE}.Ad-Hoc|Any CPU.Build.0 = Release|Any CPU
		{F5395E27-BDB5-47DB-918B-295EF9B89DEE}.Ad-Hoc|Any CPU.Deploy.0 = Release|Any CPU
		{F5395E27-BDB5-47DB-918B-295EF9B89DEE}.Ad-Hoc|ARM.ActiveCfg = Release|Any CPU
		{F5395E27-BDB5-47DB-918B-295EF9B89DEE}.Ad-Hoc|iPhone.ActiveCfg = Release|Any CPU
		{F5395E27-BDB5-47DB-918B-295EF9B89DEE}.Ad-Hoc|iPhoneSimulator.ActiveCfg = Release|Any CPU
		{F5395E27-BDB5-47DB-918B-295EF9B89DEE}.Ad-Hoc|Mixed Platforms.ActiveCfg = Release|Any CPU
		{F5395E27-BDB5-47DB-918B-295EF9B89DEE}.Ad-Hoc|Mixed Platforms.Build.0 = Release|Any CPU
		{F5395E27-BDB5-47DB-918B-295EF9B89DEE}.Ad-Hoc|Mixed Platforms.Deploy.0 = Release|Any CPU
		{F5395E27-BDB5-47DB-918B-295EF9B89DEE}.Ad-Hoc|x86.ActiveCfg = Release|Any CPU
		{F5395E27-BDB5-47DB-918B-295EF9B89DEE}.AppStore|Any CPU.ActiveCfg = Release|Any CPU
		{F5395E27-BDB5-47DB-918B-295EF9B89DEE}.AppStore|Any CPU.Build.0 = Release|Any CPU
		{F5395E27-BDB5-47DB-918B-295EF9B89DEE}.AppStore|Any CPU.Deploy.0 = Release|Any CPU
		{F5395E27-BDB5-47DB-918B-295EF9B89DEE}.AppStore|ARM.ActiveCfg = Release|Any CPU
		{F5395E27-BDB5-47DB-918B-295EF9B89DEE}.AppStore|iPhone.ActiveCfg = Release|Any CPU
		{F5395E27-BDB5-47DB-918B-295EF9B89DEE}.AppStore|iPhoneSimulator.ActiveCfg = Release|Any CPU
		{F5395E27-BDB5-47DB-918B-295EF9B89DEE}.AppStore|Mixed Platforms.ActiveCfg = Release|Any CPU
		{F5395E27-BDB5-47DB-918B-295EF9B89DEE}.AppStore|Mixed Platforms.Build.0 = Release|Any CPU
		{F5395E27-BDB5-47DB-918B-295EF9B89DEE}.AppStore|Mixed Platforms.Deploy.0 = Release|Any CPU
		{F5395E27-BDB5-47DB-918B-295EF9B89DEE}.AppStore|x86.ActiveCfg = Release|Any CPU
		{F5395E27-BDB5-47DB-918B-295EF9B89DEE}.Debug|Any CPU.ActiveCfg = Debug|Any CPU
		{F5395E27-BDB5-47DB-918B-295EF9B89DEE}.Debug|Any CPU.Build.0 = Debug|Any CPU
		{F5395E27-BDB5-47DB-918B-295EF9B89DEE}.Debug|Any CPU.Deploy.0 = Debug|Any CPU
		{F5395E27-BDB5-47DB-918B-295EF9B89DEE}.Debug|ARM.ActiveCfg = Debug|Any CPU
		{F5395E27-BDB5-47DB-918B-295EF9B89DEE}.Debug|iPhone.ActiveCfg = Debug|Any CPU
		{F5395E27-BDB5-47DB-918B-295EF9B89DEE}.Debug|iPhoneSimulator.ActiveCfg = Debug|Any CPU
		{F5395E27-BDB5-47DB-918B-295EF9B89DEE}.Debug|Mixed Platforms.ActiveCfg = Debug|Any CPU
		{F5395E27-BDB5-47DB-918B-295EF9B89DEE}.Debug|Mixed Platforms.Build.0 = Debug|Any CPU
		{F5395E27-BDB5-47DB-918B-295EF9B89DEE}.Debug|Mixed Platforms.Deploy.0 = Debug|Any CPU
		{F5395E27-BDB5-47DB-918B-295EF9B89DEE}.Debug|x86.ActiveCfg = Debug|Any CPU
		{F5395E27-BDB5-47DB-918B-295EF9B89DEE}.Release|Any CPU.ActiveCfg = Release|Any CPU
		{F5395E27-BDB5-47DB-918B-295EF9B89DEE}.Release|Any CPU.Build.0 = Release|Any CPU
		{F5395E27-BDB5-47DB-918B-295EF9B89DEE}.Release|Any CPU.Deploy.0 = Release|Any CPU
		{F5395E27-BDB5-47DB-918B-295EF9B89DEE}.Release|ARM.ActiveCfg = Release|Any CPU
		{F5395E27-BDB5-47DB-918B-295EF9B89DEE}.Release|iPhone.ActiveCfg = Release|Any CPU
		{F5395E27-BDB5-47DB-918B-295EF9B89DEE}.Release|iPhoneSimulator.ActiveCfg = Release|Any CPU
		{F5395E27-BDB5-47DB-918B-295EF9B89DEE}.Release|Mixed Platforms.ActiveCfg = Release|Any CPU
		{F5395E27-BDB5-47DB-918B-295EF9B89DEE}.Release|Mixed Platforms.Build.0 = Release|Any CPU
		{F5395E27-BDB5-47DB-918B-295EF9B89DEE}.Release|Mixed Platforms.Deploy.0 = Release|Any CPU
		{F5395E27-BDB5-47DB-918B-295EF9B89DEE}.Release|x86.ActiveCfg = Release|Any CPU
	EndGlobalSection
	GlobalSection(NestedProjects) = preSolution
	EndGlobalSection
	GlobalSection(SolutionProperties) = preSolution
		HideSolutionNode = FALSE
	EndGlobalSection
EndGlobal
