Microsoft Visual Studio Solution File, Format Version 12.00
# Visual Studio 2013
VisualStudioVersion = 12.0.40629.0
MinimumVisualStudioVersion = 10.0.40219.1
Project("{FAE04EC0-301F-11D3-BF4B-00C04F79EFBC}") = "AppPortable.iOS", "AppPortable\AppPortable.iOS\AppPortable.iOS.csproj", "{BE15C029-8C21-4707-AFAC-5D4F6811DBFA}"
EndProject
Project("{FAE04EC0-301F-11D3-BF4B-00C04F79EFBC}") = "AppPortable.Droid", "AppPortable\AppPortable.Droid\AppPortable.Droid.csproj", "{41E459EA-4B25-4C0C-98F9-2E8EF9C61306}"
EndProject
Project("{FAE04EC0-301F-11D3-BF4B-00C04F79EFBC}") = "AppPortable.WinPhone", "AppPortable\AppPortable.WinPhone\AppPortable.WinPhone.csproj", "{72430A5B-5A7D-4207-9836-728FA89360B6}"
EndProject
Project("{FAE04EC0-301F-11D3-BF4B-00C04F79EFBC}") = "AppPortable", "AppPortable\AppPortable\AppPortable.csproj", "{20949102-B441-43D5-96F5-14D8302FE078}"
EndProject
Global
	GlobalSection(SolutionConfigurationPlatforms) = preSolution
		Ad-Hoc|Any CPU = Ad-Hoc|Any CPU
		Ad-Hoc|ARM = Ad-Hoc|ARM
		Ad-Hoc|iPhone = Ad-Hoc|iPhone
		Ad-Hoc|iPhoneSimulator = Ad-Hoc|iPhoneSimulator
		Ad-Hoc|Mixed Platforms = Ad-Hoc|Mixed Platforms
		Ad-Hoc|x86 = Ad-Hoc|x86
		AppStore|Any CPU = AppStore|Any CPU
		AppStore|ARM = AppStore|ARM
		AppStore|iPhone = AppStore|iPhone
		AppStore|iPhoneSimulator = AppStore|iPhoneSimulator
		AppStore|Mixed Platforms = AppStore|Mixed Platforms
		AppStore|x86 = AppStore|x86
		Debug|Any CPU = Debug|Any CPU
		Debug|ARM = Debug|ARM
		Debug|iPhone = Debug|iPhone
		Debug|iPhoneSimulator = Debug|iPhoneSimulator
		Debug|Mixed Platforms = Debug|Mixed Platforms
		Debug|x86 = Debug|x86
		Release|Any CPU = Release|Any CPU
		Release|ARM = Release|ARM
		Release|iPhone = Release|iPhone
		Release|iPhoneSimulator = Release|iPhoneSimulator
		Release|Mixed Platforms = Release|Mixed Platforms
		Release|x86 = Release|x86
	EndGlobalSection
	GlobalSection(ProjectConfigurationPlatforms) = postSolution
		{BE15C029-8C21-4707-AFAC-5D4F6811DBFA}.Ad-Hoc|Any CPU.ActiveCfg = Ad-Hoc|iPhone
		{BE15C029-8C21-4707-AFAC-5D4F6811DBFA}.Ad-Hoc|ARM.ActiveCfg = Ad-Hoc|iPhone
		{BE15C029-8C21-4707-AFAC-5D4F6811DBFA}.Ad-Hoc|iPhone.ActiveCfg = Ad-Hoc|iPhone
		{BE15C029-8C21-4707-AFAC-5D4F6811DBFA}.Ad-Hoc|iPhone.Build.0 = Ad-Hoc|iPhone
		{BE15C029-8C21-4707-AFAC-5D4F6811DBFA}.Ad-Hoc|iPhoneSimulator.ActiveCfg = Ad-Hoc|iPhoneSimulator
		{BE15C029-8C21-4707-AFAC-5D4F6811DBFA}.Ad-Hoc|iPhoneSimulator.Build.0 = Ad-Hoc|iPhoneSimulator
		{BE15C029-8C21-4707-AFAC-5D4F6811DBFA}.Ad-Hoc|Mixed Platforms.ActiveCfg = Ad-Hoc|iPhone
		{BE15C029-8C21-4707-AFAC-5D4F6811DBFA}.Ad-Hoc|Mixed Platforms.Build.0 = Ad-Hoc|iPhone
		{BE15C029-8C21-4707-AFAC-5D4F6811DBFA}.Ad-Hoc|x86.ActiveCfg = Ad-Hoc|iPhone
		{BE15C029-8C21-4707-AFAC-5D4F6811DBFA}.AppStore|Any CPU.ActiveCfg = AppStore|iPhone
		{BE15C029-8C21-4707-AFAC-5D4F6811DBFA}.AppStore|ARM.ActiveCfg = AppStore|iPhone
		{BE15C029-8C21-4707-AFAC-5D4F6811DBFA}.AppStore|iPhone.ActiveCfg = AppStore|iPhone
		{BE15C029-8C21-4707-AFAC-5D4F6811DBFA}.AppStore|iPhone.Build.0 = AppStore|iPhone
		{BE15C029-8C21-4707-AFAC-5D4F6811DBFA}.AppStore|iPhoneSimulator.ActiveCfg = AppStore|iPhoneSimulator
		{BE15C029-8C21-4707-AFAC-5D4F6811DBFA}.AppStore|iPhoneSimulator.Build.0 = AppStore|iPhoneSimulator
		{BE15C029-8C21-4707-AFAC-5D4F6811DBFA}.AppStore|Mixed Platforms.ActiveCfg = AppStore|iPhone
		{BE15C029-8C21-4707-AFAC-5D4F6811DBFA}.AppStore|Mixed Platforms.Build.0 = AppStore|iPhone
		{BE15C029-8C21-4707-AFAC-5D4F6811DBFA}.AppStore|x86.ActiveCfg = AppStore|iPhone
		{BE15C029-8C21-4707-AFAC-5D4F6811DBFA}.Debug|Any CPU.ActiveCfg = Debug|iPhone
		{BE15C029-8C21-4707-AFAC-5D4F6811DBFA}.Debug|ARM.ActiveCfg = Debug|iPhone
		{BE15C029-8C21-4707-AFAC-5D4F6811DBFA}.Debug|iPhone.ActiveCfg = Debug|iPhone
		{BE15C029-8C21-4707-AFAC-5D4F6811DBFA}.Debug|iPhone.Build.0 = Debug|iPhone
		{BE15C029-8C21-4707-AFAC-5D4F6811DBFA}.Debug|iPhoneSimulator.ActiveCfg = Debug|iPhoneSimulator
		{BE15C029-8C21-4707-AFAC-5D4F6811DBFA}.Debug|iPhoneSimulator.Build.0 = Debug|iPhoneSimulator
		{BE15C029-8C21-4707-AFAC-5D4F6811DBFA}.Debug|Mixed Platforms.ActiveCfg = Debug|iPhone
		{BE15C029-8C21-4707-AFAC-5D4F6811DBFA}.Debug|Mixed Platforms.Build.0 = Debug|iPhone
		{BE15C029-8C21-4707-AFAC-5D4F6811DBFA}.Debug|x86.ActiveCfg = Debug|iPhone
		{BE15C029-8C21-4707-AFAC-5D4F6811DBFA}.Release|Any CPU.ActiveCfg = Release|iPhone
		{BE15C029-8C21-4707-AFAC-5D4F6811DBFA}.Release|ARM.ActiveCfg = Release|iPhone
		{BE15C029-8C21-4707-AFAC-5D4F6811DBFA}.Release|iPhone.ActiveCfg = Release|iPhone
		{BE15C029-8C21-4707-AFAC-5D4F6811DBFA}.Release|iPhone.Build.0 = Release|iPhone
		{BE15C029-8C21-4707-AFAC-5D4F6811DBFA}.Release|iPhoneSimulator.ActiveCfg = Release|iPhoneSimulator
		{BE15C029-8C21-4707-AFAC-5D4F6811DBFA}.Release|iPhoneSimulator.Build.0 = Release|iPhoneSimulator
		{BE15C029-8C21-4707-AFAC-5D4F6811DBFA}.Release|Mixed Platforms.ActiveCfg = Release|iPhone
		{BE15C029-8C21-4707-AFAC-5D4F6811DBFA}.Release|Mixed Platforms.Build.0 = Release|iPhone
		{BE15C029-8C21-4707-AFAC-5D4F6811DBFA}.Release|x86.ActiveCfg = Release|iPhone
		{41E459EA-4B25-4C0C-98F9-2E8EF9C61306}.Ad-Hoc|Any CPU.ActiveCfg = Release|Any CPU
		{41E459EA-4B25-4C0C-98F9-2E8EF9C61306}.Ad-Hoc|Any CPU.Build.0 = Release|Any CPU
		{41E459EA-4B25-4C0C-98F9-2E8EF9C61306}.Ad-Hoc|Any CPU.Deploy.0 = Release|Any CPU
		{41E459EA-4B25-4C0C-98F9-2E8EF9C61306}.Ad-Hoc|ARM.ActiveCfg = Release|Any CPU
		{41E459EA-4B25-4C0C-98F9-2E8EF9C61306}.Ad-Hoc|iPhone.ActiveCfg = Release|Any CPU
		{41E459EA-4B25-4C0C-98F9-2E8EF9C61306}.Ad-Hoc|iPhoneSimulator.ActiveCfg = Release|Any CPU
		{41E459EA-4B25-4C0C-98F9-2E8EF9C61306}.Ad-Hoc|Mixed Platforms.ActiveCfg = Release|Any CPU
		{41E459EA-4B25-4C0C-98F9-2E8EF9C61306}.Ad-Hoc|Mixed Platforms.Build.0 = Release|Any CPU
		{41E459EA-4B25-4C0C-98F9-2E8EF9C61306}.Ad-Hoc|Mixed Platforms.Deploy.0 = Release|Any CPU
		{41E459EA-4B25-4C0C-98F9-2E8EF9C61306}.Ad-Hoc|x86.ActiveCfg = Release|Any CPU
		{41E459EA-4B25-4C0C-98F9-2E8EF9C61306}.AppStore|Any CPU.ActiveCfg = Release|Any CPU
		{41E459EA-4B25-4C0C-98F9-2E8EF9C61306}.AppStore|Any CPU.Build.0 = Release|Any CPU
		{41E459EA-4B25-4C0C-98F9-2E8EF9C61306}.AppStore|Any CPU.Deploy.0 = Release|Any CPU
		{41E459EA-4B25-4C0C-98F9-2E8EF9C61306}.AppStore|ARM.ActiveCfg = Release|Any CPU
		{41E459EA-4B25-4C0C-98F9-2E8EF9C61306}.AppStore|iPhone.ActiveCfg = Release|Any CPU
		{41E459EA-4B25-4C0C-98F9-2E8EF9C61306}.AppStore|iPhoneSimulator.ActiveCfg = Release|Any CPU
		{41E459EA-4B25-4C0C-98F9-2E8EF9C61306}.AppStore|Mixed Platforms.ActiveCfg = Release|Any CPU
		{41E459EA-4B25-4C0C-98F9-2E8EF9C61306}.AppStore|Mixed Platforms.Build.0 = Release|Any CPU
		{41E459EA-4B25-4C0C-98F9-2E8EF9C61306}.AppStore|Mixed Platforms.Deploy.0 = Release|Any CPU
		{41E459EA-4B25-4C0C-98F9-2E8EF9C61306}.AppStore|x86.ActiveCfg = Release|Any CPU
		{41E459EA-4B25-4C0C-98F9-2E8EF9C61306}.Debug|Any CPU.ActiveCfg = Debug|Any CPU
		{41E459EA-4B25-4C0C-98F9-2E8EF9C61306}.Debug|Any CPU.Build.0 = Debug|Any CPU
		{41E459EA-4B25-4C0C-98F9-2E8EF9C61306}.Debug|Any CPU.Deploy.0 = Debug|Any CPU
		{41E459EA-4B25-4C0C-98F9-2E8EF9C61306}.Debug|ARM.ActiveCfg = Debug|Any CPU
		{41E459EA-4B25-4C0C-98F9-2E8EF9C61306}.Debug|iPhone.ActiveCfg = Debug|Any CPU
		{41E459EA-4B25-4C0C-98F9-2E8EF9C61306}.Debug|iPhoneSimulator.ActiveCfg = Debug|Any CPU
		{41E459EA-4B25-4C0C-98F9-2E8EF9C61306}.Debug|Mixed Platforms.ActiveCfg = Debug|Any CPU
		{41E459EA-4B25-4C0C-98F9-2E8EF9C61306}.Debug|Mixed Platforms.Build.0 = Debug|Any CPU
		{41E459EA-4B25-4C0C-98F9-2E8EF9C61306}.Debug|Mixed Platforms.Deploy.0 = Debug|Any CPU
		{41E459EA-4B25-4C0C-98F9-2E8EF9C61306}.Debug|x86.ActiveCfg = Debug|Any CPU
		{41E459EA-4B25-4C0C-98F9-2E8EF9C61306}.Release|Any CPU.ActiveCfg = Release|Any CPU
		{41E459EA-4B25-4C0C-98F9-2E8EF9C61306}.Release|Any CPU.Build.0 = Release|Any CPU
		{41E459EA-4B25-4C0C-98F9-2E8EF9C61306}.Release|Any CPU.Deploy.0 = Release|Any CPU
		{41E459EA-4B25-4C0C-98F9-2E8EF9C61306}.Release|ARM.ActiveCfg = Release|Any CPU
		{41E459EA-4B25-4C0C-98F9-2E8EF9C61306}.Release|iPhone.ActiveCfg = Release|Any CPU
		{41E459EA-4B25-4C0C-98F9-2E8EF9C61306}.Release|iPhoneSimulator.ActiveCfg = Release|Any CPU
		{41E459EA-4B25-4C0C-98F9-2E8EF9C61306}.Release|Mixed Platforms.ActiveCfg = Release|Any CPU
		{41E459EA-4B25-4C0C-98F9-2E8EF9C61306}.Release|Mixed Platforms.Build.0 = Release|Any CPU
		{41E459EA-4B25-4C0C-98F9-2E8EF9C61306}.Release|Mixed Platforms.Deploy.0 = Release|Any CPU
		{41E459EA-4B25-4C0C-98F9-2E8EF9C61306}.Release|x86.ActiveCfg = Release|Any CPU
		{72430A5B-5A7D-4207-9836-728FA89360B6}.Ad-Hoc|Any CPU.ActiveCfg = Release|Any CPU
		{72430A5B-5A7D-4207-9836-728FA89360B6}.Ad-Hoc|Any CPU.Build.0 = Release|Any CPU
		{72430A5B-5A7D-4207-9836-728FA89360B6}.Ad-Hoc|Any CPU.Deploy.0 = Release|Any CPU
		{72430A5B-5A7D-4207-9836-728FA89360B6}.Ad-Hoc|ARM.ActiveCfg = Release|ARM
		{72430A5B-5A7D-4207-9836-728FA89360B6}.Ad-Hoc|ARM.Build.0 = Release|ARM
		{72430A5B-5A7D-4207-9836-728FA89360B6}.Ad-Hoc|ARM.Deploy.0 = Release|ARM
		{72430A5B-5A7D-4207-9836-728FA89360B6}.Ad-Hoc|iPhone.ActiveCfg = Release|Any CPU
		{72430A5B-5A7D-4207-9836-728FA89360B6}.Ad-Hoc|iPhoneSimulator.ActiveCfg = Release|Any CPU
		{72430A5B-5A7D-4207-9836-728FA89360B6}.Ad-Hoc|Mixed Platforms.ActiveCfg = Release|x86
		{72430A5B-5A7D-4207-9836-728FA89360B6}.Ad-Hoc|Mixed Platforms.Build.0 = Release|x86
		{72430A5B-5A7D-4207-9836-728FA89360B6}.Ad-Hoc|Mixed Platforms.Deploy.0 = Release|x86
		{72430A5B-5A7D-4207-9836-728FA89360B6}.Ad-Hoc|x86.ActiveCfg = Release|x86
		{72430A5B-5A7D-4207-9836-728FA89360B6}.Ad-Hoc|x86.Build.0 = Release|x86
		{72430A5B-5A7D-4207-9836-728FA89360B6}.Ad-Hoc|x86.Deploy.0 = Release|x86
		{72430A5B-5A7D-4207-9836-728FA89360B6}.AppStore|Any CPU.ActiveCfg = Release|Any CPU
		{72430A5B-5A7D-4207-9836-728FA89360B6}.AppStore|Any CPU.Build.0 = Release|Any CPU
		{72430A5B-5A7D-4207-9836-728FA89360B6}.AppStore|Any CPU.Deploy.0 = Release|Any CPU
		{72430A5B-5A7D-4207-9836-728FA89360B6}.AppStore|ARM.ActiveCfg = Release|ARM
		{72430A5B-5A7D-4207-9836-728FA89360B6}.AppStore|ARM.Build.0 = Release|ARM
		{72430A5B-5A7D-4207-9836-728FA89360B6}.AppStore|ARM.Deploy.0 = Release|ARM
		{72430A5B-5A7D-4207-9836-728FA89360B6}.AppStore|iPhone.ActiveCfg = Release|Any CPU
		{72430A5B-5A7D-4207-9836-728FA89360B6}.AppStore|iPhoneSimulator.ActiveCfg = Release|Any CPU
		{72430A5B-5A7D-4207-9836-728FA89360B6}.AppStore|Mixed Platforms.ActiveCfg = Release|x86
		{72430A5B-5A7D-4207-9836-728FA89360B6}.AppStore|Mixed Platforms.Build.0 = Release|x86
		{72430A5B-5A7D-4207-9836-728FA89360B6}.AppStore|Mixed Platforms.Deploy.0 = Release|x86
		{72430A5B-5A7D-4207-9836-728FA89360B6}.AppStore|x86.ActiveCfg = Release|x86
		{72430A5B-5A7D-4207-9836-728FA89360B6}.AppStore|x86.Build.0 = Release|x86
		{72430A5B-5A7D-4207-9836-728FA89360B6}.AppStore|x86.Deploy.0 = Release|x86
		{72430A5B-5A7D-4207-9836-728FA89360B6}.Debug|Any CPU.ActiveCfg = Debug|Any CPU
		{72430A5B-5A7D-4207-9836-728FA89360B6}.Debug|Any CPU.Build.0 = Debug|Any CPU
		{72430A5B-5A7D-4207-9836-728FA89360B6}.Debug|Any CPU.Deploy.0 = Debug|Any CPU
		{72430A5B-5A7D-4207-9836-728FA89360B6}.Debug|ARM.ActiveCfg = Debug|ARM
		{72430A5B-5A7D-4207-9836-728FA89360B6}.Debug|ARM.Build.0 = Debug|ARM
		{72430A5B-5A7D-4207-9836-728FA89360B6}.Debug|ARM.Deploy.0 = Debug|ARM
		{72430A5B-5A7D-4207-9836-728FA89360B6}.Debug|iPhone.ActiveCfg = Debug|Any CPU
		{72430A5B-5A7D-4207-9836-728FA89360B6}.Debug|iPhoneSimulator.ActiveCfg = Debug|Any CPU
		{72430A5B-5A7D-4207-9836-728FA89360B6}.Debug|Mixed Platforms.ActiveCfg = Debug|x86
		{72430A5B-5A7D-4207-9836-728FA89360B6}.Debug|Mixed Platforms.Build.0 = Debug|x86
		{72430A5B-5A7D-4207-9836-728FA89360B6}.Debug|Mixed Platforms.Deploy.0 = Debug|x86
		{72430A5B-5A7D-4207-9836-728FA89360B6}.Debug|x86.ActiveCfg = Debug|x86
		{72430A5B-5A7D-4207-9836-728FA89360B6}.Debug|x86.Build.0 = Debug|x86
		{72430A5B-5A7D-4207-9836-728FA89360B6}.Debug|x86.Deploy.0 = Debug|x86
		{72430A5B-5A7D-4207-9836-728FA89360B6}.Release|Any CPU.ActiveCfg = Release|Any CPU
		{72430A5B-5A7D-4207-9836-728FA89360B6}.Release|Any CPU.Build.0 = Release|Any CPU
		{72430A5B-5A7D-4207-9836-728FA89360B6}.Release|Any CPU.Deploy.0 = Release|Any CPU
		{72430A5B-5A7D-4207-9836-728FA89360B6}.Release|ARM.ActiveCfg = Release|ARM
		{72430A5B-5A7D-4207-9836-728FA89360B6}.Release|ARM.Build.0 = Release|ARM
		{72430A5B-5A7D-4207-9836-728FA89360B6}.Release|ARM.Deploy.0 = Release|ARM
		{72430A5B-5A7D-4207-9836-728FA89360B6}.Release|iPhone.ActiveCfg = Release|Any CPU
		{72430A5B-5A7D-4207-9836-728FA89360B6}.Release|iPhoneSimulator.ActiveCfg = Release|Any CPU
		{72430A5B-5A7D-4207-9836-728FA89360B6}.Release|Mixed Platforms.ActiveCfg = Release|x86
		{72430A5B-5A7D-4207-9836-728FA89360B6}.Release|Mixed Platforms.Build.0 = Release|x86
		{72430A5B-5A7D-4207-9836-728FA89360B6}.Release|Mixed Platforms.Deploy.0 = Release|x86
		{72430A5B-5A7D-4207-9836-728FA89360B6}.Release|x86.ActiveCfg = Release|x86
		{72430A5B-5A7D-4207-9836-728FA89360B6}.Release|x86.Build.0 = Release|x86
		{72430A5B-5A7D-4207-9836-728FA89360B6}.Release|x86.Deploy.0 = Release|x86
		{20949102-B441-43D5-96F5-14D8302FE078}.Ad-Hoc|Any CPU.ActiveCfg = Release|Any CPU
		{20949102-B441-43D5-96F5-14D8302FE078}.Ad-Hoc|Any CPU.Build.0 = Release|Any CPU
		{20949102-B441-43D5-96F5-14D8302FE078}.Ad-Hoc|ARM.ActiveCfg = Release|Any CPU
		{20949102-B441-43D5-96F5-14D8302FE078}.Ad-Hoc|iPhone.ActiveCfg = Release|Any CPU
		{20949102-B441-43D5-96F5-14D8302FE078}.Ad-Hoc|iPhone.Build.0 = Release|Any CPU
		{20949102-B441-43D5-96F5-14D8302FE078}.Ad-Hoc|iPhoneSimulator.ActiveCfg = Release|Any CPU
		{20949102-B441-43D5-96F5-14D8302FE078}.Ad-Hoc|iPhoneSimulator.Build.0 = Release|Any CPU
		{20949102-B441-43D5-96F5-14D8302FE078}.Ad-Hoc|Mixed Platforms.ActiveCfg = Release|Any CPU
		{20949102-B441-43D5-96F5-14D8302FE078}.Ad-Hoc|Mixed Platforms.Build.0 = Release|Any CPU
		{20949102-B441-43D5-96F5-14D8302FE078}.Ad-Hoc|x86.ActiveCfg = Release|Any CPU
		{20949102-B441-43D5-96F5-14D8302FE078}.AppStore|Any CPU.ActiveCfg = Release|Any CPU
		{20949102-B441-43D5-96F5-14D8302FE078}.AppStore|Any CPU.Build.0 = Release|Any CPU
		{20949102-B441-43D5-96F5-14D8302FE078}.AppStore|ARM.ActiveCfg = Release|Any CPU
		{20949102-B441-43D5-96F5-14D8302FE078}.AppStore|iPhone.ActiveCfg = Release|Any CPU
		{20949102-B441-43D5-96F5-14D8302FE078}.AppStore|iPhone.Build.0 = Release|Any CPU
		{20949102-B441-43D5-96F5-14D8302FE078}.AppStore|iPhoneSimulator.ActiveCfg = Release|Any CPU
		{20949102-B441-43D5-96F5-14D8302FE078}.AppStore|iPhoneSimulator.Build.0 = Release|Any CPU
		{20949102-B441-43D5-96F5-14D8302FE078}.AppStore|Mixed Platforms.ActiveCfg = Release|Any CPU
		{20949102-B441-43D5-96F5-14D8302FE078}.AppStore|Mixed Platforms.Build.0 = Release|Any CPU
		{20949102-B441-43D5-96F5-14D8302FE078}.AppStore|x86.ActiveCfg = Release|Any CPU
		{20949102-B441-43D5-96F5-14D8302FE078}.Debug|Any CPU.ActiveCfg = Debug|Any CPU
		{20949102-B441-43D5-96F5-14D8302FE078}.Debug|Any CPU.Build.0 = Debug|Any CPU
		{20949102-B441-43D5-96F5-14D8302FE078}.Debug|ARM.ActiveCfg = Debug|Any CPU
		{20949102-B441-43D5-96F5-14D8302FE078}.Debug|iPhone.ActiveCfg = Debug|Any CPU
		{20949102-B441-43D5-96F5-14D8302FE078}.Debug|iPhone.Build.0 = Debug|Any CPU
		{20949102-B441-43D5-96F5-14D8302FE078}.Debug|iPhoneSimulator.ActiveCfg = Debug|Any CPU
		{20949102-B441-43D5-96F5-14D8302FE078}.Debug|iPhoneSimulator.Build.0 = Debug|Any CPU
		{20949102-B441-43D5-96F5-14D8302FE078}.Debug|Mixed Platforms.ActiveCfg = Debug|Any CPU
		{20949102-B441-43D5-96F5-14D8302FE078}.Debug|Mixed Platforms.Build.0 = Debug|Any CPU
		{20949102-B441-43D5-96F5-14D8302FE078}.Debug|x86.ActiveCfg = Debug|Any CPU
		{20949102-B441-43D5-96F5-14D8302FE078}.Release|Any CPU.ActiveCfg = Release|Any CPU
		{20949102-B441-43D5-96F5-14D8302FE078}.Release|Any CPU.Build.0 = Release|Any CPU
		{20949102-B441-43D5-96F5-14D8302FE078}.Release|ARM.ActiveCfg = Release|Any CPU
		{20949102-B441-43D5-96F5-14D8302FE078}.Release|iPhone.ActiveCfg = Release|Any CPU
		{20949102-B441-43D5-96F5-14D8302FE078}.Release|iPhone.Build.0 = Release|Any CPU
		{20949102-B441-43D5-96F5-14D8302FE078}.Release|iPhoneSimulator.ActiveCfg = Release|Any CPU
		{20949102-B441-43D5-96F5-14D8302FE078}.Release|iPhoneSimulator.Build.0 = Release|Any CPU
		{20949102-B441-43D5-96F5-14D8302FE078}.Release|Mixed Platforms.ActiveCfg = Release|Any CPU
		{20949102-B441-43D5-96F5-14D8302FE078}.Release|Mixed Platforms.Build.0 = Release|Any CPU
		{20949102-B441-43D5-96F5-14D8302FE078}.Release|x86.ActiveCfg = Release|Any CPU
	EndGlobalSection
	GlobalSection(SolutionProperties) = preSolution
		HideSolutionNode = FALSE
	EndGlobalSection
EndGlobal
