
Microsoft Visual Studio Solution File, Format Version 11.00
# Visual Studio 2010
Project("{FAE04EC0-301F-11D3-BF4B-00C04F79EFBC}") = "Layouts", "Layouts\Layouts.csproj", "{3DB3F87F-555F-453F-A5AD-6DE61D08F16F}"
EndProject
Project("{FAE04EC0-301F-11D3-BF4B-00C04F79EFBC}") = "Layouts.Android", "Layouts.Android\Layouts.Android.csproj", "{5C95E8C5-CCCE-48A3-A9AB-7EBE66476E2E}"
EndProject
Project("{FAE04EC0-301F-11D3-BF4B-00C04F79EFBC}") = "Layouts.iOS", "Layouts.iOS\Layouts.iOS.csproj", "{A512BBDD-8D6F-4BE2-93F0-361B1F8EBC21}"
EndProject
Project("{FAE04EC0-301F-11D3-BF4B-00C04F79EFBC}") = "Layouts.WinPhone", "Layouts.WinPhone\Layouts.WinPhone.csproj", "{EC3AB862-124B-4B9C-93C4-E31EF70B41EF}"
EndProject
Global
	GlobalSection(SolutionConfigurationPlatforms) = preSolution
		Debug|Any CPU = Debug|Any CPU
		Release|Any CPU = Release|Any CPU
		Debug|iPhoneSimulator = Debug|iPhoneSimulator
		Release|iPhoneSimulator = Release|iPhoneSimulator
		Debug|iPhone = Debug|iPhone
		Release|iPhone = Release|iPhone
		Ad-Hoc|iPhone = Ad-Hoc|iPhone
		AppStore|iPhone = AppStore|iPhone
	EndGlobalSection
	GlobalSection(ProjectConfigurationPlatforms) = postSolution
		{3DB3F87F-555F-453F-A5AD-6DE61D08F16F}.Ad-Hoc|iPhone.ActiveCfg = Debug|Any CPU
		{3DB3F87F-555F-453F-A5AD-6DE61D08F16F}.Ad-Hoc|iPhone.Build.0 = Debug|Any CPU
		{3DB3F87F-555F-453F-A5AD-6DE61D08F16F}.AppStore|iPhone.ActiveCfg = Debug|Any CPU
		{3DB3F87F-555F-453F-A5AD-6DE61D08F16F}.AppStore|iPhone.Build.0 = Debug|Any CPU
		{3DB3F87F-555F-453F-A5AD-6DE61D08F16F}.Debug|Any CPU.ActiveCfg = Debug|Any CPU
		{3DB3F87F-555F-453F-A5AD-6DE61D08F16F}.Debug|Any CPU.Build.0 = Debug|Any CPU
		{3DB3F87F-555F-453F-A5AD-6DE61D08F16F}.Debug|iPhone.ActiveCfg = Debug|Any CPU
		{3DB3F87F-555F-453F-A5AD-6DE61D08F16F}.Debug|iPhone.Build.0 = Debug|Any CPU
		{3DB3F87F-555F-453F-A5AD-6DE61D08F16F}.Debug|iPhoneSimulator.ActiveCfg = Debug|Any CPU
		{3DB3F87F-555F-453F-A5AD-6DE61D08F16F}.Debug|iPhoneSimulator.Build.0 = Debug|Any CPU
		{3DB3F87F-555F-453F-A5AD-6DE61D08F16F}.Release|Any CPU.ActiveCfg = Release|Any CPU
		{3DB3F87F-555F-453F-A5AD-6DE61D08F16F}.Release|Any CPU.Build.0 = Release|Any CPU
		{3DB3F87F-555F-453F-A5AD-6DE61D08F16F}.Release|iPhone.ActiveCfg = Release|Any CPU
		{3DB3F87F-555F-453F-A5AD-6DE61D08F16F}.Release|iPhone.Build.0 = Release|Any CPU
		{3DB3F87F-555F-453F-A5AD-6DE61D08F16F}.Release|iPhoneSimulator.ActiveCfg = Release|Any CPU
		{3DB3F87F-555F-453F-A5AD-6DE61D08F16F}.Release|iPhoneSimulator.Build.0 = Release|Any CPU
		{5C95E8C5-CCCE-48A3-A9AB-7EBE66476E2E}.Ad-Hoc|iPhone.ActiveCfg = Debug|Any CPU
		{5C95E8C5-CCCE-48A3-A9AB-7EBE66476E2E}.Ad-Hoc|iPhone.Build.0 = Debug|Any CPU
		{5C95E8C5-CCCE-48A3-A9AB-7EBE66476E2E}.AppStore|iPhone.ActiveCfg = Debug|Any CPU
		{5C95E8C5-CCCE-48A3-A9AB-7EBE66476E2E}.AppStore|iPhone.Build.0 = Debug|Any CPU
		{5C95E8C5-CCCE-48A3-A9AB-7EBE66476E2E}.Debug|Any CPU.ActiveCfg = Debug|Any CPU
		{5C95E8C5-CCCE-48A3-A9AB-7EBE66476E2E}.Debug|Any CPU.Build.0 = Debug|Any CPU
		{5C95E8C5-CCCE-48A3-A9AB-7EBE66476E2E}.Debug|iPhone.ActiveCfg = Debug|Any CPU
		{5C95E8C5-CCCE-48A3-A9AB-7EBE66476E2E}.Debug|iPhone.Build.0 = Debug|Any CPU
		{5C95E8C5-CCCE-48A3-A9AB-7EBE66476E2E}.Debug|iPhoneSimulator.ActiveCfg = Debug|Any CPU
		{5C95E8C5-CCCE-48A3-A9AB-7EBE66476E2E}.Debug|iPhoneSimulator.Build.0 = Debug|Any CPU
		{5C95E8C5-CCCE-48A3-A9AB-7EBE66476E2E}.Release|Any CPU.ActiveCfg = Release|Any CPU
		{5C95E8C5-CCCE-48A3-A9AB-7EBE66476E2E}.Release|Any CPU.Build.0 = Release|Any CPU
		{5C95E8C5-CCCE-48A3-A9AB-7EBE66476E2E}.Release|iPhone.ActiveCfg = Release|Any CPU
		{5C95E8C5-CCCE-48A3-A9AB-7EBE66476E2E}.Release|iPhone.Build.0 = Release|Any CPU
		{5C95E8C5-CCCE-48A3-A9AB-7EBE66476E2E}.Release|iPhoneSimulator.ActiveCfg = Release|Any CPU
		{5C95E8C5-CCCE-48A3-A9AB-7EBE66476E2E}.Release|iPhoneSimulator.Build.0 = Release|Any CPU
		{A512BBDD-8D6F-4BE2-93F0-361B1F8EBC21}.Ad-Hoc|iPhone.ActiveCfg = Ad-Hoc|iPhone
		{A512BBDD-8D6F-4BE2-93F0-361B1F8EBC21}.Ad-Hoc|iPhone.Build.0 = Ad-Hoc|iPhone
		{A512BBDD-8D6F-4BE2-93F0-361B1F8EBC21}.AppStore|iPhone.ActiveCfg = AppStore|iPhone
		{A512BBDD-8D6F-4BE2-93F0-361B1F8EBC21}.AppStore|iPhone.Build.0 = AppStore|iPhone
		{A512BBDD-8D6F-4BE2-93F0-361B1F8EBC21}.Debug|Any CPU.ActiveCfg = Debug|iPhoneSimulator
		{A512BBDD-8D6F-4BE2-93F0-361B1F8EBC21}.Debug|Any CPU.Build.0 = Debug|iPhoneSimulator
		{A512BBDD-8D6F-4BE2-93F0-361B1F8EBC21}.Debug|iPhone.ActiveCfg = Debug|iPhone
		{A512BBDD-8D6F-4BE2-93F0-361B1F8EBC21}.Debug|iPhone.Build.0 = Debug|iPhone
		{A512BBDD-8D6F-4BE2-93F0-361B1F8EBC21}.Debug|iPhoneSimulator.ActiveCfg = Debug|iPhoneSimulator
		{A512BBDD-8D6F-4BE2-93F0-361B1F8EBC21}.Debug|iPhoneSimulator.Build.0 = Debug|iPhoneSimulator
		{A512BBDD-8D6F-4BE2-93F0-361B1F8EBC21}.Release|Any CPU.ActiveCfg = Release|iPhoneSimulator
		{A512BBDD-8D6F-4BE2-93F0-361B1F8EBC21}.Release|Any CPU.Build.0 = Release|iPhoneSimulator
		{A512BBDD-8D6F-4BE2-93F0-361B1F8EBC21}.Release|iPhone.ActiveCfg = Release|iPhone
		{A512BBDD-8D6F-4BE2-93F0-361B1F8EBC21}.Release|iPhone.Build.0 = Release|iPhone
		{A512BBDD-8D6F-4BE2-93F0-361B1F8EBC21}.Release|iPhoneSimulator.ActiveCfg = Release|iPhoneSimulator
		{A512BBDD-8D6F-4BE2-93F0-361B1F8EBC21}.Release|iPhoneSimulator.Build.0 = Release|iPhoneSimulator
		{EC3AB862-124B-4B9C-93C4-E31EF70B41EF}.Ad-Hoc|iPhone.ActiveCfg = Debug|Any CPU
		{EC3AB862-124B-4B9C-93C4-E31EF70B41EF}.Ad-Hoc|iPhone.Build.0 = Debug|Any CPU
		{EC3AB862-124B-4B9C-93C4-E31EF70B41EF}.AppStore|iPhone.ActiveCfg = Debug|Any CPU
		{EC3AB862-124B-4B9C-93C4-E31EF70B41EF}.AppStore|iPhone.Build.0 = Debug|Any CPU
		{EC3AB862-124B-4B9C-93C4-E31EF70B41EF}.Debug|Any CPU.ActiveCfg = Debug|Any CPU
		{EC3AB862-124B-4B9C-93C4-E31EF70B41EF}.Debug|Any CPU.Build.0 = Debug|Any CPU
		{EC3AB862-124B-4B9C-93C4-E31EF70B41EF}.Debug|iPhone.ActiveCfg = Debug|Any CPU
		{EC3AB862-124B-4B9C-93C4-E31EF70B41EF}.Debug|iPhone.Build.0 = Debug|Any CPU
		{EC3AB862-124B-4B9C-93C4-E31EF70B41EF}.Debug|iPhoneSimulator.ActiveCfg = Debug|Any CPU
		{EC3AB862-124B-4B9C-93C4-E31EF70B41EF}.Debug|iPhoneSimulator.Build.0 = Debug|Any CPU
		{EC3AB862-124B-4B9C-93C4-E31EF70B41EF}.Release|Any CPU.ActiveCfg = Release|Any CPU
		{EC3AB862-124B-4B9C-93C4-E31EF70B41EF}.Release|Any CPU.Build.0 = Release|Any CPU
		{EC3AB862-124B-4B9C-93C4-E31EF70B41EF}.Release|iPhone.ActiveCfg = Release|Any CPU
		{EC3AB862-124B-4B9C-93C4-E31EF70B41EF}.Release|iPhone.Build.0 = Release|Any CPU
		{EC3AB862-124B-4B9C-93C4-E31EF70B41EF}.Release|iPhoneSimulator.ActiveCfg = Release|Any CPU
		{EC3AB862-124B-4B9C-93C4-E31EF70B41EF}.Release|iPhoneSimulator.Build.0 = Release|Any CPU
	EndGlobalSection
	GlobalSection(SolutionProperties) = preSolution
		HideSolutionNode = FALSE
	EndGlobalSection
EndGlobal
