Microsoft Visual Studio Solution File, Format Version 12.00
# Visual Studio 2012
Project("{FAE04EC0-301F-11D3-BF4B-00C04F79EFBC}") = "MasterDetailPageSample", "MasterDetailPageSample\MasterDetailPageSample\MasterDetailPageSample.csproj", "{BB2132B1-7C92-43B1-9F24-E79D63FFF873}"
EndProject
Project("{FAE04EC0-301F-11D3-BF4B-00C04F79EFBC}") = "MasterDetailPageSample.iOS", "MasterDetailPageSample\MasterDetailPageSample.iOS\MasterDetailPageSample.iOS.csproj", "{B8E8974A-A179-44BA-A291-9369C1A4A616}"
EndProject
Project("{FAE04EC0-301F-11D3-BF4B-00C04F79EFBC}") = "MasterDetailPageSample.Android", "MasterDetailPageSample\MasterDetailPageSample.Android\MasterDetailPageSample.Android.csproj", "{5AFFA44C-3FA9-45D8-845C-856C5D29370C}"
EndProject
Global
	GlobalSection(SolutionConfigurationPlatforms) = preSolution
		Ad-Hoc|Any CPU = Ad-Hoc|Any CPU
		Ad-Hoc|iPhone = Ad-Hoc|iPhone
		Ad-Hoc|iPhoneSimulator = Ad-Hoc|iPhoneSimulator
		Ad-Hoc|Mixed Platforms = Ad-Hoc|Mixed Platforms
		AppStore|Any CPU = AppStore|Any CPU
		AppStore|iPhone = AppStore|iPhone
		AppStore|iPhoneSimulator = AppStore|iPhoneSimulator
		AppStore|Mixed Platforms = AppStore|Mixed Platforms
		Debug|Any CPU = Debug|Any CPU
		Debug|iPhone = Debug|iPhone
		Debug|iPhoneSimulator = Debug|iPhoneSimulator
		Debug|Mixed Platforms = Debug|Mixed Platforms
		Release|Any CPU = Release|Any CPU
		Release|iPhone = Release|iPhone
		Release|iPhoneSimulator = Release|iPhoneSimulator
		Release|Mixed Platforms = Release|Mixed Platforms
	EndGlobalSection
	GlobalSection(ProjectConfigurationPlatforms) = postSolution
		{BB2132B1-7C92-43B1-9F24-E79D63FFF873}.Ad-Hoc|Any CPU.ActiveCfg = Release|Any CPU
		{BB2132B1-7C92-43B1-9F24-E79D63FFF873}.Ad-Hoc|Any CPU.Build.0 = Release|Any CPU
		{BB2132B1-7C92-43B1-9F24-E79D63FFF873}.Ad-Hoc|iPhone.ActiveCfg = Release|Any CPU
		{BB2132B1-7C92-43B1-9F24-E79D63FFF873}.Ad-Hoc|iPhoneSimulator.ActiveCfg = Release|Any CPU
		{BB2132B1-7C92-43B1-9F24-E79D63FFF873}.Ad-Hoc|Mixed Platforms.ActiveCfg = Release|Any CPU
		{BB2132B1-7C92-43B1-9F24-E79D63FFF873}.Ad-Hoc|Mixed Platforms.Build.0 = Release|Any CPU
		{BB2132B1-7C92-43B1-9F24-E79D63FFF873}.AppStore|Any CPU.ActiveCfg = Release|Any CPU
		{BB2132B1-7C92-43B1-9F24-E79D63FFF873}.AppStore|Any CPU.Build.0 = Release|Any CPU
		{BB2132B1-7C92-43B1-9F24-E79D63FFF873}.AppStore|iPhone.ActiveCfg = Release|Any CPU
		{BB2132B1-7C92-43B1-9F24-E79D63FFF873}.AppStore|iPhoneSimulator.ActiveCfg = Release|Any CPU
		{BB2132B1-7C92-43B1-9F24-E79D63FFF873}.AppStore|Mixed Platforms.ActiveCfg = Release|Any CPU
		{BB2132B1-7C92-43B1-9F24-E79D63FFF873}.AppStore|Mixed Platforms.Build.0 = Release|Any CPU
		{BB2132B1-7C92-43B1-9F24-E79D63FFF873}.Debug|Any CPU.ActiveCfg = Debug|Any CPU
		{BB2132B1-7C92-43B1-9F24-E79D63FFF873}.Debug|Any CPU.Build.0 = Debug|Any CPU
		{BB2132B1-7C92-43B1-9F24-E79D63FFF873}.Debug|iPhone.ActiveCfg = Debug|Any CPU
		{BB2132B1-7C92-43B1-9F24-E79D63FFF873}.Debug|iPhoneSimulator.ActiveCfg = Debug|Any CPU
		{BB2132B1-7C92-43B1-9F24-E79D63FFF873}.Debug|Mixed Platforms.ActiveCfg = Debug|Any CPU
		{BB2132B1-7C92-43B1-9F24-E79D63FFF873}.Debug|Mixed Platforms.Build.0 = Debug|Any CPU
		{BB2132B1-7C92-43B1-9F24-E79D63FFF873}.Release|Any CPU.ActiveCfg = Release|Any CPU
		{BB2132B1-7C92-43B1-9F24-E79D63FFF873}.Release|Any CPU.Build.0 = Release|Any CPU
		{BB2132B1-7C92-43B1-9F24-E79D63FFF873}.Release|iPhone.ActiveCfg = Release|Any CPU
		{BB2132B1-7C92-43B1-9F24-E79D63FFF873}.Release|iPhoneSimulator.ActiveCfg = Release|Any CPU
		{BB2132B1-7C92-43B1-9F24-E79D63FFF873}.Release|Mixed Platforms.ActiveCfg = Release|Any CPU
		{BB2132B1-7C92-43B1-9F24-E79D63FFF873}.Release|Mixed Platforms.Build.0 = Release|Any CPU
		{B8E8974A-A179-44BA-A291-9369C1A4A616}.Ad-Hoc|Any CPU.ActiveCfg = Ad-Hoc|iPhone
		{B8E8974A-A179-44BA-A291-9369C1A4A616}.Ad-Hoc|iPhone.ActiveCfg = Ad-Hoc|iPhone
		{B8E8974A-A179-44BA-A291-9369C1A4A616}.Ad-Hoc|iPhone.Build.0 = Ad-Hoc|iPhone
		{B8E8974A-A179-44BA-A291-9369C1A4A616}.Ad-Hoc|iPhoneSimulator.ActiveCfg = Ad-Hoc|iPhoneSimulator
		{B8E8974A-A179-44BA-A291-9369C1A4A616}.Ad-Hoc|iPhoneSimulator.Build.0 = Ad-Hoc|iPhoneSimulator
		{B8E8974A-A179-44BA-A291-9369C1A4A616}.Ad-Hoc|Mixed Platforms.ActiveCfg = Ad-Hoc|iPhone
		{B8E8974A-A179-44BA-A291-9369C1A4A616}.Ad-Hoc|Mixed Platforms.Build.0 = Ad-Hoc|iPhone
		{B8E8974A-A179-44BA-A291-9369C1A4A616}.AppStore|Any CPU.ActiveCfg = AppStore|iPhone
		{B8E8974A-A179-44BA-A291-9369C1A4A616}.AppStore|iPhone.ActiveCfg = AppStore|iPhone
		{B8E8974A-A179-44BA-A291-9369C1A4A616}.AppStore|iPhone.Build.0 = AppStore|iPhone
		{B8E8974A-A179-44BA-A291-9369C1A4A616}.AppStore|iPhoneSimulator.ActiveCfg = AppStore|iPhoneSimulator
		{B8E8974A-A179-44BA-A291-9369C1A4A616}.AppStore|iPhoneSimulator.Build.0 = AppStore|iPhoneSimulator
		{B8E8974A-A179-44BA-A291-9369C1A4A616}.AppStore|Mixed Platforms.ActiveCfg = AppStore|iPhone
		{B8E8974A-A179-44BA-A291-9369C1A4A616}.AppStore|Mixed Platforms.Build.0 = AppStore|iPhone
		{B8E8974A-A179-44BA-A291-9369C1A4A616}.Debug|Any CPU.ActiveCfg = Debug|iPhone
		{B8E8974A-A179-44BA-A291-9369C1A4A616}.Debug|iPhone.ActiveCfg = Debug|iPhone
		{B8E8974A-A179-44BA-A291-9369C1A4A616}.Debug|iPhone.Build.0 = Debug|iPhone
		{B8E8974A-A179-44BA-A291-9369C1A4A616}.Debug|iPhoneSimulator.ActiveCfg = Debug|iPhoneSimulator
		{B8E8974A-A179-44BA-A291-9369C1A4A616}.Debug|iPhoneSimulator.Build.0 = Debug|iPhoneSimulator
		{B8E8974A-A179-44BA-A291-9369C1A4A616}.Debug|Mixed Platforms.ActiveCfg = Debug|iPhone
		{B8E8974A-A179-44BA-A291-9369C1A4A616}.Debug|Mixed Platforms.Build.0 = Debug|iPhone
		{B8E8974A-A179-44BA-A291-9369C1A4A616}.Release|Any CPU.ActiveCfg = Release|iPhone
		{B8E8974A-A179-44BA-A291-9369C1A4A616}.Release|iPhone.ActiveCfg = Release|iPhone
		{B8E8974A-A179-44BA-A291-9369C1A4A616}.Release|iPhone.Build.0 = Release|iPhone
		{B8E8974A-A179-44BA-A291-9369C1A4A616}.Release|iPhoneSimulator.ActiveCfg = Release|iPhoneSimulator
		{B8E8974A-A179-44BA-A291-9369C1A4A616}.Release|iPhoneSimulator.Build.0 = Release|iPhoneSimulator
		{B8E8974A-A179-44BA-A291-9369C1A4A616}.Release|Mixed Platforms.ActiveCfg = Release|iPhone
		{B8E8974A-A179-44BA-A291-9369C1A4A616}.Release|Mixed Platforms.Build.0 = Release|iPhone
		{5AFFA44C-3FA9-45D8-845C-856C5D29370C}.Ad-Hoc|Any CPU.ActiveCfg = Release|Any CPU
		{5AFFA44C-3FA9-45D8-845C-856C5D29370C}.Ad-Hoc|Any CPU.Build.0 = Release|Any CPU
		{5AFFA44C-3FA9-45D8-845C-856C5D29370C}.Ad-Hoc|Any CPU.Deploy.0 = Release|Any CPU
		{5AFFA44C-3FA9-45D8-845C-856C5D29370C}.Ad-Hoc|iPhone.ActiveCfg = Release|Any CPU
		{5AFFA44C-3FA9-45D8-845C-856C5D29370C}.Ad-Hoc|iPhoneSimulator.ActiveCfg = Release|Any CPU
		{5AFFA44C-3FA9-45D8-845C-856C5D29370C}.Ad-Hoc|Mixed Platforms.ActiveCfg = Release|Any CPU
		{5AFFA44C-3FA9-45D8-845C-856C5D29370C}.Ad-Hoc|Mixed Platforms.Build.0 = Release|Any CPU
		{5AFFA44C-3FA9-45D8-845C-856C5D29370C}.Ad-Hoc|Mixed Platforms.Deploy.0 = Release|Any CPU
		{5AFFA44C-3FA9-45D8-845C-856C5D29370C}.AppStore|Any CPU.ActiveCfg = Release|Any CPU
		{5AFFA44C-3FA9-45D8-845C-856C5D29370C}.AppStore|Any CPU.Build.0 = Release|Any CPU
		{5AFFA44C-3FA9-45D8-845C-856C5D29370C}.AppStore|Any CPU.Deploy.0 = Release|Any CPU
		{5AFFA44C-3FA9-45D8-845C-856C5D29370C}.AppStore|iPhone.ActiveCfg = Release|Any CPU
		{5AFFA44C-3FA9-45D8-845C-856C5D29370C}.AppStore|iPhoneSimulator.ActiveCfg = Release|Any CPU
		{5AFFA44C-3FA9-45D8-845C-856C5D29370C}.AppStore|Mixed Platforms.ActiveCfg = Release|Any CPU
		{5AFFA44C-3FA9-45D8-845C-856C5D29370C}.AppStore|Mixed Platforms.Build.0 = Release|Any CPU
		{5AFFA44C-3FA9-45D8-845C-856C5D29370C}.AppStore|Mixed Platforms.Deploy.0 = Release|Any CPU
		{5AFFA44C-3FA9-45D8-845C-856C5D29370C}.Debug|Any CPU.ActiveCfg = Debug|Any CPU
		{5AFFA44C-3FA9-45D8-845C-856C5D29370C}.Debug|Any CPU.Build.0 = Debug|Any CPU
		{5AFFA44C-3FA9-45D8-845C-856C5D29370C}.Debug|Any CPU.Deploy.0 = Debug|Any CPU
		{5AFFA44C-3FA9-45D8-845C-856C5D29370C}.Debug|iPhone.ActiveCfg = Debug|Any CPU
		{5AFFA44C-3FA9-45D8-845C-856C5D29370C}.Debug|iPhoneSimulator.ActiveCfg = Debug|Any CPU
		{5AFFA44C-3FA9-45D8-845C-856C5D29370C}.Debug|Mixed Platforms.ActiveCfg = Debug|Any CPU
		{5AFFA44C-3FA9-45D8-845C-856C5D29370C}.Debug|Mixed Platforms.Build.0 = Debug|Any CPU
		{5AFFA44C-3FA9-45D8-845C-856C5D29370C}.Debug|Mixed Platforms.Deploy.0 = Debug|Any CPU
		{5AFFA44C-3FA9-45D8-845C-856C5D29370C}.Release|Any CPU.ActiveCfg = Release|Any CPU
		{5AFFA44C-3FA9-45D8-845C-856C5D29370C}.Release|Any CPU.Build.0 = Release|Any CPU
		{5AFFA44C-3FA9-45D8-845C-856C5D29370C}.Release|Any CPU.Deploy.0 = Release|Any CPU
		{5AFFA44C-3FA9-45D8-845C-856C5D29370C}.Release|iPhone.ActiveCfg = Release|Any CPU
		{5AFFA44C-3FA9-45D8-845C-856C5D29370C}.Release|iPhoneSimulator.ActiveCfg = Release|Any CPU
		{5AFFA44C-3FA9-45D8-845C-856C5D29370C}.Release|Mixed Platforms.ActiveCfg = Release|Any CPU
		{5AFFA44C-3FA9-45D8-845C-856C5D29370C}.Release|Mixed Platforms.Build.0 = Release|Any CPU
		{5AFFA44C-3FA9-45D8-845C-856C5D29370C}.Release|Mixed Platforms.Deploy.0 = Release|Any CPU
	EndGlobalSection
	GlobalSection(SolutionProperties) = preSolution
		HideSolutionNode = FALSE
	EndGlobalSection
EndGlobal
