
Microsoft Visual Studio Solution File, Format Version 12.00
# Visual Studio 2012
VisualStudioVersion = 12.0.31101.0
MinimumVisualStudioVersion = 10.0.40219.1
Project("{FAE04EC0-301F-11D3-BF4B-00C04F79EFBC}") = "AudioPlayer", "AudioPlayer\AudioPlayer\AudioPlayer.csproj", "{E14838EA-32BA-4916-893F-B8C9EDBAEE39}"
EndProject
Project("{FAE04EC0-301F-11D3-BF4B-00C04F79EFBC}") = "AudioPlayer.iOS", "AudioPlayer\AudioPlayer.iOS\AudioPlayer.iOS.csproj", "{A228DD86-76D4-4AFD-8247-C2560809AB4A}"
EndProject
Project("{FAE04EC0-301F-11D3-BF4B-00C04F79EFBC}") = "AudioPlayer.Droid", "AudioPlayer\AudioPlayer.Droid\AudioPlayer.Droid.csproj", "{B5EF80DF-23FA-4D42-AB5E-C3AC6B86EB86}"
EndProject
Project("{FAE04EC0-301F-11D3-BF4B-00C04F79EFBC}") = "AudioPlayer.WinPhone", "AudioPlayer\AudioPlayer.WinPhone\AudioPlayer.WinPhone.csproj", "{5967DC84-5495-40CA-86C3-822C10432623}"
EndProject
Global
	GlobalSection(SolutionConfigurationPlatforms) = preSolution
		Ad-Hoc|Any CPU = Ad-Hoc|Any CPU
		Ad-Hoc|ARM = Ad-Hoc|ARM
		Ad-Hoc|iPhone = Ad-Hoc|iPhone
		Ad-Hoc|iPhoneSimulator = Ad-Hoc|iPhoneSimulator
		Ad-Hoc|Mixed Platforms = Ad-Hoc|Mixed Platforms
		Ad-Hoc|x86 = Ad-Hoc|x86
		AppStore|Any CPU = AppStore|Any CPU
		AppStore|ARM = AppStore|ARM
		AppStore|iPhone = AppStore|iPhone
		AppStore|iPhoneSimulator = AppStore|iPhoneSimulator
		AppStore|Mixed Platforms = AppStore|Mixed Platforms
		AppStore|x86 = AppStore|x86
		Debug|Any CPU = Debug|Any CPU
		Debug|ARM = Debug|ARM
		Debug|iPhone = Debug|iPhone
		Debug|iPhoneSimulator = Debug|iPhoneSimulator
		Debug|Mixed Platforms = Debug|Mixed Platforms
		Debug|x86 = Debug|x86
		Release|Any CPU = Release|Any CPU
		Release|ARM = Release|ARM
		Release|iPhone = Release|iPhone
		Release|iPhoneSimulator = Release|iPhoneSimulator
		Release|Mixed Platforms = Release|Mixed Platforms
		Release|x86 = Release|x86
	EndGlobalSection
	GlobalSection(ProjectConfigurationPlatforms) = postSolution
		{5967DC84-5495-40CA-86C3-822C10432623}.Ad-Hoc|Any CPU.ActiveCfg = Release|Any CPU
		{5967DC84-5495-40CA-86C3-822C10432623}.Ad-Hoc|Any CPU.Build.0 = Release|Any CPU
		{5967DC84-5495-40CA-86C3-822C10432623}.Ad-Hoc|Any CPU.Deploy.0 = Release|Any CPU
		{5967DC84-5495-40CA-86C3-822C10432623}.Ad-Hoc|ARM.ActiveCfg = Release|ARM
		{5967DC84-5495-40CA-86C3-822C10432623}.Ad-Hoc|ARM.Build.0 = Release|ARM
		{5967DC84-5495-40CA-86C3-822C10432623}.Ad-Hoc|ARM.Deploy.0 = Release|ARM
		{5967DC84-5495-40CA-86C3-822C10432623}.Ad-Hoc|iPhone.ActiveCfg = Release|Any CPU
		{5967DC84-5495-40CA-86C3-822C10432623}.Ad-Hoc|iPhoneSimulator.ActiveCfg = Release|Any CPU
		{5967DC84-5495-40CA-86C3-822C10432623}.Ad-Hoc|Mixed Platforms.ActiveCfg = Release|x86
		{5967DC84-5495-40CA-86C3-822C10432623}.Ad-Hoc|Mixed Platforms.Build.0 = Release|x86
		{5967DC84-5495-40CA-86C3-822C10432623}.Ad-Hoc|Mixed Platforms.Deploy.0 = Release|x86
		{5967DC84-5495-40CA-86C3-822C10432623}.Ad-Hoc|x86.ActiveCfg = Release|x86
		{5967DC84-5495-40CA-86C3-822C10432623}.Ad-Hoc|x86.Build.0 = Release|x86
		{5967DC84-5495-40CA-86C3-822C10432623}.Ad-Hoc|x86.Deploy.0 = Release|x86
		{5967DC84-5495-40CA-86C3-822C10432623}.AppStore|Any CPU.ActiveCfg = Release|Any CPU
		{5967DC84-5495-40CA-86C3-822C10432623}.AppStore|Any CPU.Build.0 = Release|Any CPU
		{5967DC84-5495-40CA-86C3-822C10432623}.AppStore|Any CPU.Deploy.0 = Release|Any CPU
		{5967DC84-5495-40CA-86C3-822C10432623}.AppStore|ARM.ActiveCfg = Release|ARM
		{5967DC84-5495-40CA-86C3-822C10432623}.AppStore|ARM.Build.0 = Release|ARM
		{5967DC84-5495-40CA-86C3-822C10432623}.AppStore|ARM.Deploy.0 = Release|ARM
		{5967DC84-5495-40CA-86C3-822C10432623}.AppStore|iPhone.ActiveCfg = Release|Any CPU
		{5967DC84-5495-40CA-86C3-822C10432623}.AppStore|iPhoneSimulator.ActiveCfg = Release|Any CPU
		{5967DC84-5495-40CA-86C3-822C10432623}.AppStore|Mixed Platforms.ActiveCfg = Release|x86
		{5967DC84-5495-40CA-86C3-822C10432623}.AppStore|Mixed Platforms.Build.0 = Release|x86
		{5967DC84-5495-40CA-86C3-822C10432623}.AppStore|Mixed Platforms.Deploy.0 = Release|x86
		{5967DC84-5495-40CA-86C3-822C10432623}.AppStore|x86.ActiveCfg = Release|x86
		{5967DC84-5495-40CA-86C3-822C10432623}.AppStore|x86.Build.0 = Release|x86
		{5967DC84-5495-40CA-86C3-822C10432623}.AppStore|x86.Deploy.0 = Release|x86
		{5967DC84-5495-40CA-86C3-822C10432623}.Debug|Any CPU.ActiveCfg = Debug|Any CPU
		{5967DC84-5495-40CA-86C3-822C10432623}.Debug|Any CPU.Build.0 = Debug|Any CPU
		{5967DC84-5495-40CA-86C3-822C10432623}.Debug|Any CPU.Deploy.0 = Debug|Any CPU
		{5967DC84-5495-40CA-86C3-822C10432623}.Debug|ARM.ActiveCfg = Debug|ARM
		{5967DC84-5495-40CA-86C3-822C10432623}.Debug|ARM.Build.0 = Debug|ARM
		{5967DC84-5495-40CA-86C3-822C10432623}.Debug|ARM.Deploy.0 = Debug|ARM
		{5967DC84-5495-40CA-86C3-822C10432623}.Debug|iPhone.ActiveCfg = Debug|Any CPU
		{5967DC84-5495-40CA-86C3-822C10432623}.Debug|iPhoneSimulator.ActiveCfg = Debug|Any CPU
		{5967DC84-5495-40CA-86C3-822C10432623}.Debug|Mixed Platforms.ActiveCfg = Debug|x86
		{5967DC84-5495-40CA-86C3-822C10432623}.Debug|Mixed Platforms.Build.0 = Debug|x86
		{5967DC84-5495-40CA-86C3-822C10432623}.Debug|Mixed Platforms.Deploy.0 = Debug|x86
		{5967DC84-5495-40CA-86C3-822C10432623}.Debug|x86.ActiveCfg = Debug|x86
		{5967DC84-5495-40CA-86C3-822C10432623}.Debug|x86.Build.0 = Debug|x86
		{5967DC84-5495-40CA-86C3-822C10432623}.Debug|x86.Deploy.0 = Debug|x86
		{5967DC84-5495-40CA-86C3-822C10432623}.Release|Any CPU.ActiveCfg = Release|Any CPU
		{5967DC84-5495-40CA-86C3-822C10432623}.Release|Any CPU.Build.0 = Release|Any CPU
		{5967DC84-5495-40CA-86C3-822C10432623}.Release|Any CPU.Deploy.0 = Release|Any CPU
		{5967DC84-5495-40CA-86C3-822C10432623}.Release|ARM.ActiveCfg = Release|ARM
		{5967DC84-5495-40CA-86C3-822C10432623}.Release|ARM.Build.0 = Release|ARM
		{5967DC84-5495-40CA-86C3-822C10432623}.Release|ARM.Deploy.0 = Release|ARM
		{5967DC84-5495-40CA-86C3-822C10432623}.Release|iPhone.ActiveCfg = Release|Any CPU
		{5967DC84-5495-40CA-86C3-822C10432623}.Release|iPhoneSimulator.ActiveCfg = Release|Any CPU
		{5967DC84-5495-40CA-86C3-822C10432623}.Release|Mixed Platforms.ActiveCfg = Release|x86
		{5967DC84-5495-40CA-86C3-822C10432623}.Release|Mixed Platforms.Build.0 = Release|x86
		{5967DC84-5495-40CA-86C3-822C10432623}.Release|Mixed Platforms.Deploy.0 = Release|x86
		{5967DC84-5495-40CA-86C3-822C10432623}.Release|x86.ActiveCfg = Release|x86
		{5967DC84-5495-40CA-86C3-822C10432623}.Release|x86.Build.0 = Release|x86
		{5967DC84-5495-40CA-86C3-822C10432623}.Release|x86.Deploy.0 = Release|x86
		{A228DD86-76D4-4AFD-8247-C2560809AB4A}.Ad-Hoc|Any CPU.ActiveCfg = Ad-Hoc|iPhone
		{A228DD86-76D4-4AFD-8247-C2560809AB4A}.Ad-Hoc|ARM.ActiveCfg = Ad-Hoc|iPhone
		{A228DD86-76D4-4AFD-8247-C2560809AB4A}.Ad-Hoc|iPhone.ActiveCfg = Ad-Hoc|iPhone
		{A228DD86-76D4-4AFD-8247-C2560809AB4A}.Ad-Hoc|iPhone.Build.0 = Ad-Hoc|iPhone
		{A228DD86-76D4-4AFD-8247-C2560809AB4A}.Ad-Hoc|iPhoneSimulator.ActiveCfg = Ad-Hoc|iPhoneSimulator
		{A228DD86-76D4-4AFD-8247-C2560809AB4A}.Ad-Hoc|iPhoneSimulator.Build.0 = Ad-Hoc|iPhoneSimulator
		{A228DD86-76D4-4AFD-8247-C2560809AB4A}.Ad-Hoc|Mixed Platforms.ActiveCfg = Ad-Hoc|iPhone
		{A228DD86-76D4-4AFD-8247-C2560809AB4A}.Ad-Hoc|Mixed Platforms.Build.0 = Ad-Hoc|iPhone
		{A228DD86-76D4-4AFD-8247-C2560809AB4A}.Ad-Hoc|x86.ActiveCfg = Ad-Hoc|iPhone
		{A228DD86-76D4-4AFD-8247-C2560809AB4A}.AppStore|Any CPU.ActiveCfg = AppStore|iPhone
		{A228DD86-76D4-4AFD-8247-C2560809AB4A}.AppStore|ARM.ActiveCfg = AppStore|iPhone
		{A228DD86-76D4-4AFD-8247-C2560809AB4A}.AppStore|iPhone.ActiveCfg = AppStore|iPhone
		{A228DD86-76D4-4AFD-8247-C2560809AB4A}.AppStore|iPhone.Build.0 = AppStore|iPhone
		{A228DD86-76D4-4AFD-8247-C2560809AB4A}.AppStore|iPhoneSimulator.ActiveCfg = AppStore|iPhoneSimulator
		{A228DD86-76D4-4AFD-8247-C2560809AB4A}.AppStore|iPhoneSimulator.Build.0 = AppStore|iPhoneSimulator
		{A228DD86-76D4-4AFD-8247-C2560809AB4A}.AppStore|Mixed Platforms.ActiveCfg = AppStore|iPhone
		{A228DD86-76D4-4AFD-8247-C2560809AB4A}.AppStore|Mixed Platforms.Build.0 = AppStore|iPhone
		{A228DD86-76D4-4AFD-8247-C2560809AB4A}.AppStore|x86.ActiveCfg = AppStore|iPhone
		{A228DD86-76D4-4AFD-8247-C2560809AB4A}.Debug|Any CPU.ActiveCfg = Debug|iPhone
		{A228DD86-76D4-4AFD-8247-C2560809AB4A}.Debug|Any CPU.Build.0 = Debug|iPhone
		{A228DD86-76D4-4AFD-8247-C2560809AB4A}.Debug|ARM.ActiveCfg = Debug|iPhone
		{A228DD86-76D4-4AFD-8247-C2560809AB4A}.Debug|iPhone.ActiveCfg = Debug|iPhone
		{A228DD86-76D4-4AFD-8247-C2560809AB4A}.Debug|iPhone.Build.0 = Debug|iPhone
		{A228DD86-76D4-4AFD-8247-C2560809AB4A}.Debug|iPhoneSimulator.ActiveCfg = Debug|iPhoneSimulator
		{A228DD86-76D4-4AFD-8247-C2560809AB4A}.Debug|iPhoneSimulator.Build.0 = Debug|iPhoneSimulator
		{A228DD86-76D4-4AFD-8247-C2560809AB4A}.Debug|Mixed Platforms.ActiveCfg = Debug|iPhone
		{A228DD86-76D4-4AFD-8247-C2560809AB4A}.Debug|Mixed Platforms.Build.0 = Debug|iPhone
		{A228DD86-76D4-4AFD-8247-C2560809AB4A}.Debug|x86.ActiveCfg = Debug|iPhone
		{A228DD86-76D4-4AFD-8247-C2560809AB4A}.Release|Any CPU.ActiveCfg = Release|iPhone
		{A228DD86-76D4-4AFD-8247-C2560809AB4A}.Release|ARM.ActiveCfg = Release|iPhone
		{A228DD86-76D4-4AFD-8247-C2560809AB4A}.Release|iPhone.ActiveCfg = Release|iPhone
		{A228DD86-76D4-4AFD-8247-C2560809AB4A}.Release|iPhone.Build.0 = Release|iPhone
		{A228DD86-76D4-4AFD-8247-C2560809AB4A}.Release|iPhoneSimulator.ActiveCfg = Release|iPhoneSimulator
		{A228DD86-76D4-4AFD-8247-C2560809AB4A}.Release|iPhoneSimulator.Build.0 = Release|iPhoneSimulator
		{A228DD86-76D4-4AFD-8247-C2560809AB4A}.Release|Mixed Platforms.ActiveCfg = Release|iPhone
		{A228DD86-76D4-4AFD-8247-C2560809AB4A}.Release|Mixed Platforms.Build.0 = Release|iPhone
		{A228DD86-76D4-4AFD-8247-C2560809AB4A}.Release|x86.ActiveCfg = Release|iPhone
		{B5EF80DF-23FA-4D42-AB5E-C3AC6B86EB86}.Ad-Hoc|Any CPU.ActiveCfg = Release|Any CPU
		{B5EF80DF-23FA-4D42-AB5E-C3AC6B86EB86}.Ad-Hoc|Any CPU.Build.0 = Release|Any CPU
		{B5EF80DF-23FA-4D42-AB5E-C3AC6B86EB86}.Ad-Hoc|Any CPU.Deploy.0 = Release|Any CPU
		{B5EF80DF-23FA-4D42-AB5E-C3AC6B86EB86}.Ad-Hoc|ARM.ActiveCfg = Release|Any CPU
		{B5EF80DF-23FA-4D42-AB5E-C3AC6B86EB86}.Ad-Hoc|iPhone.ActiveCfg = Release|Any CPU
		{B5EF80DF-23FA-4D42-AB5E-C3AC6B86EB86}.Ad-Hoc|iPhoneSimulator.ActiveCfg = Release|Any CPU
		{B5EF80DF-23FA-4D42-AB5E-C3AC6B86EB86}.Ad-Hoc|Mixed Platforms.ActiveCfg = Release|Any CPU
		{B5EF80DF-23FA-4D42-AB5E-C3AC6B86EB86}.Ad-Hoc|Mixed Platforms.Build.0 = Release|Any CPU
		{B5EF80DF-23FA-4D42-AB5E-C3AC6B86EB86}.Ad-Hoc|Mixed Platforms.Deploy.0 = Release|Any CPU
		{B5EF80DF-23FA-4D42-AB5E-C3AC6B86EB86}.Ad-Hoc|x86.ActiveCfg = Release|Any CPU
		{B5EF80DF-23FA-4D42-AB5E-C3AC6B86EB86}.AppStore|Any CPU.ActiveCfg = Release|Any CPU
		{B5EF80DF-23FA-4D42-AB5E-C3AC6B86EB86}.AppStore|Any CPU.Build.0 = Release|Any CPU
		{B5EF80DF-23FA-4D42-AB5E-C3AC6B86EB86}.AppStore|Any CPU.Deploy.0 = Release|Any CPU
		{B5EF80DF-23FA-4D42-AB5E-C3AC6B86EB86}.AppStore|ARM.ActiveCfg = Release|Any CPU
		{B5EF80DF-23FA-4D42-AB5E-C3AC6B86EB86}.AppStore|iPhone.ActiveCfg = Release|Any CPU
		{B5EF80DF-23FA-4D42-AB5E-C3AC6B86EB86}.AppStore|iPhoneSimulator.ActiveCfg = Release|Any CPU
		{B5EF80DF-23FA-4D42-AB5E-C3AC6B86EB86}.AppStore|Mixed Platforms.ActiveCfg = Release|Any CPU
		{B5EF80DF-23FA-4D42-AB5E-C3AC6B86EB86}.AppStore|Mixed Platforms.Build.0 = Release|Any CPU
		{B5EF80DF-23FA-4D42-AB5E-C3AC6B86EB86}.AppStore|Mixed Platforms.Deploy.0 = Release|Any CPU
		{B5EF80DF-23FA-4D42-AB5E-C3AC6B86EB86}.AppStore|x86.ActiveCfg = Release|Any CPU
		{B5EF80DF-23FA-4D42-AB5E-C3AC6B86EB86}.Debug|Any CPU.ActiveCfg = Debug|Any CPU
		{B5EF80DF-23FA-4D42-AB5E-C3AC6B86EB86}.Debug|Any CPU.Build.0 = Debug|Any CPU
		{B5EF80DF-23FA-4D42-AB5E-C3AC6B86EB86}.Debug|Any CPU.Deploy.0 = Debug|Any CPU
		{B5EF80DF-23FA-4D42-AB5E-C3AC6B86EB86}.Debug|ARM.ActiveCfg = Debug|Any CPU
		{B5EF80DF-23FA-4D42-AB5E-C3AC6B86EB86}.Debug|iPhone.ActiveCfg = Debug|Any CPU
		{B5EF80DF-23FA-4D42-AB5E-C3AC6B86EB86}.Debug|iPhoneSimulator.ActiveCfg = Debug|Any CPU
		{B5EF80DF-23FA-4D42-AB5E-C3AC6B86EB86}.Debug|Mixed Platforms.ActiveCfg = Debug|Any CPU
		{B5EF80DF-23FA-4D42-AB5E-C3AC6B86EB86}.Debug|Mixed Platforms.Build.0 = Debug|Any CPU
		{B5EF80DF-23FA-4D42-AB5E-C3AC6B86EB86}.Debug|Mixed Platforms.Deploy.0 = Debug|Any CPU
		{B5EF80DF-23FA-4D42-AB5E-C3AC6B86EB86}.Debug|x86.ActiveCfg = Debug|Any CPU
		{B5EF80DF-23FA-4D42-AB5E-C3AC6B86EB86}.Release|Any CPU.ActiveCfg = Release|Any CPU
		{B5EF80DF-23FA-4D42-AB5E-C3AC6B86EB86}.Release|Any CPU.Build.0 = Release|Any CPU
		{B5EF80DF-23FA-4D42-AB5E-C3AC6B86EB86}.Release|Any CPU.Deploy.0 = Release|Any CPU
		{B5EF80DF-23FA-4D42-AB5E-C3AC6B86EB86}.Release|ARM.ActiveCfg = Release|Any CPU
		{B5EF80DF-23FA-4D42-AB5E-C3AC6B86EB86}.Release|iPhone.ActiveCfg = Release|Any CPU
		{B5EF80DF-23FA-4D42-AB5E-C3AC6B86EB86}.Release|iPhoneSimulator.ActiveCfg = Release|Any CPU
		{B5EF80DF-23FA-4D42-AB5E-C3AC6B86EB86}.Release|Mixed Platforms.ActiveCfg = Release|Any CPU
		{B5EF80DF-23FA-4D42-AB5E-C3AC6B86EB86}.Release|Mixed Platforms.Build.0 = Release|Any CPU
		{B5EF80DF-23FA-4D42-AB5E-C3AC6B86EB86}.Release|Mixed Platforms.Deploy.0 = Release|Any CPU
		{B5EF80DF-23FA-4D42-AB5E-C3AC6B86EB86}.Release|x86.ActiveCfg = Release|Any CPU
		{E14838EA-32BA-4916-893F-B8C9EDBAEE39}.Ad-Hoc|Any CPU.ActiveCfg = Release|Any CPU
		{E14838EA-32BA-4916-893F-B8C9EDBAEE39}.Ad-Hoc|Any CPU.Build.0 = Release|Any CPU
		{E14838EA-32BA-4916-893F-B8C9EDBAEE39}.Ad-Hoc|ARM.ActiveCfg = Release|Any CPU
		{E14838EA-32BA-4916-893F-B8C9EDBAEE39}.Ad-Hoc|iPhone.ActiveCfg = Release|Any CPU
		{E14838EA-32BA-4916-893F-B8C9EDBAEE39}.Ad-Hoc|iPhone.Build.0 = Release|Any CPU
		{E14838EA-32BA-4916-893F-B8C9EDBAEE39}.Ad-Hoc|iPhoneSimulator.ActiveCfg = Release|Any CPU
		{E14838EA-32BA-4916-893F-B8C9EDBAEE39}.Ad-Hoc|iPhoneSimulator.Build.0 = Release|Any CPU
		{E14838EA-32BA-4916-893F-B8C9EDBAEE39}.Ad-Hoc|Mixed Platforms.ActiveCfg = Release|Any CPU
		{E14838EA-32BA-4916-893F-B8C9EDBAEE39}.Ad-Hoc|Mixed Platforms.Build.0 = Release|Any CPU
		{E14838EA-32BA-4916-893F-B8C9EDBAEE39}.Ad-Hoc|x86.ActiveCfg = Release|Any CPU
		{E14838EA-32BA-4916-893F-B8C9EDBAEE39}.AppStore|Any CPU.ActiveCfg = Release|Any CPU
		{E14838EA-32BA-4916-893F-B8C9EDBAEE39}.AppStore|Any CPU.Build.0 = Release|Any CPU
		{E14838EA-32BA-4916-893F-B8C9EDBAEE39}.AppStore|ARM.ActiveCfg = Release|Any CPU
		{E14838EA-32BA-4916-893F-B8C9EDBAEE39}.AppStore|iPhone.ActiveCfg = Release|Any CPU
		{E14838EA-32BA-4916-893F-B8C9EDBAEE39}.AppStore|iPhone.Build.0 = Release|Any CPU
		{E14838EA-32BA-4916-893F-B8C9EDBAEE39}.AppStore|iPhoneSimulator.ActiveCfg = Release|Any CPU
		{E14838EA-32BA-4916-893F-B8C9EDBAEE39}.AppStore|iPhoneSimulator.Build.0 = Release|Any CPU
		{E14838EA-32BA-4916-893F-B8C9EDBAEE39}.AppStore|Mixed Platforms.ActiveCfg = Release|Any CPU
		{E14838EA-32BA-4916-893F-B8C9EDBAEE39}.AppStore|Mixed Platforms.Build.0 = Release|Any CPU
		{E14838EA-32BA-4916-893F-B8C9EDBAEE39}.AppStore|x86.ActiveCfg = Release|Any CPU
		{E14838EA-32BA-4916-893F-B8C9EDBAEE39}.Debug|Any CPU.ActiveCfg = Debug|Any CPU
		{E14838EA-32BA-4916-893F-B8C9EDBAEE39}.Debug|Any CPU.Build.0 = Debug|Any CPU
		{E14838EA-32BA-4916-893F-B8C9EDBAEE39}.Debug|ARM.ActiveCfg = Debug|Any CPU
		{E14838EA-32BA-4916-893F-B8C9EDBAEE39}.Debug|iPhone.ActiveCfg = Debug|Any CPU
		{E14838EA-32BA-4916-893F-B8C9EDBAEE39}.Debug|iPhone.Build.0 = Debug|Any CPU
		{E14838EA-32BA-4916-893F-B8C9EDBAEE39}.Debug|iPhoneSimulator.ActiveCfg = Debug|Any CPU
		{E14838EA-32BA-4916-893F-B8C9EDBAEE39}.Debug|iPhoneSimulator.Build.0 = Debug|Any CPU
		{E14838EA-32BA-4916-893F-B8C9EDBAEE39}.Debug|Mixed Platforms.ActiveCfg = Debug|Any CPU
		{E14838EA-32BA-4916-893F-B8C9EDBAEE39}.Debug|Mixed Platforms.Build.0 = Debug|Any CPU
		{E14838EA-32BA-4916-893F-B8C9EDBAEE39}.Debug|x86.ActiveCfg = Debug|Any CPU
		{E14838EA-32BA-4916-893F-B8C9EDBAEE39}.Release|Any CPU.ActiveCfg = Release|Any CPU
		{E14838EA-32BA-4916-893F-B8C9EDBAEE39}.Release|Any CPU.Build.0 = Release|Any CPU
		{E14838EA-32BA-4916-893F-B8C9EDBAEE39}.Release|ARM.ActiveCfg = Release|Any CPU
		{E14838EA-32BA-4916-893F-B8C9EDBAEE39}.Release|iPhone.ActiveCfg = Release|Any CPU
		{E14838EA-32BA-4916-893F-B8C9EDBAEE39}.Release|iPhone.Build.0 = Release|Any CPU
		{E14838EA-32BA-4916-893F-B8C9EDBAEE39}.Release|iPhoneSimulator.ActiveCfg = Release|Any CPU
		{E14838EA-32BA-4916-893F-B8C9EDBAEE39}.Release|iPhoneSimulator.Build.0 = Release|Any CPU
		{E14838EA-32BA-4916-893F-B8C9EDBAEE39}.Release|Mixed Platforms.ActiveCfg = Release|Any CPU
		{E14838EA-32BA-4916-893F-B8C9EDBAEE39}.Release|Mixed Platforms.Build.0 = Release|Any CPU
		{E14838EA-32BA-4916-893F-B8C9EDBAEE39}.Release|x86.ActiveCfg = Release|Any CPU
	EndGlobalSection
	GlobalSection(SolutionProperties) = preSolution
		HideSolutionNode = FALSE
	EndGlobalSection
EndGlobal
